{
  "version": 4,
  "terraform_version": "1.1.4",
  "serial": 502,
  "lineage": "190ef4e6-4c98-0ab1-9990-4922381d7c15",
  "outputs": {
    "api_eb_env_id": {
      "value": "e-3wygykmcvj",
      "type": "string"
    },
    "api_endpoint": {
      "value": "awseb-e-3-AWSEBLoa-1IZ6YI0M9XZO1-1479234452.eu-central-1.elb.amazonaws.com",
      "type": "string"
    },
    "api_instance_instances": {
      "value": [
        "i-06db33c6e08d52b72"
      ],
      "type": [
        "list",
        "string"
      ]
    },
    "cluster_end": {
      "value": "soi-db-cluster.cluster-cf8da6cn8poc.eu-central-1.rds.amazonaws.com",
      "type": "string"
    },
    "cluster_members": {
      "value": [
        "soi-rds-0",
        "soi-rds-1"
      ],
      "type": [
        "set",
        "string"
      ]
    },
    "web_endpoint": {
      "value": "awseb-e-e-AWSEBLoa-1MCE50M53EH6J-868149683.eu-central-1.elb.amazonaws.com",
      "type": "string"
    }
  },
  "resources": [
    {
      "mode": "managed",
      "type": "aws_acm_certificate",
      "name": "vpn_client_root",
      "provider": "provider[\"registry.terraform.io/hashicorp/aws\"]",
      "instances": [
        {
          "schema_version": 0,
          "attributes": {
            "arn": "arn:aws:acm:eu-central-1:923473058470:certificate/cf8e9c3f-c5c0-4767-95a3-9dd392472b5b",
            "certificate_authority_arn": "",
            "certificate_body": "Certificate:\n    Data:\n        Version: 3 (0x2)\n        Serial Number:\n            48:a7:7b:5d:ce:65:a4:af:dc:05:25:1b:30:f4:a4:20\n    Signature Algorithm: sha256WithRSAEncryption\n        Issuer: CN=commonNameCA\n        Validity\n            Not Before: Feb 22 09:10:27 2022 GMT\n            Not After : May 27 09:10:27 2024 GMT\n        Subject: CN=rdsserver\n        Subject Public Key Info:\n            Public Key Algorithm: rsaEncryption\n                Public-Key: (2048 bit)\n                Modulus:\n                    00:a0:c7:c2:e0:d3:10:d7:b9:32:ab:ce:9a:7c:34:\n                    ee:be:df:af:68:01:7d:c1:0f:d3:2f:ab:5c:42:e9:\n                    d4:64:f3:6f:d0:32:af:2a:21:e9:8f:fa:58:53:65:\n                    bd:56:b1:0e:e0:c9:b3:66:24:66:69:8b:23:69:d3:\n                    0c:46:ab:e6:82:e0:4e:7a:f8:32:76:67:29:54:b2:\n                    8a:f5:a5:a5:95:07:f9:c3:56:7c:d6:a5:a0:2e:bb:\n                    9d:e6:a6:1a:38:ab:4b:82:60:3d:73:0f:31:0f:b9:\n                    56:ae:5f:63:88:c6:cf:7f:24:8e:7f:7f:53:08:33:\n                    03:88:78:63:fa:9e:5a:81:ff:b1:c3:62:e1:f3:d0:\n                    06:47:86:03:82:bd:df:55:61:4a:40:b1:10:2d:27:\n                    b9:5f:ae:ad:34:8b:82:ce:75:8f:b3:29:47:9b:2e:\n                    69:78:76:5d:dd:23:66:06:c2:43:52:dc:74:46:5e:\n                    d3:08:89:af:3e:d4:58:58:85:31:09:fa:e7:f8:73:\n                    08:bf:c8:fe:96:13:5d:c4:d1:dc:61:55:9c:0a:5a:\n                    3d:97:36:18:59:03:3a:60:94:a2:61:41:da:02:4f:\n                    b8:d6:c0:31:09:db:02:7e:99:64:b9:3b:3e:c1:94:\n                    0b:50:3a:16:7d:76:73:26:94:0a:34:22:7b:d5:de:\n                    fc:9b\n                Exponent: 65537 (0x10001)\n        X509v3 extensions:\n            X509v3 Basic Constraints: \n                CA:FALSE\n            X509v3 Subject Key Identifier: \n                9C:3C:41:F5:44:14:6D:F9:44:DE:7C:FA:76:39:9E:BF:6C:97:6B:60\n            X509v3 Authority Key Identifier: \n                keyid:53:42:31:C7:53:C7:B5:EF:EB:B6:A9:FD:96:54:63:46:22:C7:AD:E5\n                DirName:/CN=commonNameCA\n                serial:A1:47:85:9B:97:DA:E2:71\n\n            X509v3 Extended Key Usage: \n                TLS Web Client Authentication\n            X509v3 Key Usage: \n                Digital Signature\n    Signature Algorithm: sha256WithRSAEncryption\n         91:d9:35:aa:58:26:7b:4b:56:af:38:2a:3a:7c:53:be:41:f7:\n         cc:db:c8:59:f0:4a:28:80:92:04:1e:20:b1:90:b3:5f:64:5b:\n         fb:b9:1c:6f:dd:9c:a5:10:35:da:3e:65:e7:cb:6c:7b:53:c2:\n         6f:84:20:12:11:69:f0:79:3a:53:95:dc:09:f2:37:10:be:82:\n         f0:a2:f2:aa:2a:05:2f:73:5e:7c:ad:55:21:30:27:29:68:fa:\n         70:3b:75:8a:e0:66:4e:3a:9e:3d:f9:d5:17:a4:7d:2f:f2:03:\n         bf:03:72:f9:ae:fb:d1:d9:f5:5c:96:99:9d:91:d3:bd:11:2e:\n         54:99:f6:6a:31:81:4a:be:ea:67:b9:1c:78:ff:f5:eb:40:bd:\n         74:cf:37:1a:1d:ab:ee:22:60:7a:8c:ff:a9:93:40:3a:64:36:\n         64:c3:1d:32:bf:fb:8d:9a:ff:22:8c:8b:53:95:a9:38:f3:6c:\n         d8:29:ba:6a:51:4b:a8:50:db:57:b8:42:48:f2:9e:44:c1:84:\n         7e:a1:de:08:d2:05:5f:48:e1:dc:21:04:ec:3d:7f:eb:b2:5a:\n         42:f7:be:ef:ce:04:0f:2d:4e:65:93:40:6d:aa:7b:6c:08:c7:\n         09:db:75:33:f2:8c:6a:17:7b:c1:39:88:b4:8a:c9:64:09:58:\n         0c:bf:ab:f4\n-----BEGIN CERTIFICATE-----\nMIIDTjCCAjagAwIBAgIQSKd7Xc5lpK/cBSUbMPSkIDANBgkqhkiG9w0BAQsFADAX\nMRUwEwYDVQQDDAxjb21tb25OYW1lQ0EwHhcNMjIwMjIyMDkxMDI3WhcNMjQwNTI3\nMDkxMDI3WjAUMRIwEAYDVQQDDAlyZHNzZXJ2ZXIwggEiMA0GCSqGSIb3DQEBAQUA\nA4IBDwAwggEKAoIBAQCgx8Lg0xDXuTKrzpp8NO6+369oAX3BD9Mvq1xC6dRk82/Q\nMq8qIemP+lhTZb1WsQ7gybNmJGZpiyNp0wxGq+aC4E56+DJ2ZylUsor1paWVB/nD\nVnzWpaAuu53mpho4q0uCYD1zDzEPuVauX2OIxs9/JI5/f1MIMwOIeGP6nlqB/7HD\nYuHz0AZHhgOCvd9VYUpAsRAtJ7lfrq00i4LOdY+zKUebLml4dl3dI2YGwkNS3HRG\nXtMIia8+1FhYhTEJ+uf4cwi/yP6WE13E0dxhVZwKWj2XNhhZAzpglKJhQdoCT7jW\nwDEJ2wJ+mWS5Oz7BlAtQOhZ9dnMmlAo0InvV3vybAgMBAAGjgZgwgZUwCQYDVR0T\nBAIwADAdBgNVHQ4EFgQUnDxB9UQUbflE3nz6djmev2yXa2AwRwYDVR0jBEAwPoAU\nU0Ixx1PHte/rtqn9llRjRiLHreWhG6QZMBcxFTATBgNVBAMMDGNvbW1vbk5hbWVD\nQYIJAKFHhZuX2uJxMBMGA1UdJQQMMAoGCCsGAQUFBwMCMAsGA1UdDwQEAwIHgDAN\nBgkqhkiG9w0BAQsFAAOCAQEAkdk1qlgme0tWrzgqOnxTvkH3zNvIWfBKKICSBB4g\nsZCzX2Rb+7kcb92cpRA12j5l58tse1PCb4QgEhFp8Hk6U5XcCfI3EL6C8KLyqioF\nL3NefK1VITAnKWj6cDt1iuBmTjqePfnVF6R9L/IDvwNy+a770dn1XJaZnZHTvREu\nVJn2ajGBSr7qZ7kceP/160C9dM83Gh2r7iJgeoz/qZNAOmQ2ZMMdMr/7jZr/IoyL\nU5WpOPNs2Cm6alFLqFDbV7hCSPKeRMGEfqHeCNIFX0jh3CEE7D1/67JaQve+784E\nDy1OZZNAbap7bAjHCdt1M/KMahd7wTmItIrJZAlYDL+r9A==\n-----END CERTIFICATE-----\n",
            "certificate_chain": "-----BEGIN CERTIFICATE-----\nMIIDODCCAiCgAwIBAgIJAKFHhZuX2uJxMA0GCSqGSIb3DQEBCwUAMBcxFTATBgNV\nBAMMDGNvbW1vbk5hbWVDQTAeFw0yMjAyMjIwOTAyNTdaFw0zMjAyMjAwOTAyNTda\nMBcxFTATBgNVBAMMDGNvbW1vbk5hbWVDQTCCASIwDQYJKoZIhvcNAQEBBQADggEP\nADCCAQoCggEBALMcy/yMH6YjHEdHeYKMzYztpN6SXbXc5LbpwGrqUwkZ0P738B4K\nE7AC6I2TR/aVQGHJ8cgOZQuv/q7MV9pWVtyOGPXi4QSJ6LZu+MUekk0EJI+V6HU6\nMoKXANtHdLuIJmQkZkrQI/ZZegekHffMJsz2A/rRWxYazpPIjbYZLQ6yLOhnPyPD\n9mnDQ11ezAy1b1b4pNHR1DT4F8r3oaC2QdALEHlkdU024batTB7W0y7dRNe0jYPE\nse/ewc0KLo/fiUNiE2HJb2soQ3OZ3kHD0gJcnvQwZmYoV5Tu3DX2160UchzRRw6d\nopV6ke4FwbBdEdhVj8aNJbBWvJCPbTp2uVkCAwEAAaOBhjCBgzAdBgNVHQ4EFgQU\nU0Ixx1PHte/rtqn9llRjRiLHreUwRwYDVR0jBEAwPoAUU0Ixx1PHte/rtqn9llRj\nRiLHreWhG6QZMBcxFTATBgNVBAMMDGNvbW1vbk5hbWVDQYIJAKFHhZuX2uJxMAwG\nA1UdEwQFMAMBAf8wCwYDVR0PBAQDAgEGMA0GCSqGSIb3DQEBCwUAA4IBAQCYkwCX\nkFjvoP97yzZllr2AMFno3iPW7VirbSbSEBFK0UEy/TF9pFLptbb4Jgm8pdcXIcFU\n/WE/7mcCwt8gjWHRmhhBtPVrX70J2uLGhRAkdKIGZ9XZDk4BBaiCzAf7mcImIhtQ\nLzqdEoChoQAnaoVEeY5LgIOTGKa1IwzLVeaBIp73eD5hzaXu5e0OAX7qPVPWlZBj\nt45sNAkwJ7vBVodZ+xkZD/EGAwuEngRWTqtwGPYPqr+/tAzrl0yZZtr0UR3nIRzf\n+kAcs4nOi9ks3RAsqmQqyuDcQ4gw03gdrkFYlkdQ/bbcUAvpnFm529+8RHtyoUBt\nrZEYtqDdLDRj6trc\n-----END CERTIFICATE-----\n",
            "domain_name": "",
            "domain_validation_options": [],
            "id": "arn:aws:acm:eu-central-1:923473058470:certificate/cf8e9c3f-c5c0-4767-95a3-9dd392472b5b",
            "options": [
              {
                "certificate_transparency_logging_preference": "DISABLED"
              }
            ],
            "private_key": "-----BEGIN PRIVATE KEY-----\nMIIEvAIBADANBgkqhkiG9w0BAQEFAASCBKYwggSiAgEAAoIBAQCgx8Lg0xDXuTKr\nzpp8NO6+369oAX3BD9Mvq1xC6dRk82/QMq8qIemP+lhTZb1WsQ7gybNmJGZpiyNp\n0wxGq+aC4E56+DJ2ZylUsor1paWVB/nDVnzWpaAuu53mpho4q0uCYD1zDzEPuVau\nX2OIxs9/JI5/f1MIMwOIeGP6nlqB/7HDYuHz0AZHhgOCvd9VYUpAsRAtJ7lfrq00\ni4LOdY+zKUebLml4dl3dI2YGwkNS3HRGXtMIia8+1FhYhTEJ+uf4cwi/yP6WE13E\n0dxhVZwKWj2XNhhZAzpglKJhQdoCT7jWwDEJ2wJ+mWS5Oz7BlAtQOhZ9dnMmlAo0\nInvV3vybAgMBAAECggEABUHi9nUQZO1yYbnUxWD5uZYY5z69PPXmgvWIg8ufnVl0\ne4tcvPT07TdTcg6unUoW4XTW/+0KyEK7erdi/GCcngT1rAG3rLV83X8lGhk7i98B\n5MhMNrydu0l5RVSDIP1A79dzyvJhOVFnKzaFS7CskkzAuBySu37ni6vcIRLShNOp\nVzg5wey1bALTukUaSvMe0gF2PEvHsohFZwQKKJU6VTqfv4fI1ol0GV8rL6yrbf2T\nzA/7e9OXlm6tq+wYIioidUDWUqULvFPPKltNJ0K+bvfAjupr7noophENI4XOrmaO\nevpIMUc7CrjMfQsP7P5CCzvbjmnOICVPPqxeCj/gqQKBgQDRHkylP77hXugRA7FQ\nCG1ovp/YgWz3xVITTG0nuUyorJ0fQheH7fpXZGwPppli/JsKh+NgeuML0QqTXKNP\nF76foOyyKrmTyvF+FNgcevoVDQzr2vQOMSy0LtYSveCOvrORDjaU0LxBMMcR6Zdg\noA4KLhUJHW7xp6ztXCzj4FzR9QKBgQDE0z/uUg4dxk12myRiYLvDRRwPNAewPoBy\nVOSEV0syeAnUtV4IzfGduiXFIfBcIwHEVjia1W/B403CSLjm0ChgyNsVxzBXorCw\nAOmuZEd+qWt6v9gZGZySWihB6+XeaZHG1ql8Qr7pNXiVuhJe5pu90cLDR0IYf1Qh\nvlJyfqgqTwKBgBPtRDZ29ZR6O7jrVikfNHXHvGmgI6cUmXaXUMt5P9HO6QYCgUWF\nqtZLDnULVhB1q7x8KHGYJCyLFevm5vTxeUuyxPtRUO/BZfOyvskv+saowLN04M69\nZtogoGuWxmAz0d6fsRnLLjU0FbQiQzeE6PGVZJHCyUCjzrmrj+eDCLVFAoGAJ63e\nyZDJP79mhm6oWxzdPXSFP5thoWo4QtRSbUub4UTJ1pPprSS3fPC2BJPe/PQhuw8W\nwkAdE51bY7t9ayqzuS9E25MYb9JghFrqwTl+IE7PWCOs0QKUyfxa+U8xPDFULh3A\ndUiPbDxXXvfwFCmxZAcRmISZEo84ysSvol1eUYkCgYBWyhXT5n+mFpxAF03qHPBp\nGpG7dq6cQhYob4Rflpzjb7rIR/pZVUvJ8GpmaziT+fHF37MUqqJFH3FZDdpT8HvM\n66SxMHXN9ZPFypBj2OO59c4/A3HsMwOd80nLd0XbA3+QcsvftHbSfm4aIcNK4poT\n70tQQvmvoC7Bm+mVX/boSg==\n-----END PRIVATE KEY-----\n",
            "status": "ISSUED",
            "subject_alternative_names": [],
            "tags": {
              "name": "client"
            },
            "tags_all": {
              "name": "client"
            },
            "validation_emails": [],
            "validation_method": "NONE"
          },
          "sensitive_attributes": [],
          "private": "bnVsbA=="
        }
      ]
    },
    {
      "mode": "managed",
      "type": "aws_acm_certificate",
      "name": "vpn_server",
      "provider": "provider[\"registry.terraform.io/hashicorp/aws\"]",
      "instances": [
        {
          "schema_version": 0,
          "attributes": {
            "arn": "arn:aws:acm:eu-central-1:923473058470:certificate/f6fe395e-8b7b-45bd-b266-930ed893d81d",
            "certificate_authority_arn": "",
            "certificate_body": "Certificate:\n    Data:\n        Version: 3 (0x2)\n        Serial Number:\n            84:1f:b0:c9:93:00:c8:fa:08:65:57:d0:4c:9d:05:ad\n    Signature Algorithm: sha256WithRSAEncryption\n        Issuer: CN=commonNameCA\n        Validity\n            Not Before: Feb 22 09:03:11 2022 GMT\n            Not After : May 27 09:03:11 2024 GMT\n        Subject: CN=server\n        Subject Public Key Info:\n            Public Key Algorithm: rsaEncryption\n                Public-Key: (2048 bit)\n                Modulus:\n                    00:c5:06:e4:d3:4f:75:53:83:88:c1:06:d2:f1:b6:\n                    06:f4:6f:e8:5c:ec:69:69:28:4b:bf:5c:f9:cf:98:\n                    58:66:78:5a:75:5c:8e:45:7b:08:de:24:00:ab:21:\n                    b8:fe:81:76:6f:a2:02:e2:c2:1b:75:40:ce:c2:c7:\n                    be:9c:21:78:54:47:19:e8:bb:30:12:a5:66:9f:65:\n                    ce:8e:2d:f3:47:56:a3:9b:6a:97:80:ba:1b:10:29:\n                    97:18:be:8c:62:a2:42:d6:3d:17:0d:90:d2:49:c4:\n                    3c:9b:d7:68:87:fd:a6:5f:c3:50:56:59:86:b9:7c:\n                    33:30:b7:6d:fc:ed:43:d4:47:04:ed:d6:62:00:97:\n                    6c:0d:c8:ae:40:d9:89:53:4a:70:17:b4:bb:6b:90:\n                    33:75:80:84:ee:ee:c1:ba:6e:67:7c:85:1e:0a:07:\n                    97:90:ea:86:8c:6f:e1:b5:87:0b:2c:57:9b:e9:cb:\n                    3f:07:67:0c:35:01:e0:b0:6e:27:ec:d4:47:28:5a:\n                    91:51:6e:9c:f4:60:8d:d5:ac:91:eb:9e:9a:47:4e:\n                    d3:a3:ef:19:eb:18:0e:7a:0b:0f:f0:8d:2f:e5:b1:\n                    68:32:cf:bf:5c:bb:b7:df:b2:77:84:c5:fa:a5:67:\n                    9d:3c:55:7a:30:9a:54:3f:8f:f7:ec:e1:ba:97:7e:\n                    c1:bf\n                Exponent: 65537 (0x10001)\n        X509v3 extensions:\n            X509v3 Basic Constraints: \n                CA:FALSE\n            X509v3 Subject Key Identifier: \n                04:A8:B9:92:0F:68:62:FB:87:85:44:04:50:FE:1D:3A:38:69:7C:AC\n            X509v3 Authority Key Identifier: \n                keyid:53:42:31:C7:53:C7:B5:EF:EB:B6:A9:FD:96:54:63:46:22:C7:AD:E5\n                DirName:/CN=commonNameCA\n                serial:A1:47:85:9B:97:DA:E2:71\n\n            X509v3 Extended Key Usage: \n                TLS Web Server Authentication\n            X509v3 Key Usage: \n                Digital Signature, Key Encipherment\n            X509v3 Subject Alternative Name: \n                DNS:server\n    Signature Algorithm: sha256WithRSAEncryption\n         77:21:75:06:6e:39:ad:6a:90:0d:5d:6b:51:a9:2a:fe:e0:9c:\n         f2:12:1f:32:c1:b8:07:ed:85:b1:35:79:0e:5c:2e:d1:5f:9a:\n         78:ee:8c:4d:0d:2c:91:e2:4f:09:6d:83:41:fe:77:c0:cf:ea:\n         82:b6:cb:77:a6:69:57:34:87:8b:a7:22:8b:60:2c:1d:fe:b9:\n         aa:8d:15:f7:1f:b3:47:43:e6:2f:54:c2:95:63:55:e0:2e:d3:\n         fb:8d:fc:8c:2c:eb:f3:56:3d:c3:e4:31:e0:d4:69:5e:64:34:\n         78:ed:fb:90:9e:61:24:d6:cc:cf:e4:99:f7:ad:1d:1a:7c:74:\n         10:46:e5:98:9a:ee:19:6c:5b:a2:b2:df:f4:db:c8:91:6f:d0:\n         7d:42:99:83:79:6d:f4:91:d0:fc:21:78:29:34:3d:0d:b8:16:\n         65:64:6a:ab:84:f1:ca:1e:1d:c5:5e:66:2b:b2:07:f0:5d:04:\n         8a:37:2b:7c:01:a8:02:9e:2d:4b:5d:0a:0d:ad:e8:67:3b:51:\n         0a:0c:ba:9b:a3:e7:5e:31:4e:b2:17:90:18:9a:ec:fa:97:56:\n         81:84:a2:2e:9d:11:73:4d:95:2a:c5:4f:54:b7:52:da:30:42:\n         4b:6b:51:29:bd:f3:5b:0d:3b:6c:94:52:8f:cf:40:7e:c5:b0:\n         06:a6:20:35\n-----BEGIN CERTIFICATE-----\nMIIDXzCCAkegAwIBAgIRAIQfsMmTAMj6CGVX0EydBa0wDQYJKoZIhvcNAQELBQAw\nFzEVMBMGA1UEAwwMY29tbW9uTmFtZUNBMB4XDTIyMDIyMjA5MDMxMVoXDTI0MDUy\nNzA5MDMxMVowETEPMA0GA1UEAwwGc2VydmVyMIIBIjANBgkqhkiG9w0BAQEFAAOC\nAQ8AMIIBCgKCAQEAxQbk0091U4OIwQbS8bYG9G/oXOxpaShLv1z5z5hYZnhadVyO\nRXsI3iQAqyG4/oF2b6IC4sIbdUDOwse+nCF4VEcZ6LswEqVmn2XOji3zR1ajm2qX\ngLobECmXGL6MYqJC1j0XDZDSScQ8m9doh/2mX8NQVlmGuXwzMLdt/O1D1EcE7dZi\nAJdsDciuQNmJU0pwF7S7a5AzdYCE7u7Bum5nfIUeCgeXkOqGjG/htYcLLFeb6cs/\nB2cMNQHgsG4n7NRHKFqRUW6c9GCN1ayR656aR07To+8Z6xgOegsP8I0v5bFoMs+/\nXLu337J3hMX6pWedPFV6MJpUP4/37OG6l37BvwIDAQABo4GrMIGoMAkGA1UdEwQC\nMAAwHQYDVR0OBBYEFASouZIPaGL7h4VEBFD+HTo4aXysMEcGA1UdIwRAMD6AFFNC\nMcdTx7Xv67ap/ZZUY0Yix63loRukGTAXMRUwEwYDVQQDDAxjb21tb25OYW1lQ0GC\nCQChR4Wbl9ricTATBgNVHSUEDDAKBggrBgEFBQcDATALBgNVHQ8EBAMCBaAwEQYD\nVR0RBAowCIIGc2VydmVyMA0GCSqGSIb3DQEBCwUAA4IBAQB3IXUGbjmtapANXWtR\nqSr+4JzyEh8ywbgH7YWxNXkOXC7RX5p47oxNDSyR4k8JbYNB/nfAz+qCtst3pmlX\nNIeLpyKLYCwd/rmqjRX3H7NHQ+YvVMKVY1XgLtP7jfyMLOvzVj3D5DHg1GleZDR4\n7fuQnmEk1szP5Jn3rR0afHQQRuWYmu4ZbFuist/028iRb9B9QpmDeW30kdD8IXgp\nND0NuBZlZGqrhPHKHh3FXmYrsgfwXQSKNyt8AagCni1LXQoNrehnO1EKDLqbo+de\nMU6yF5AYmuz6l1aBhKIunRFzTZUqxU9Ut1LaMEJLa1EpvfNbDTtslFKPz0B+xbAG\npiA1\n-----END CERTIFICATE-----\n",
            "certificate_chain": "-----BEGIN CERTIFICATE-----\nMIIDODCCAiCgAwIBAgIJAKFHhZuX2uJxMA0GCSqGSIb3DQEBCwUAMBcxFTATBgNV\nBAMMDGNvbW1vbk5hbWVDQTAeFw0yMjAyMjIwOTAyNTdaFw0zMjAyMjAwOTAyNTda\nMBcxFTATBgNVBAMMDGNvbW1vbk5hbWVDQTCCASIwDQYJKoZIhvcNAQEBBQADggEP\nADCCAQoCggEBALMcy/yMH6YjHEdHeYKMzYztpN6SXbXc5LbpwGrqUwkZ0P738B4K\nE7AC6I2TR/aVQGHJ8cgOZQuv/q7MV9pWVtyOGPXi4QSJ6LZu+MUekk0EJI+V6HU6\nMoKXANtHdLuIJmQkZkrQI/ZZegekHffMJsz2A/rRWxYazpPIjbYZLQ6yLOhnPyPD\n9mnDQ11ezAy1b1b4pNHR1DT4F8r3oaC2QdALEHlkdU024batTB7W0y7dRNe0jYPE\nse/ewc0KLo/fiUNiE2HJb2soQ3OZ3kHD0gJcnvQwZmYoV5Tu3DX2160UchzRRw6d\nopV6ke4FwbBdEdhVj8aNJbBWvJCPbTp2uVkCAwEAAaOBhjCBgzAdBgNVHQ4EFgQU\nU0Ixx1PHte/rtqn9llRjRiLHreUwRwYDVR0jBEAwPoAUU0Ixx1PHte/rtqn9llRj\nRiLHreWhG6QZMBcxFTATBgNVBAMMDGNvbW1vbk5hbWVDQYIJAKFHhZuX2uJxMAwG\nA1UdEwQFMAMBAf8wCwYDVR0PBAQDAgEGMA0GCSqGSIb3DQEBCwUAA4IBAQCYkwCX\nkFjvoP97yzZllr2AMFno3iPW7VirbSbSEBFK0UEy/TF9pFLptbb4Jgm8pdcXIcFU\n/WE/7mcCwt8gjWHRmhhBtPVrX70J2uLGhRAkdKIGZ9XZDk4BBaiCzAf7mcImIhtQ\nLzqdEoChoQAnaoVEeY5LgIOTGKa1IwzLVeaBIp73eD5hzaXu5e0OAX7qPVPWlZBj\nt45sNAkwJ7vBVodZ+xkZD/EGAwuEngRWTqtwGPYPqr+/tAzrl0yZZtr0UR3nIRzf\n+kAcs4nOi9ks3RAsqmQqyuDcQ4gw03gdrkFYlkdQ/bbcUAvpnFm529+8RHtyoUBt\nrZEYtqDdLDRj6trc\n-----END CERTIFICATE-----\n",
            "domain_name": "server",
            "domain_validation_options": [],
            "id": "arn:aws:acm:eu-central-1:923473058470:certificate/f6fe395e-8b7b-45bd-b266-930ed893d81d",
            "options": [
              {
                "certificate_transparency_logging_preference": "DISABLED"
              }
            ],
            "private_key": "-----BEGIN PRIVATE KEY-----\nMIIEvAIBADANBgkqhkiG9w0BAQEFAASCBKYwggSiAgEAAoIBAQDFBuTTT3VTg4jB\nBtLxtgb0b+hc7GlpKEu/XPnPmFhmeFp1XI5FewjeJACrIbj+gXZvogLiwht1QM7C\nx76cIXhURxnouzASpWafZc6OLfNHVqObapeAuhsQKZcYvoxiokLWPRcNkNJJxDyb\n12iH/aZfw1BWWYa5fDMwt2387UPURwTt1mIAl2wNyK5A2YlTSnAXtLtrkDN1gITu\n7sG6bmd8hR4KB5eQ6oaMb+G1hwssV5vpyz8HZww1AeCwbifs1EcoWpFRbpz0YI3V\nrJHrnppHTtOj7xnrGA56Cw/wjS/lsWgyz79cu7ffsneExfqlZ508VXowmlQ/j/fs\n4bqXfsG/AgMBAAECggEAE/P/xnqciime9tVnFX12tNiEcqyqfDDNgwK6ddCa2z3D\nA3GtItIz8rM4shwHLRcVVHbWzfoUZ8p5ZfZukkc9dWOB9zTFyI2hl/DqezGiGo5m\noT2pPCscxIVBvQrHEtIV7LZhGEmbUkciUDH/bw48BCS2hRgp8aznTj61T9EDdoLR\nOs5fpWEUqIWyWh6kOpuQpIveB4nd2zxEUufsN5+ThhrapMKLhqqP0Ue4F5xSDiAu\nEQWEm/gktT6OMT6KGlZA5SvEHjJI5hfA5F9s7OFxj8GRaqWYhaskcfTfhZfhVXmp\nKJXb3BJueeRA5xexYNY+m6TJcSXa26DjJcDGDKn2wQKBgQDhFVIb9ZRXj522jKVi\nsFj4I7kMT+y0d2UO5S+R1iqSEpmEIMN8C0S8suxGSZWUTL1VB9LIyacSwcxwlo/+\nC31xS7Y8S4BSmEFuMtyk6xSShekI3RKUFJkxpWf5hJxkPV8YMAFthxp1df9acOpi\nMuetPh+cLop5pH9c1apFXSNhIQKBgQDgFwSfYm0I78lFPXEeht77q8HhqORbu/O/\n0ad19IzYFmXr7e0KT5r4QegmJrDyZrXFY9GYjRnvmWxO+clcLrM+fYmNYLaDH2xY\nNzlA4jUn1uCFOU2R3K4R5sDikDiUhmDyAJtPj7oUE2zh7xN3t9PaKm/WS9aJRy5u\nKylFa7pm3wKBgFfk84Nnit4GfxfiJFM9egCsMn7UVyLB3PzMEp9oeodALCKkiLHP\n1K+7TvjDk12t+eFShMVTuaJhe2wb327dHcc4QZmaAio+uo5F3lOoWQg+spl7et3I\njWoNpWSSnF+od5ICbQxQTczAn065+U0Pg9jrAX0Dz59g1TtzVGJx1HcBAoGAH+pn\nWCP2j41HRztG/ygKXiHKTU92prIQN0Ou7BfWb3hRL9cFKbDIy47nd3ePQBbs0J40\n3dtK1Fsvl9fvm9dy4/WRP7eEhwxUrAPBfcI5++CYvaC5sYqSqC4LTrlntY+mAxGf\nDSfVQsK5gTxBs41U+P+OSiEm/wpKTJqNGDwNolUCgYBx58t8l7zX8LoDClSab/9E\nD3mmp/aCkyp9CgWdoAG/hR3WnXG4V2Wbz8HnfJqZBoX7MZXnMCbpNQEnM/6Unp6h\nRIVyv1qE4I5H3zvCeEi8//iH/mXHLoKZMu9YdIOk2t7sXke7DF4xqrIQKwaYUNan\nLZOm6/mHQEUdFOU6OsEpwg==\n-----END PRIVATE KEY-----\n",
            "status": "ISSUED",
            "subject_alternative_names": [],
            "tags": {
              "name": "server"
            },
            "tags_all": {
              "name": "server"
            },
            "validation_emails": [],
            "validation_method": "NONE"
          },
          "sensitive_attributes": [],
          "private": "bnVsbA=="
        }
      ]
    },
    {
      "mode": "managed",
      "type": "aws_db_subnet_group",
      "name": "tf_db_subnet_group",
      "provider": "provider[\"registry.terraform.io/hashicorp/aws\"]",
      "instances": [
        {
          "schema_version": 0,
          "attributes": {
            "arn": "arn:aws:rds:eu-central-1:923473058470:subgrp:soi-db_subnet_group",
            "description": "Managed by Terraform",
            "id": "soi-db_subnet_group",
            "name": "soi-db_subnet_group",
            "name_prefix": null,
            "subnet_ids": [
              "subnet-0ab1828ebab83d7c9",
              "subnet-0ced4b1356f030f6e",
              "subnet-0f883aa2e439e95eb"
            ],
            "tags": {},
            "tags_all": {}
          },
          "sensitive_attributes": [],
          "private": "bnVsbA==",
          "dependencies": [
            "aws_subnet.tf_db_subnet",
            "aws_vpc.tf_eb_vpc"
          ]
        }
      ]
    },
    {
      "mode": "managed",
      "type": "aws_ec2_client_vpn_authorization_rule",
      "name": "vpn_auth_rule",
      "provider": "provider[\"registry.terraform.io/hashicorp/aws\"]",
      "instances": [
        {
          "schema_version": 0,
          "attributes": {
            "access_group_id": "",
            "authorize_all_groups": true,
            "client_vpn_endpoint_id": "cvpn-endpoint-0d089b9beb64e6503",
            "description": "",
            "id": "cvpn-endpoint-0d089b9beb64e6503,10.0.0.0/23",
            "target_network_cidr": "10.0.0.0/23"
          },
          "sensitive_attributes": [],
          "private": "bnVsbA==",
          "dependencies": [
            "aws_acm_certificate.vpn_client_root",
            "aws_acm_certificate.vpn_server",
            "aws_ec2_client_vpn_endpoint.vpn",
            "aws_vpc.tf_eb_vpc"
          ]
        }
      ]
    },
    {
      "mode": "managed",
      "type": "aws_ec2_client_vpn_endpoint",
      "name": "vpn",
      "provider": "provider[\"registry.terraform.io/hashicorp/aws\"]",
      "instances": [
        {
          "schema_version": 0,
          "attributes": {
            "arn": "arn:aws:ec2:eu-central-1:923473058470:client-vpn-endpoint/cvpn-endpoint-0d089b9beb64e6503",
            "authentication_options": [
              {
                "active_directory_id": "",
                "root_certificate_chain_arn": "arn:aws:acm:eu-central-1:923473058470:certificate/cf8e9c3f-c5c0-4767-95a3-9dd392472b5b",
                "saml_provider_arn": "",
                "self_service_saml_provider_arn": "",
                "type": "certificate-authentication"
              }
            ],
            "client_cidr_block": "10.20.0.0/22",
            "connection_log_options": [
              {
                "cloudwatch_log_group": "",
                "cloudwatch_log_stream": "",
                "enabled": false
              }
            ],
            "description": "VPN endpoint",
            "dns_name": "*.cvpn-endpoint-0d089b9beb64e6503.prod.clientvpn.eu-central-1.amazonaws.com",
            "dns_servers": [],
            "id": "cvpn-endpoint-0d089b9beb64e6503",
            "self_service_portal": "disabled",
            "server_certificate_arn": "arn:aws:acm:eu-central-1:923473058470:certificate/f6fe395e-8b7b-45bd-b266-930ed893d81d",
            "split_tunnel": true,
            "status": "available",
            "tags": {},
            "tags_all": {},
            "transport_protocol": "udp"
          },
          "sensitive_attributes": [],
          "private": "bnVsbA==",
          "dependencies": [
            "aws_acm_certificate.vpn_client_root",
            "aws_acm_certificate.vpn_server"
          ]
        }
      ]
    },
    {
      "mode": "managed",
      "type": "aws_ec2_client_vpn_network_association",
      "name": "vpn_subnets",
      "provider": "provider[\"registry.terraform.io/hashicorp/aws\"]",
      "instances": [
        {
          "index_key": 0,
          "schema_version": 0,
          "attributes": {
            "association_id": "cvpn-assoc-0811c604866326b21",
            "client_vpn_endpoint_id": "cvpn-endpoint-0d089b9beb64e6503",
            "id": "cvpn-assoc-0811c604866326b21",
            "security_groups": [
              "sg-0aae990ba79ad5b90"
            ],
            "status": "associated",
            "subnet_id": "subnet-0f883aa2e439e95eb",
            "vpc_id": "vpc-0eb25ccf3cd2360d9"
          },
          "sensitive_attributes": [],
          "private": "bnVsbA==",
          "dependencies": [
            "aws_acm_certificate.vpn_client_root",
            "aws_acm_certificate.vpn_server",
            "aws_ec2_client_vpn_endpoint.vpn",
            "aws_security_group.vpn_access",
            "aws_subnet.tf_db_subnet",
            "aws_vpc.tf_eb_vpc"
          ]
        },
        {
          "index_key": 1,
          "schema_version": 0,
          "attributes": {
            "association_id": "cvpn-assoc-0e56982ee34fbd5bd",
            "client_vpn_endpoint_id": "cvpn-endpoint-0d089b9beb64e6503",
            "id": "cvpn-assoc-0e56982ee34fbd5bd",
            "security_groups": [
              "sg-0aae990ba79ad5b90"
            ],
            "status": "associated",
            "subnet_id": "subnet-0ced4b1356f030f6e",
            "vpc_id": "vpc-0eb25ccf3cd2360d9"
          },
          "sensitive_attributes": [],
          "private": "bnVsbA==",
          "dependencies": [
            "aws_acm_certificate.vpn_client_root",
            "aws_acm_certificate.vpn_server",
            "aws_ec2_client_vpn_endpoint.vpn",
            "aws_security_group.vpn_access",
            "aws_subnet.tf_db_subnet",
            "aws_vpc.tf_eb_vpc"
          ]
        },
        {
          "index_key": 2,
          "schema_version": 0,
          "attributes": {
            "association_id": "cvpn-assoc-08d068e50855f05f1",
            "client_vpn_endpoint_id": "cvpn-endpoint-0d089b9beb64e6503",
            "id": "cvpn-assoc-08d068e50855f05f1",
            "security_groups": [
              "sg-0aae990ba79ad5b90"
            ],
            "status": "associated",
            "subnet_id": "subnet-0ab1828ebab83d7c9",
            "vpc_id": "vpc-0eb25ccf3cd2360d9"
          },
          "sensitive_attributes": [],
          "private": "bnVsbA==",
          "dependencies": [
            "aws_acm_certificate.vpn_client_root",
            "aws_acm_certificate.vpn_server",
            "aws_ec2_client_vpn_endpoint.vpn",
            "aws_security_group.vpn_access",
            "aws_subnet.tf_db_subnet",
            "aws_vpc.tf_eb_vpc"
          ]
        }
      ]
    },
    {
      "mode": "managed",
      "type": "aws_eip",
      "name": "tf_nat_eip",
      "provider": "provider[\"registry.terraform.io/hashicorp/aws\"]",
      "instances": [
        {
          "schema_version": 0,
          "attributes": {
            "address": null,
            "allocation_id": "eipalloc-09e2cd10c79222baf",
            "associate_with_private_ip": null,
            "association_id": "eipassoc-095a0c1457c349b3f",
            "carrier_ip": "",
            "customer_owned_ip": "",
            "customer_owned_ipv4_pool": "",
            "domain": "vpc",
            "id": "eipalloc-09e2cd10c79222baf",
            "instance": "",
            "network_border_group": "eu-central-1",
            "network_interface": "eni-0fe96836e146cb116",
            "private_dns": "ip-10-0-0-211.eu-central-1.compute.internal",
            "private_ip": "10.0.0.211",
            "public_dns": "ec2-3-71-169-113.eu-central-1.compute.amazonaws.com",
            "public_ip": "3.71.169.113",
            "public_ipv4_pool": "amazon",
            "tags": {
              "Name": "soi-nat-eip",
              "Network": "NAT"
            },
            "tags_all": {
              "Name": "soi-nat-eip",
              "Network": "NAT"
            },
            "timeouts": null,
            "vpc": true
          },
          "sensitive_attributes": [],
          "private": "eyJlMmJmYjczMC1lY2FhLTExZTYtOGY4OC0zNDM2M2JjN2M0YzAiOnsiZGVsZXRlIjoxODAwMDAwMDAwMDAsInJlYWQiOjkwMDAwMDAwMDAwMCwidXBkYXRlIjozMDAwMDAwMDAwMDB9fQ==",
          "create_before_destroy": true
        }
      ]
    },
    {
      "mode": "managed",
      "type": "aws_elastic_beanstalk_application",
      "name": "api_tf_eb_app",
      "provider": "provider[\"registry.terraform.io/hashicorp/aws\"]",
      "instances": [
        {
          "schema_version": 0,
          "attributes": {
            "appversion_lifecycle": [],
            "arn": "arn:aws:elasticbeanstalk:eu-central-1:923473058470:application/soi-api-app",
            "description": "SOI live EBS app",
            "id": "soi-api-app",
            "name": "soi-api-app",
            "tags": {},
            "tags_all": {}
          },
          "sensitive_attributes": [],
          "private": "bnVsbA=="
        }
      ]
    },
    {
      "mode": "managed",
      "type": "aws_elastic_beanstalk_application",
      "name": "web_tf_eb_app",
      "provider": "provider[\"registry.terraform.io/hashicorp/aws\"]",
      "instances": [
        {
          "schema_version": 0,
          "attributes": {
            "appversion_lifecycle": [],
            "arn": "arn:aws:elasticbeanstalk:eu-central-1:923473058470:application/soi-web-app",
            "description": "SOI live EBS app",
            "id": "soi-web-app",
            "name": "soi-web-app",
            "tags": {},
            "tags_all": {}
          },
          "sensitive_attributes": [],
          "private": "bnVsbA=="
        }
      ]
    },
    {
      "mode": "managed",
      "type": "aws_elastic_beanstalk_application_version",
      "name": "api_eb_app_ver",
      "provider": "provider[\"registry.terraform.io/hashicorp/aws\"]",
      "instances": [
        {
          "schema_version": 0,
          "attributes": {
            "application": "soi-api-app",
            "arn": "arn:aws:elasticbeanstalk:eu-central-1:923473058470:applicationversion/soi-api-app/soi-api-app-version-label",
            "bucket": "soi-app-bucket",
            "description": "",
            "force_delete": false,
            "id": "soi-api-app-version-label",
            "key": "soi-api-beanstalk/backend.zip",
            "name": "soi-api-app-version-label",
            "tags": {},
            "tags_all": {}
          },
          "sensitive_attributes": [],
          "private": "bnVsbA==",
          "dependencies": [
            "aws_elastic_beanstalk_application.api_tf_eb_app",
            "aws_s3_bucket.tf_app_bucket",
            "aws_s3_bucket_object.api_tf_bucket_obj"
          ]
        }
      ]
    },
    {
      "mode": "managed",
      "type": "aws_elastic_beanstalk_application_version",
      "name": "web_eb_app_ver",
      "provider": "provider[\"registry.terraform.io/hashicorp/aws\"]",
      "instances": [
        {
          "schema_version": 0,
          "attributes": {
            "application": "soi-web-app",
            "arn": "arn:aws:elasticbeanstalk:eu-central-1:923473058470:applicationversion/soi-web-app/soi-web-app-version-label-11",
            "bucket": "soi-app-bucket",
            "description": "",
            "force_delete": false,
            "id": "soi-web-app-version-label-11",
            "key": "soi-web-beanstalk/frontend.zip",
            "name": "soi-web-app-version-label-11",
            "tags": {},
            "tags_all": {}
          },
          "sensitive_attributes": [],
          "private": "bnVsbA==",
          "dependencies": [
            "aws_elastic_beanstalk_application.web_tf_eb_app",
            "aws_s3_bucket.tf_app_bucket",
            "aws_s3_bucket_object.web_tf_bucket_obj"
          ]
        }
      ]
    },
    {
      "mode": "managed",
      "type": "aws_elastic_beanstalk_environment",
      "name": "api_eb_env",
      "provider": "provider[\"registry.terraform.io/hashicorp/aws\"]",
      "instances": [
        {
          "schema_version": 1,
          "attributes": {
            "all_settings": [
              {
                "name": "AWS_ACCESS_KEY_ID",
                "namespace": "aws:elasticbeanstalk:application:environment",
                "resource": "",
                "value": "AKIA5OA2ITKTNS52YK4I"
              },
              {
                "name": "AWS_KEY_ID",
                "namespace": "aws:elasticbeanstalk:application:environment",
                "resource": "",
                "value": "AKIA5OA2ITKTAGYPDOMD"
              },
              {
                "name": "AWS_LOG_BUCKET_NAME",
                "namespace": "aws:elasticbeanstalk:application:environment",
                "resource": "",
                "value": "soi-logs"
              },
              {
                "name": "AWS_PRIVATE_BUCKET_NAME",
                "namespace": "aws:elasticbeanstalk:application:environment",
                "resource": "",
                "value": "soi-private-bucket-live"
              },
              {
                "name": "AWS_PUBLIC_BUCKET_NAME",
                "namespace": "aws:elasticbeanstalk:application:environment",
                "resource": "",
                "value": "soi-public-bucket-live"
              },
              {
                "name": "AWS_REGION",
                "namespace": "aws:elasticbeanstalk:application:environment",
                "resource": "",
                "value": "eu-central-1"
              },
              {
                "name": "AWS_SECRET_ACCESS_KEY",
                "namespace": "aws:elasticbeanstalk:application:environment",
                "resource": "",
                "value": "3EwzrvfBPB4Y9UdmVFcqkZn/wnBcabODmO6V/IB1"
              },
              {
                "name": "AWS_SECRET_KEY",
                "namespace": "aws:elasticbeanstalk:application:environment",
                "resource": "",
                "value": "eCQso0xoXLWDVFwCVa461hc6MhBcoJ5y73/6Bkzf"
              },
              {
                "name": "AppSource",
                "namespace": "aws:cloudformation:template:parameter",
                "resource": "",
                "value": "https://elasticbeanstalk-platform-assets-eu-central-1.s3.eu-central-1.amazonaws.com/stalks/eb_nodejs14_amazon_linux_2_1.0.1395.0_20220128202110/sampleapp/EBSampleApp-Nodejs.zip"
              },
              {
                "name": "Application Healthcheck URL",
                "namespace": "aws:elasticbeanstalk:application",
                "resource": "",
                "value": "TCP:3000"
              },
              {
                "name": "AssociatePublicIpAddress",
                "namespace": "aws:ec2:vpc",
                "resource": "",
                "value": "false"
              },
              {
                "name": "Automatically Terminate Unhealthy Instances",
                "namespace": "aws:elasticbeanstalk:monitoring",
                "resource": "",
                "value": "true"
              },
              {
                "name": "Availability Zones",
                "namespace": "aws:autoscaling:asg",
                "resource": "",
                "value": "Any"
              },
              {
                "name": "BASE_URL",
                "namespace": "aws:elasticbeanstalk:application:environment",
                "resource": "",
                "value": "http://soi-web.polygon-project.ch"
              },
              {
                "name": "BatchSize",
                "namespace": "aws:elasticbeanstalk:command",
                "resource": "",
                "value": "100"
              },
              {
                "name": "BatchSizeType",
                "namespace": "aws:elasticbeanstalk:command",
                "resource": "",
                "value": "Percentage"
              },
              {
                "name": "BlockDeviceMappings",
                "namespace": "aws:autoscaling:launchconfiguration",
                "resource": "",
                "value": ""
              },
              {
                "name": "BreachDuration",
                "namespace": "aws:autoscaling:trigger",
                "resource": "",
                "value": "5"
              },
              {
                "name": "CLOUDWATCH_GROUP_NAME",
                "namespace": "aws:elasticbeanstalk:application:environment",
                "resource": "",
                "value": "SOI"
              },
              {
                "name": "CLOUDWATCH_STREAM_NAME",
                "namespace": "aws:elasticbeanstalk:application:environment",
                "resource": "",
                "value": "API"
              },
              {
                "name": "COMPOSE_PROJECT_NAME",
                "namespace": "aws:elasticbeanstalk:application:environment",
                "resource": "",
                "value": "soi"
              },
              {
                "name": "CV_KEY_SECRET",
                "namespace": "aws:elasticbeanstalk:application:environment",
                "resource": "",
                "value": "Udi2k9SWVyRg1P4wFxMA5sTeH9ngtRUVHBMWjIoK"
              },
              {
                "name": "CW_ACCESS_KEY",
                "namespace": "aws:elasticbeanstalk:application:environment",
                "resource": "",
                "value": "AKIA5OA2ITKTLFLV5M7T"
              },
              {
                "name": "ConfigDocument",
                "namespace": "aws:elasticbeanstalk:healthreporting:system",
                "resource": "",
                "value": "{\"Version\":1,\"CloudWatchMetrics\":{\"Instance\":{\"CPUIrq\":null,\"LoadAverage5min\":null,\"ApplicationRequests5xx\":null,\"ApplicationRequests4xx\":null,\"CPUUser\":null,\"LoadAverage1min\":null,\"ApplicationLatencyP50\":null,\"CPUIdle\":null,\"InstanceHealth\":null,\"ApplicationLatencyP95\":null,\"ApplicationLatencyP85\":null,\"RootFilesystemUtil\":null,\"ApplicationLatencyP90\":null,\"CPUSystem\":null,\"ApplicationLatencyP75\":null,\"CPUSoftirq\":null,\"ApplicationLatencyP10\":null,\"ApplicationLatencyP99\":null,\"ApplicationRequestsTotal\":null,\"ApplicationLatencyP99.9\":null,\"ApplicationRequests3xx\":null,\"ApplicationRequests2xx\":null,\"CPUIowait\":null,\"CPUNice\":null},\"Environment\":{\"InstancesSevere\":null,\"InstancesDegraded\":null,\"ApplicationRequests5xx\":null,\"ApplicationRequests4xx\":null,\"ApplicationLatencyP50\":null,\"ApplicationLatencyP95\":null,\"ApplicationLatencyP85\":null,\"InstancesUnknown\":null,\"ApplicationLatencyP90\":null,\"InstancesInfo\":null,\"InstancesPending\":null,\"ApplicationLatencyP75\":null,\"ApplicationLatencyP10\":null,\"ApplicationLatencyP99\":null,\"ApplicationRequestsTotal\":null,\"InstancesNoData\":null,\"ApplicationLatencyP99.9\":null,\"ApplicationRequests3xx\":null,\"ApplicationRequests2xx\":null,\"InstancesOk\":null,\"InstancesWarning\":null}}}"
              },
              {
                "name": "ConnectionDrainingEnabled",
                "namespace": "aws:elb:policies",
                "resource": "",
                "value": "false"
              },
              {
                "name": "ConnectionDrainingTimeout",
                "namespace": "aws:elb:policies",
                "resource": "",
                "value": "20"
              },
              {
                "name": "ConnectionSettingIdleTimeout",
                "namespace": "aws:elb:policies",
                "resource": "",
                "value": "60"
              },
              {
                "name": "Cooldown",
                "namespace": "aws:autoscaling:asg",
                "resource": "",
                "value": "360"
              },
              {
                "name": "CrossZone",
                "namespace": "aws:elb:loadbalancer",
                "resource": "",
                "value": "false"
              },
              {
                "name": "Custom Availability Zones",
                "namespace": "aws:autoscaling:asg",
                "resource": "",
                "value": ""
              },
              {
                "name": "DATABASE_URL",
                "namespace": "aws:elasticbeanstalk:application:environment",
                "resource": "",
                "value": "pg://db_user:db_user_pass@soi-db-cluster.cluster-cf8da6cn8poc.eu-central-1.rds.amazonaws.com:5432/soi_db"
              },
              {
                "name": "DB_DATABASE",
                "namespace": "aws:elasticbeanstalk:application:environment",
                "resource": "",
                "value": "soi_db"
              },
              {
                "name": "DB_HOST",
                "namespace": "aws:elasticbeanstalk:application:environment",
                "resource": "",
                "value": "soi-db-cluster.cluster-cf8da6cn8poc.eu-central-1.rds.amazonaws.com"
              },
              {
                "name": "DB_PASSWORD",
                "namespace": "aws:elasticbeanstalk:application:environment",
                "resource": "",
                "value": "db_user_pass"
              },
              {
                "name": "DB_PORT",
                "namespace": "aws:elasticbeanstalk:application:environment",
                "resource": "",
                "value": "5432"
              },
              {
                "name": "DB_USER",
                "namespace": "aws:elasticbeanstalk:application:environment",
                "resource": "",
                "value": "db_user"
              },
              {
                "name": "DEV",
                "namespace": "aws:elasticbeanstalk:application:environment",
                "resource": "",
                "value": "false"
              },
              {
                "name": "DefaultSSHPort",
                "namespace": "aws:elasticbeanstalk:control",
                "resource": "",
                "value": "22"
              },
              {
                "name": "DeleteOnTerminate",
                "namespace": "aws:elasticbeanstalk:cloudwatch:logs",
                "resource": "",
                "value": "false"
              },
              {
                "name": "DeleteOnTerminate",
                "namespace": "aws:elasticbeanstalk:cloudwatch:logs:health",
                "resource": "",
                "value": "false"
              },
              {
                "name": "DeploymentPolicy",
                "namespace": "aws:elasticbeanstalk:command",
                "resource": "",
                "value": "AllAtOnce"
              },
              {
                "name": "DisableIMDSv1",
                "namespace": "aws:autoscaling:launchconfiguration",
                "resource": "",
                "value": "false"
              },
              {
                "name": "EC2KeyName",
                "namespace": "aws:autoscaling:launchconfiguration",
                "resource": "",
                "value": ""
              },
              {
                "name": "ELBScheme",
                "namespace": "aws:ec2:vpc",
                "resource": "",
                "value": "public"
              },
              {
                "name": "ELBSubnets",
                "namespace": "aws:ec2:vpc",
                "resource": "",
                "value": "subnet-0a24f9a5589e83fcf,subnet-0b16163f585b49115,subnet-0f207b4a03ed63b57"
              },
              {
                "name": "EMAIL_SENDER",
                "namespace": "aws:elasticbeanstalk:application:environment",
                "resource": "",
                "value": "info@soi-ag.ch"
              },
              {
                "name": "ENTITIES",
                "namespace": "aws:elasticbeanstalk:application:environment",
                "resource": "",
                "value": "**/**.entity.js"
              },
              {
                "name": "EnableCapacityRebalancing",
                "namespace": "aws:autoscaling:asg",
                "resource": "",
                "value": "false"
              },
              {
                "name": "EnableSpot",
                "namespace": "aws:ec2:instances",
                "resource": "",
                "value": "false"
              },
              {
                "name": "EnhancedHealthAuthEnabled",
                "namespace": "aws:elasticbeanstalk:healthreporting:system",
                "resource": "",
                "value": "true"
              },
              {
                "name": "EnvironmentType",
                "namespace": "aws:elasticbeanstalk:environment",
                "resource": "",
                "value": "LoadBalanced"
              },
              {
                "name": "EnvironmentVariables",
                "namespace": "aws:cloudformation:template:parameter",
                "resource": "",
                "value": "DB_PORT=5432,DB_USER=db_user,AWS_SECRET_ACCESS_KEY=3EwzrvfBPB4Y9UdmVFcqkZn/wnBcabODmO6V/IB1,USER_POOL_ID=eu-central-1_Fx5YjVdhK,CLOUDWATCH_GROUP_NAME=SOI,DATABASE_URL=pg://db_user:db_user_pass@soi-db-cluster.cluster-cf8da6cn8poc.eu-central-1.rds.amazonaws.com:5432/soi_db,AWS_PRIVATE_BUCKET_NAME=soi-private-bucket-live,AWS_ACCESS_KEY_ID=AKIA5OA2ITKTNS52YK4I,AWS_SECRET_KEY=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,ENTITIES=**/**.entity.js,AWS_PUBLIC_BUCKET_NAME=soi-public-bucket-live,SERVER_PORT=3000,AWS_REGION=eu-central-1,AWS_LOG_BUCKET_NAME=soi-logs,EMAIL_SENDER=info@soi-ag.ch,DB_HOST=soi-db-cluster.cluster-cf8da6cn8poc.eu-central-1.rds.amazonaws.com,COMPOSE_PROJECT_NAME=soi,CV_KEY_SECRET=Udi2k9SWVyRg1P4wFxMA5sTeH9ngtRUVHBMWjIoK,CLOUDWATCH_STREAM_NAME=API,NOCODB_PORT=8000,DEV=false,AWS_KEY_ID=AKIA5OA2ITKTAGYPDOMD,SES_REGION=eu-west-1,CW_ACCESS_KEY=AKIA5OA2ITKTLFLV5M7T,BASE_URL=http://soi-web.polygon-project.ch,USER_POOL_CLIENT_ID=5h4fcam55ktksdcd0cskqidcsj,DB_DATABASE=soi_db,DB_PASSWORD=db_user_pass"
              },
              {
                "name": "EvaluationPeriods",
                "namespace": "aws:autoscaling:trigger",
                "resource": "",
                "value": "1"
              },
              {
                "name": "ExternalExtensionsS3Bucket",
                "namespace": "aws:elasticbeanstalk:environment",
                "resource": "",
                "value": ""
              },
              {
                "name": "ExternalExtensionsS3Key",
                "namespace": "aws:elasticbeanstalk:environment",
                "resource": "",
                "value": ""
              },
              {
                "name": "HasCoupledDatabase",
                "namespace": "aws:rds:dbinstance",
                "resource": "",
                "value": "false"
              },
              {
                "name": "HealthCheckSuccessThreshold",
                "namespace": "aws:elasticbeanstalk:healthreporting:system",
                "resource": "",
                "value": "Ok"
              },
              {
                "name": "HealthStreamingEnabled",
                "namespace": "aws:elasticbeanstalk:cloudwatch:logs:health",
                "resource": "",
                "value": "false"
              },
              {
                "name": "HealthyThreshold",
                "namespace": "aws:elb:healthcheck",
                "resource": "",
                "value": "3"
              },
              {
                "name": "HooksPkgUrl",
                "namespace": "aws:cloudformation:template:parameter",
                "resource": "",
                "value": "https://elasticbeanstalk-platform-assets-eu-central-1.s3.eu-central-1.amazonaws.com/stalks/eb_nodejs14_amazon_linux_2_1.0.1395.0_20220128202110/lib/hooks.tar.gz"
              },
              {
                "name": "IamInstanceProfile",
                "namespace": "aws:autoscaling:launchconfiguration",
                "resource": "",
                "value": "aws-elasticbeanstalk-ec2-role"
              },
              {
                "name": "IgnoreHealthCheck",
                "namespace": "aws:elasticbeanstalk:command",
                "resource": "",
                "value": "false"
              },
              {
                "name": "ImageId",
                "namespace": "aws:autoscaling:launchconfiguration",
                "resource": "",
                "value": "ami-07eb6ea1dcf933308"
              },
              {
                "name": "InstancePort",
                "namespace": "aws:cloudformation:template:parameter",
                "resource": "",
                "value": "80"
              },
              {
                "name": "InstancePort",
                "namespace": "aws:elb:listener:3000",
                "resource": "",
                "value": "3000"
              },
              {
                "name": "InstanceProtocol",
                "namespace": "aws:elb:listener:3000",
                "resource": "",
                "value": "TCP"
              },
              {
                "name": "InstanceRefreshEnabled",
                "namespace": "aws:elasticbeanstalk:managedactions:platformupdate",
                "resource": "",
                "value": "false"
              },
              {
                "name": "InstanceType",
                "namespace": "aws:autoscaling:launchconfiguration",
                "resource": "",
                "value": "t3.micro"
              },
              {
                "name": "InstanceTypeFamily",
                "namespace": "aws:cloudformation:template:parameter",
                "resource": "",
                "value": "t3"
              },
              {
                "name": "InstanceTypes",
                "namespace": "aws:ec2:instances",
                "resource": "",
                "value": "t3.micro"
              },
              {
                "name": "Interval",
                "namespace": "aws:elb:healthcheck",
                "resource": "",
                "value": "10"
              },
              {
                "name": "LaunchTimeout",
                "namespace": "aws:elasticbeanstalk:control",
                "resource": "",
                "value": "0"
              },
              {
                "name": "LaunchType",
                "namespace": "aws:elasticbeanstalk:control",
                "resource": "",
                "value": "Migration"
              },
              {
                "name": "ListenerEnabled",
                "namespace": "aws:elb:listener:3000",
                "resource": "",
                "value": "true"
              },
              {
                "name": "ListenerEnabled",
                "namespace": "aws:elb:listener:80",
                "resource": "",
                "value": "false"
              },
              {
                "name": "ListenerProtocol",
                "namespace": "aws:elb:listener:3000",
                "resource": "",
                "value": "TCP"
              },
              {
                "name": "LoadBalancerHTTPPort",
                "namespace": "aws:elb:loadbalancer",
                "resource": "",
                "value": "OFF"
              },
              {
                "name": "LoadBalancerHTTPSPort",
                "namespace": "aws:elb:loadbalancer",
                "resource": "",
                "value": "OFF"
              },
              {
                "name": "LoadBalancerPortProtocol",
                "namespace": "aws:elb:loadbalancer",
                "resource": "",
                "value": "HTTP"
              },
              {
                "name": "LoadBalancerSSLPortProtocol",
                "namespace": "aws:elb:loadbalancer",
                "resource": "",
                "value": "HTTPS"
              },
              {
                "name": "LoadBalancerType",
                "namespace": "aws:elasticbeanstalk:environment",
                "resource": "",
                "value": "classic"
              },
              {
                "name": "LogPublicationControl",
                "namespace": "aws:elasticbeanstalk:hostmanager",
                "resource": "",
                "value": "false"
              },
              {
                "name": "LowerBreachScaleIncrement",
                "namespace": "aws:autoscaling:trigger",
                "resource": "",
                "value": "-1"
              },
              {
                "name": "LowerThreshold",
                "namespace": "aws:autoscaling:trigger",
                "resource": "",
                "value": "2000000"
              },
              {
                "name": "ManagedActionsEnabled",
                "namespace": "aws:elasticbeanstalk:managedactions",
                "resource": "",
                "value": "false"
              },
              {
                "name": "MaxBatchSize",
                "namespace": "aws:autoscaling:updatepolicy:rollingupdate",
                "resource": "",
                "value": ""
              },
              {
                "name": "MaxSize",
                "namespace": "aws:autoscaling:asg",
                "resource": "",
                "value": "6"
              },
              {
                "name": "MeasureName",
                "namespace": "aws:autoscaling:trigger",
                "resource": "",
                "value": "NetworkOut"
              },
              {
                "name": "MinInstancesInService",
                "namespace": "aws:autoscaling:updatepolicy:rollingupdate",
                "resource": "",
                "value": ""
              },
              {
                "name": "MinSize",
                "namespace": "aws:autoscaling:asg",
                "resource": "",
                "value": "1"
              },
              {
                "name": "MonitoringInterval",
                "namespace": "aws:autoscaling:launchconfiguration",
                "resource": "",
                "value": "5 minute"
              },
              {
                "name": "NOCODB_PORT",
                "namespace": "aws:elasticbeanstalk:application:environment",
                "resource": "",
                "value": "8000"
              },
              {
                "name": "Notification Endpoint",
                "namespace": "aws:elasticbeanstalk:sns:topics",
                "resource": "",
                "value": ""
              },
              {
                "name": "Notification Protocol",
                "namespace": "aws:elasticbeanstalk:sns:topics",
                "resource": "",
                "value": "email"
              },
              {
                "name": "Notification Topic ARN",
                "namespace": "aws:elasticbeanstalk:sns:topics",
                "resource": "",
                "value": ""
              },
              {
                "name": "Notification Topic Name",
                "namespace": "aws:elasticbeanstalk:sns:topics",
                "resource": "",
                "value": ""
              },
              {
                "name": "PauseTime",
                "namespace": "aws:autoscaling:updatepolicy:rollingupdate",
                "resource": "",
                "value": ""
              },
              {
                "name": "Period",
                "namespace": "aws:autoscaling:trigger",
                "resource": "",
                "value": "5"
              },
              {
                "name": "PreferredStartTime",
                "namespace": "aws:elasticbeanstalk:managedactions",
                "resource": "",
                "value": ""
              },
              {
                "name": "ProxyServer",
                "namespace": "aws:elasticbeanstalk:environment:proxy",
                "resource": "",
                "value": "nginx"
              },
              {
                "name": "RetentionInDays",
                "namespace": "aws:elasticbeanstalk:cloudwatch:logs",
                "resource": "",
                "value": "7"
              },
              {
                "name": "RetentionInDays",
                "namespace": "aws:elasticbeanstalk:cloudwatch:logs:health",
                "resource": "",
                "value": "7"
              },
              {
                "name": "RollbackLaunchOnFailure",
                "namespace": "aws:elasticbeanstalk:control",
                "resource": "",
                "value": "false"
              },
              {
                "name": "RollingUpdateEnabled",
                "namespace": "aws:autoscaling:updatepolicy:rollingupdate",
                "resource": "",
                "value": "false"
              },
              {
                "name": "RollingUpdateType",
                "namespace": "aws:autoscaling:updatepolicy:rollingupdate",
                "resource": "",
                "value": "Time"
              },
              {
                "name": "RootVolumeIOPS",
                "namespace": "aws:autoscaling:launchconfiguration",
                "resource": "",
                "value": ""
              },
              {
                "name": "RootVolumeSize",
                "namespace": "aws:autoscaling:launchconfiguration",
                "resource": "",
                "value": ""
              },
              {
                "name": "RootVolumeThroughput",
                "namespace": "aws:autoscaling:launchconfiguration",
                "resource": "",
                "value": ""
              },
              {
                "name": "RootVolumeType",
                "namespace": "aws:autoscaling:launchconfiguration",
                "resource": "",
                "value": ""
              },
              {
                "name": "SERVER_PORT",
                "namespace": "aws:elasticbeanstalk:application:environment",
                "resource": "",
                "value": "3000"
              },
              {
                "name": "SES_REGION",
                "namespace": "aws:elasticbeanstalk:application:environment",
                "resource": "",
                "value": "eu-west-1"
              },
              {
                "name": "SSHSourceRestriction",
                "namespace": "aws:autoscaling:launchconfiguration",
                "resource": "",
                "value": "tcp,22,22,0.0.0.0/0"
              },
              {
                "name": "SSLCertificateId",
                "namespace": "aws:elb:listener:3000",
                "resource": "",
                "value": ""
              },
              {
                "name": "SSLCertificateId",
                "namespace": "aws:elb:loadbalancer",
                "resource": "",
                "value": ""
              },
              {
                "name": "SecurityGroups",
                "namespace": "aws:autoscaling:launchconfiguration",
                "resource": "",
                "value": "sg-0f7302737e1fefde2"
              },
              {
                "name": "SecurityGroups",
                "namespace": "aws:elb:loadbalancer",
                "resource": "",
                "value": ""
              },
              {
                "name": "ServiceRole",
                "namespace": "aws:elasticbeanstalk:environment",
                "resource": "",
                "value": "AWSServiceRoleForElasticBeanstalk"
              },
              {
                "name": "ServiceRoleForManagedUpdates",
                "namespace": "aws:elasticbeanstalk:managedactions",
                "resource": "",
                "value": ""
              },
              {
                "name": "SpotFleetOnDemandAboveBasePercentage",
                "namespace": "aws:ec2:instances",
                "resource": "",
                "value": "70"
              },
              {
                "name": "SpotFleetOnDemandBase",
                "namespace": "aws:ec2:instances",
                "resource": "",
                "value": "0"
              },
              {
                "name": "SpotMaxPrice",
                "namespace": "aws:ec2:instances",
                "resource": "",
                "value": ""
              },
              {
                "name": "StaticFiles",
                "namespace": "aws:cloudformation:template:parameter",
                "resource": "",
                "value": ""
              },
              {
                "name": "Statistic",
                "namespace": "aws:autoscaling:trigger",
                "resource": "",
                "value": "Average"
              },
              {
                "name": "StreamLogs",
                "namespace": "aws:elasticbeanstalk:cloudwatch:logs",
                "resource": "",
                "value": "false"
              },
              {
                "name": "Subnets",
                "namespace": "aws:ec2:vpc",
                "resource": "",
                "value": "subnet-00fdaf74cb78041cd,subnet-0b8033d59d1ccae02,subnet-0dcef6c0f064c3e95"
              },
              {
                "name": "SupportedArchitectures",
                "namespace": "aws:ec2:instances",
                "resource": "",
                "value": "x86_64"
              },
              {
                "name": "SystemType",
                "namespace": "aws:elasticbeanstalk:healthreporting:system",
                "resource": "",
                "value": "enhanced"
              },
              {
                "name": "Target",
                "namespace": "aws:elb:healthcheck",
                "resource": "",
                "value": "TCP:3000"
              },
              {
                "name": "Timeout",
                "namespace": "aws:autoscaling:updatepolicy:rollingupdate",
                "resource": "",
                "value": "PT30M"
              },
              {
                "name": "Timeout",
                "namespace": "aws:elasticbeanstalk:command",
                "resource": "",
                "value": "600"
              },
              {
                "name": "Timeout",
                "namespace": "aws:elb:healthcheck",
                "resource": "",
                "value": "5"
              },
              {
                "name": "USER_POOL_CLIENT_ID",
                "namespace": "aws:elasticbeanstalk:application:environment",
                "resource": "",
                "value": "5h4fcam55ktksdcd0cskqidcsj"
              },
              {
                "name": "USER_POOL_ID",
                "namespace": "aws:elasticbeanstalk:application:environment",
                "resource": "",
                "value": "eu-central-1_Fx5YjVdhK"
              },
              {
                "name": "UnhealthyThreshold",
                "namespace": "aws:elb:healthcheck",
                "resource": "",
                "value": "5"
              },
              {
                "name": "Unit",
                "namespace": "aws:autoscaling:trigger",
                "resource": "",
                "value": "Bytes"
              },
              {
                "name": "UpdateLevel",
                "namespace": "aws:elasticbeanstalk:managedactions:platformupdate",
                "resource": "",
                "value": ""
              },
              {
                "name": "UpperBreachScaleIncrement",
                "namespace": "aws:autoscaling:trigger",
                "resource": "",
                "value": "1"
              },
              {
                "name": "UpperThreshold",
                "namespace": "aws:autoscaling:trigger",
                "resource": "",
                "value": "6000000"
              },
              {
                "name": "VPCId",
                "namespace": "aws:ec2:vpc",
                "resource": "",
                "value": "vpc-0eb25ccf3cd2360d9"
              },
              {
                "name": "XRayEnabled",
                "namespace": "aws:elasticbeanstalk:xray",
                "resource": "",
                "value": "false"
              }
            ],
            "application": "soi-api-app",
            "arn": "arn:aws:elasticbeanstalk:eu-central-1:923473058470:environment/soi-api-app/soi-api-app-env",
            "autoscaling_groups": [
              "awseb-e-3wygykmcvj-stack-AWSEBAutoScalingGroup-1F7KA5T6NZMU7"
            ],
            "cname": "soi-api-app-env.eba-c2es9usc.eu-central-1.elasticbeanstalk.com",
            "cname_prefix": "",
            "description": "environment for api",
            "endpoint_url": "awseb-e-3-AWSEBLoa-1IZ6YI0M9XZO1-1479234452.eu-central-1.elb.amazonaws.com",
            "id": "e-3wygykmcvj",
            "instances": [
              "i-06db33c6e08d52b72"
            ],
            "launch_configurations": [
              "awseb-e-3wygykmcvj-stack-AWSEBAutoScalingLaunchConfiguration-VOmbtbqJeqZJ"
            ],
            "load_balancers": [
              "awseb-e-3-AWSEBLoa-1IZ6YI0M9XZO1"
            ],
            "name": "soi-api-app-env",
            "platform_arn": "arn:aws:elasticbeanstalk:eu-central-1::platform/Node.js 14 running on 64bit Amazon Linux 2/5.4.10",
            "poll_interval": null,
            "queues": [],
            "setting": [
              {
                "name": "AWS_ACCESS_KEY_ID",
                "namespace": "aws:elasticbeanstalk:application:environment",
                "resource": "",
                "value": "AKIA5OA2ITKTNS52YK4I"
              },
              {
                "name": "AWS_KEY_ID",
                "namespace": "aws:elasticbeanstalk:application:environment",
                "resource": "",
                "value": "AKIA5OA2ITKTAGYPDOMD"
              },
              {
                "name": "AWS_LOG_BUCKET_NAME",
                "namespace": "aws:elasticbeanstalk:application:environment",
                "resource": "",
                "value": "soi-logs"
              },
              {
                "name": "AWS_PRIVATE_BUCKET_NAME",
                "namespace": "aws:elasticbeanstalk:application:environment",
                "resource": "",
                "value": "soi-private-bucket-live"
              },
              {
                "name": "AWS_PUBLIC_BUCKET_NAME",
                "namespace": "aws:elasticbeanstalk:application:environment",
                "resource": "",
                "value": "soi-public-bucket-live"
              },
              {
                "name": "AWS_REGION",
                "namespace": "aws:elasticbeanstalk:application:environment",
                "resource": "",
                "value": "eu-central-1"
              },
              {
                "name": "AWS_SECRET_ACCESS_KEY",
                "namespace": "aws:elasticbeanstalk:application:environment",
                "resource": "",
                "value": "3EwzrvfBPB4Y9UdmVFcqkZn/wnBcabODmO6V/IB1"
              },
              {
                "name": "AWS_SECRET_KEY",
                "namespace": "aws:elasticbeanstalk:application:environment",
                "resource": "",
                "value": "eCQso0xoXLWDVFwCVa461hc6MhBcoJ5y73/6Bkzf"
              },
              {
                "name": "Application Healthcheck URL",
                "namespace": "aws:elasticbeanstalk:application",
                "resource": "",
                "value": "TCP:3000"
              },
              {
                "name": "BASE_URL",
                "namespace": "aws:elasticbeanstalk:application:environment",
                "resource": "",
                "value": "http://soi-web.polygon-project.ch"
              },
              {
                "name": "CLOUDWATCH_GROUP_NAME",
                "namespace": "aws:elasticbeanstalk:application:environment",
                "resource": "",
                "value": "SOI"
              },
              {
                "name": "CLOUDWATCH_STREAM_NAME",
                "namespace": "aws:elasticbeanstalk:application:environment",
                "resource": "",
                "value": "API"
              },
              {
                "name": "COMPOSE_PROJECT_NAME",
                "namespace": "aws:elasticbeanstalk:application:environment",
                "resource": "",
                "value": "soi"
              },
              {
                "name": "CV_KEY_SECRET",
                "namespace": "aws:elasticbeanstalk:application:environment",
                "resource": "",
                "value": "Udi2k9SWVyRg1P4wFxMA5sTeH9ngtRUVHBMWjIoK"
              },
              {
                "name": "CW_ACCESS_KEY",
                "namespace": "aws:elasticbeanstalk:application:environment",
                "resource": "",
                "value": "AKIA5OA2ITKTLFLV5M7T"
              },
              {
                "name": "DATABASE_URL",
                "namespace": "aws:elasticbeanstalk:application:environment",
                "resource": "",
                "value": "pg://db_user:db_user_pass@soi-db-cluster.cluster-cf8da6cn8poc.eu-central-1.rds.amazonaws.com:5432/soi_db"
              },
              {
                "name": "DBSubnets",
                "namespace": "aws:ec2:vpc",
                "resource": "",
                "value": "subnet-0f883aa2e439e95eb,subnet-0ced4b1356f030f6e,subnet-0ab1828ebab83d7c9"
              },
              {
                "name": "DB_DATABASE",
                "namespace": "aws:elasticbeanstalk:application:environment",
                "resource": "",
                "value": "soi_db"
              },
              {
                "name": "DB_HOST",
                "namespace": "aws:elasticbeanstalk:application:environment",
                "resource": "",
                "value": "soi-db-cluster.cluster-cf8da6cn8poc.eu-central-1.rds.amazonaws.com"
              },
              {
                "name": "DB_PASSWORD",
                "namespace": "aws:elasticbeanstalk:application:environment",
                "resource": "",
                "value": "db_user_pass"
              },
              {
                "name": "DB_PORT",
                "namespace": "aws:elasticbeanstalk:application:environment",
                "resource": "",
                "value": "5432"
              },
              {
                "name": "DB_USER",
                "namespace": "aws:elasticbeanstalk:application:environment",
                "resource": "",
                "value": "db_user"
              },
              {
                "name": "DEV",
                "namespace": "aws:elasticbeanstalk:application:environment",
                "resource": "",
                "value": "false"
              },
              {
                "name": "ELBSubnets",
                "namespace": "aws:ec2:vpc",
                "resource": "",
                "value": "subnet-0a24f9a5589e83fcf,subnet-0b16163f585b49115,subnet-0f207b4a03ed63b57"
              },
              {
                "name": "EMAIL_SENDER",
                "namespace": "aws:elasticbeanstalk:application:environment",
                "resource": "",
                "value": "info@soi-ag.ch"
              },
              {
                "name": "ENTITIES",
                "namespace": "aws:elasticbeanstalk:application:environment",
                "resource": "",
                "value": "**/**.entity.js"
              },
              {
                "name": "IamInstanceProfile",
                "namespace": "aws:autoscaling:launchconfiguration",
                "resource": "",
                "value": "aws-elasticbeanstalk-ec2-role"
              },
              {
                "name": "InstancePort",
                "namespace": "aws:elb:listener:3000",
                "resource": "",
                "value": "3000"
              },
              {
                "name": "InstanceProtocol",
                "namespace": "aws:elb:listener:3000",
                "resource": "",
                "value": "TCP"
              },
              {
                "name": "InstanceType",
                "namespace": "aws:autoscaling:launchconfiguration",
                "resource": "",
                "value": "t3.micro"
              },
              {
                "name": "ListenerEnabled",
                "namespace": "aws:elb:listener:80",
                "resource": "",
                "value": "false"
              },
              {
                "name": "ListenerProtocol",
                "namespace": "aws:elb:listener:3000",
                "resource": "",
                "value": "TCP"
              },
              {
                "name": "MaxSize",
                "namespace": "aws:autoscaling:asg",
                "resource": "",
                "value": "6"
              },
              {
                "name": "MinSize",
                "namespace": "aws:autoscaling:asg",
                "resource": "",
                "value": "1"
              },
              {
                "name": "NOCODB_PORT",
                "namespace": "aws:elasticbeanstalk:application:environment",
                "resource": "",
                "value": "8000"
              },
              {
                "name": "SERVER_PORT",
                "namespace": "aws:elasticbeanstalk:application:environment",
                "resource": "",
                "value": "3000"
              },
              {
                "name": "SES_REGION",
                "namespace": "aws:elasticbeanstalk:application:environment",
                "resource": "",
                "value": "eu-west-1"
              },
              {
                "name": "SecurityGroups",
                "namespace": "aws:autoscaling:launchconfiguration",
                "resource": "",
                "value": "sg-0f7302737e1fefde2"
              },
              {
                "name": "Subnets",
                "namespace": "aws:ec2:vpc",
                "resource": "",
                "value": "subnet-00fdaf74cb78041cd,subnet-0dcef6c0f064c3e95,subnet-0b8033d59d1ccae02"
              },
              {
                "name": "USER_POOL_CLIENT_ID",
                "namespace": "aws:elasticbeanstalk:application:environment",
                "resource": "",
                "value": "5h4fcam55ktksdcd0cskqidcsj"
              },
              {
                "name": "USER_POOL_ID",
                "namespace": "aws:elasticbeanstalk:application:environment",
                "resource": "",
                "value": "eu-central-1_Fx5YjVdhK"
              },
              {
                "name": "VPCId",
                "namespace": "aws:ec2:vpc",
                "resource": "",
                "value": "vpc-0eb25ccf3cd2360d9"
              }
            ],
            "solution_stack_name": "64bit Amazon Linux 2 v5.4.10 running Node.js 14",
            "tags": null,
            "tags_all": {},
            "template_name": null,
            "tier": "WebServer",
            "triggers": [],
            "version_label": "soi-api-app-version-label",
            "wait_for_ready_timeout": "20m"
          },
          "sensitive_attributes": [
            [
              {
                "type": "get_attr",
                "value": "setting"
              }
            ]
          ],
          "private": "eyJzY2hlbWFfdmVyc2lvbiI6IjEifQ==",
          "dependencies": [
            "aws_elastic_beanstalk_application.api_tf_eb_app",
            "aws_elastic_beanstalk_application_version.api_eb_app_ver",
            "aws_rds_cluster.tf_db_cluster",
            "aws_security_group.API-Security-Group",
            "aws_subnet.tf_db_subnet",
            "aws_subnet.web_pri_subnet",
            "aws_subnet.web_pub_subnet",
            "aws_vpc.tf_eb_vpc"
          ]
        }
      ]
    },
    {
      "mode": "managed",
      "type": "aws_elastic_beanstalk_environment",
      "name": "web_eb_env",
      "provider": "provider[\"registry.terraform.io/hashicorp/aws\"]",
      "instances": [
        {
          "schema_version": 1,
          "attributes": {
            "all_settings": [
              {
                "name": "AppSource",
                "namespace": "aws:cloudformation:template:parameter",
                "resource": "",
                "value": "https://elasticbeanstalk-platform-assets-eu-central-1.s3.eu-central-1.amazonaws.com/stalks/eb_nodejs14_amazon_linux_2_1.0.1395.0_20220128202110/sampleapp/EBSampleApp-Nodejs.zip"
              },
              {
                "name": "Application Healthcheck URL",
                "namespace": "aws:elasticbeanstalk:application",
                "resource": "",
                "value": ""
              },
              {
                "name": "AssociatePublicIpAddress",
                "namespace": "aws:ec2:vpc",
                "resource": "",
                "value": "false"
              },
              {
                "name": "Automatically Terminate Unhealthy Instances",
                "namespace": "aws:elasticbeanstalk:monitoring",
                "resource": "",
                "value": "true"
              },
              {
                "name": "Availability Zones",
                "namespace": "aws:autoscaling:asg",
                "resource": "",
                "value": "Any"
              },
              {
                "name": "BatchSize",
                "namespace": "aws:elasticbeanstalk:command",
                "resource": "",
                "value": "100"
              },
              {
                "name": "BatchSizeType",
                "namespace": "aws:elasticbeanstalk:command",
                "resource": "",
                "value": "Percentage"
              },
              {
                "name": "BlockDeviceMappings",
                "namespace": "aws:autoscaling:launchconfiguration",
                "resource": "",
                "value": ""
              },
              {
                "name": "BreachDuration",
                "namespace": "aws:autoscaling:trigger",
                "resource": "",
                "value": "5"
              },
              {
                "name": "ConfigDocument",
                "namespace": "aws:elasticbeanstalk:healthreporting:system",
                "resource": "",
                "value": "{\"Version\":1,\"CloudWatchMetrics\":{\"Instance\":{\"CPUIrq\":null,\"LoadAverage5min\":null,\"ApplicationRequests5xx\":null,\"ApplicationRequests4xx\":null,\"CPUUser\":null,\"LoadAverage1min\":null,\"ApplicationLatencyP50\":null,\"CPUIdle\":null,\"InstanceHealth\":null,\"ApplicationLatencyP95\":null,\"ApplicationLatencyP85\":null,\"RootFilesystemUtil\":null,\"ApplicationLatencyP90\":null,\"CPUSystem\":null,\"ApplicationLatencyP75\":null,\"CPUSoftirq\":null,\"ApplicationLatencyP10\":null,\"ApplicationLatencyP99\":null,\"ApplicationRequestsTotal\":null,\"ApplicationLatencyP99.9\":null,\"ApplicationRequests3xx\":null,\"ApplicationRequests2xx\":null,\"CPUIowait\":null,\"CPUNice\":null},\"Environment\":{\"InstancesSevere\":null,\"InstancesDegraded\":null,\"ApplicationRequests5xx\":null,\"ApplicationRequests4xx\":null,\"ApplicationLatencyP50\":null,\"ApplicationLatencyP95\":null,\"ApplicationLatencyP85\":null,\"InstancesUnknown\":null,\"ApplicationLatencyP90\":null,\"InstancesInfo\":null,\"InstancesPending\":null,\"ApplicationLatencyP75\":null,\"ApplicationLatencyP10\":null,\"ApplicationLatencyP99\":null,\"ApplicationRequestsTotal\":null,\"InstancesNoData\":null,\"ApplicationLatencyP99.9\":null,\"ApplicationRequests3xx\":null,\"ApplicationRequests2xx\":null,\"InstancesOk\":null,\"InstancesWarning\":null}}}"
              },
              {
                "name": "ConnectionDrainingEnabled",
                "namespace": "aws:elb:policies",
                "resource": "",
                "value": "false"
              },
              {
                "name": "ConnectionDrainingTimeout",
                "namespace": "aws:elb:policies",
                "resource": "",
                "value": "20"
              },
              {
                "name": "ConnectionSettingIdleTimeout",
                "namespace": "aws:elb:policies",
                "resource": "",
                "value": "60"
              },
              {
                "name": "Cooldown",
                "namespace": "aws:autoscaling:asg",
                "resource": "",
                "value": "360"
              },
              {
                "name": "CrossZone",
                "namespace": "aws:elb:loadbalancer",
                "resource": "",
                "value": "false"
              },
              {
                "name": "Custom Availability Zones",
                "namespace": "aws:autoscaling:asg",
                "resource": "",
                "value": ""
              },
              {
                "name": "DefaultSSHPort",
                "namespace": "aws:elasticbeanstalk:control",
                "resource": "",
                "value": "22"
              },
              {
                "name": "DeleteOnTerminate",
                "namespace": "aws:elasticbeanstalk:cloudwatch:logs",
                "resource": "",
                "value": "false"
              },
              {
                "name": "DeleteOnTerminate",
                "namespace": "aws:elasticbeanstalk:cloudwatch:logs:health",
                "resource": "",
                "value": "false"
              },
              {
                "name": "DeploymentPolicy",
                "namespace": "aws:elasticbeanstalk:command",
                "resource": "",
                "value": "AllAtOnce"
              },
              {
                "name": "DisableIMDSv1",
                "namespace": "aws:autoscaling:launchconfiguration",
                "resource": "",
                "value": "false"
              },
              {
                "name": "EC2KeyName",
                "namespace": "aws:autoscaling:launchconfiguration",
                "resource": "",
                "value": ""
              },
              {
                "name": "ELBScheme",
                "namespace": "aws:ec2:vpc",
                "resource": "",
                "value": "public"
              },
              {
                "name": "ELBSubnets",
                "namespace": "aws:ec2:vpc",
                "resource": "",
                "value": "subnet-0a24f9a5589e83fcf,subnet-0b16163f585b49115,subnet-0f207b4a03ed63b57"
              },
              {
                "name": "EnableCapacityRebalancing",
                "namespace": "aws:autoscaling:asg",
                "resource": "",
                "value": "false"
              },
              {
                "name": "EnableSpot",
                "namespace": "aws:ec2:instances",
                "resource": "",
                "value": "false"
              },
              {
                "name": "EnhancedHealthAuthEnabled",
                "namespace": "aws:elasticbeanstalk:healthreporting:system",
                "resource": "",
                "value": "true"
              },
              {
                "name": "EnvironmentType",
                "namespace": "aws:elasticbeanstalk:environment",
                "resource": "",
                "value": "LoadBalanced"
              },
              {
                "name": "EnvironmentVariables",
                "namespace": "aws:cloudformation:template:parameter",
                "resource": "",
                "value": ""
              },
              {
                "name": "EvaluationPeriods",
                "namespace": "aws:autoscaling:trigger",
                "resource": "",
                "value": "1"
              },
              {
                "name": "ExternalExtensionsS3Bucket",
                "namespace": "aws:elasticbeanstalk:environment",
                "resource": "",
                "value": ""
              },
              {
                "name": "ExternalExtensionsS3Key",
                "namespace": "aws:elasticbeanstalk:environment",
                "resource": "",
                "value": ""
              },
              {
                "name": "HasCoupledDatabase",
                "namespace": "aws:rds:dbinstance",
                "resource": "",
                "value": "false"
              },
              {
                "name": "HealthCheckSuccessThreshold",
                "namespace": "aws:elasticbeanstalk:healthreporting:system",
                "resource": "",
                "value": "Ok"
              },
              {
                "name": "HealthStreamingEnabled",
                "namespace": "aws:elasticbeanstalk:cloudwatch:logs:health",
                "resource": "",
                "value": "false"
              },
              {
                "name": "HealthyThreshold",
                "namespace": "aws:elb:healthcheck",
                "resource": "",
                "value": "3"
              },
              {
                "name": "HooksPkgUrl",
                "namespace": "aws:cloudformation:template:parameter",
                "resource": "",
                "value": "https://elasticbeanstalk-platform-assets-eu-central-1.s3.eu-central-1.amazonaws.com/stalks/eb_nodejs14_amazon_linux_2_1.0.1395.0_20220128202110/lib/hooks.tar.gz"
              },
              {
                "name": "IamInstanceProfile",
                "namespace": "aws:autoscaling:launchconfiguration",
                "resource": "",
                "value": "aws-elasticbeanstalk-ec2-role"
              },
              {
                "name": "IgnoreHealthCheck",
                "namespace": "aws:elasticbeanstalk:command",
                "resource": "",
                "value": "false"
              },
              {
                "name": "ImageId",
                "namespace": "aws:autoscaling:launchconfiguration",
                "resource": "",
                "value": "ami-07eb6ea1dcf933308"
              },
              {
                "name": "InstancePort",
                "namespace": "aws:cloudformation:template:parameter",
                "resource": "",
                "value": "80"
              },
              {
                "name": "InstancePort",
                "namespace": "aws:elb:listener:80",
                "resource": "",
                "value": "80"
              },
              {
                "name": "InstanceProtocol",
                "namespace": "aws:elb:listener:80",
                "resource": "",
                "value": "HTTP"
              },
              {
                "name": "InstanceRefreshEnabled",
                "namespace": "aws:elasticbeanstalk:managedactions:platformupdate",
                "resource": "",
                "value": "false"
              },
              {
                "name": "InstanceType",
                "namespace": "aws:autoscaling:launchconfiguration",
                "resource": "",
                "value": "t3.micro"
              },
              {
                "name": "InstanceTypeFamily",
                "namespace": "aws:cloudformation:template:parameter",
                "resource": "",
                "value": "t3"
              },
              {
                "name": "InstanceTypes",
                "namespace": "aws:ec2:instances",
                "resource": "",
                "value": "t3.micro"
              },
              {
                "name": "Interval",
                "namespace": "aws:elb:healthcheck",
                "resource": "",
                "value": "10"
              },
              {
                "name": "LaunchTimeout",
                "namespace": "aws:elasticbeanstalk:control",
                "resource": "",
                "value": "0"
              },
              {
                "name": "LaunchType",
                "namespace": "aws:elasticbeanstalk:control",
                "resource": "",
                "value": "Migration"
              },
              {
                "name": "ListenerEnabled",
                "namespace": "aws:elb:listener:80",
                "resource": "",
                "value": "true"
              },
              {
                "name": "ListenerProtocol",
                "namespace": "aws:elb:listener:80",
                "resource": "",
                "value": "HTTP"
              },
              {
                "name": "LoadBalancerHTTPPort",
                "namespace": "aws:elb:loadbalancer",
                "resource": "",
                "value": "80"
              },
              {
                "name": "LoadBalancerHTTPSPort",
                "namespace": "aws:elb:loadbalancer",
                "resource": "",
                "value": "OFF"
              },
              {
                "name": "LoadBalancerPortProtocol",
                "namespace": "aws:elb:loadbalancer",
                "resource": "",
                "value": "HTTP"
              },
              {
                "name": "LoadBalancerSSLPortProtocol",
                "namespace": "aws:elb:loadbalancer",
                "resource": "",
                "value": "HTTPS"
              },
              {
                "name": "LoadBalancerType",
                "namespace": "aws:elasticbeanstalk:environment",
                "resource": "",
                "value": "classic"
              },
              {
                "name": "LogPublicationControl",
                "namespace": "aws:elasticbeanstalk:hostmanager",
                "resource": "",
                "value": "false"
              },
              {
                "name": "LowerBreachScaleIncrement",
                "namespace": "aws:autoscaling:trigger",
                "resource": "",
                "value": "-1"
              },
              {
                "name": "LowerThreshold",
                "namespace": "aws:autoscaling:trigger",
                "resource": "",
                "value": "2000000"
              },
              {
                "name": "ManagedActionsEnabled",
                "namespace": "aws:elasticbeanstalk:managedactions",
                "resource": "",
                "value": "false"
              },
              {
                "name": "MaxBatchSize",
                "namespace": "aws:autoscaling:updatepolicy:rollingupdate",
                "resource": "",
                "value": ""
              },
              {
                "name": "MaxSize",
                "namespace": "aws:autoscaling:asg",
                "resource": "",
                "value": "6"
              },
              {
                "name": "MeasureName",
                "namespace": "aws:autoscaling:trigger",
                "resource": "",
                "value": "NetworkOut"
              },
              {
                "name": "MinInstancesInService",
                "namespace": "aws:autoscaling:updatepolicy:rollingupdate",
                "resource": "",
                "value": ""
              },
              {
                "name": "MinSize",
                "namespace": "aws:autoscaling:asg",
                "resource": "",
                "value": "1"
              },
              {
                "name": "MonitoringInterval",
                "namespace": "aws:autoscaling:launchconfiguration",
                "resource": "",
                "value": "5 minute"
              },
              {
                "name": "Notification Endpoint",
                "namespace": "aws:elasticbeanstalk:sns:topics",
                "resource": "",
                "value": ""
              },
              {
                "name": "Notification Protocol",
                "namespace": "aws:elasticbeanstalk:sns:topics",
                "resource": "",
                "value": "email"
              },
              {
                "name": "Notification Topic ARN",
                "namespace": "aws:elasticbeanstalk:sns:topics",
                "resource": "",
                "value": ""
              },
              {
                "name": "Notification Topic Name",
                "namespace": "aws:elasticbeanstalk:sns:topics",
                "resource": "",
                "value": ""
              },
              {
                "name": "PauseTime",
                "namespace": "aws:autoscaling:updatepolicy:rollingupdate",
                "resource": "",
                "value": ""
              },
              {
                "name": "Period",
                "namespace": "aws:autoscaling:trigger",
                "resource": "",
                "value": "5"
              },
              {
                "name": "PreferredStartTime",
                "namespace": "aws:elasticbeanstalk:managedactions",
                "resource": "",
                "value": ""
              },
              {
                "name": "ProxyServer",
                "namespace": "aws:elasticbeanstalk:environment:proxy",
                "resource": "",
                "value": "nginx"
              },
              {
                "name": "RetentionInDays",
                "namespace": "aws:elasticbeanstalk:cloudwatch:logs",
                "resource": "",
                "value": "7"
              },
              {
                "name": "RetentionInDays",
                "namespace": "aws:elasticbeanstalk:cloudwatch:logs:health",
                "resource": "",
                "value": "7"
              },
              {
                "name": "RollbackLaunchOnFailure",
                "namespace": "aws:elasticbeanstalk:control",
                "resource": "",
                "value": "false"
              },
              {
                "name": "RollingUpdateEnabled",
                "namespace": "aws:autoscaling:updatepolicy:rollingupdate",
                "resource": "",
                "value": "false"
              },
              {
                "name": "RollingUpdateType",
                "namespace": "aws:autoscaling:updatepolicy:rollingupdate",
                "resource": "",
                "value": "Time"
              },
              {
                "name": "RootVolumeIOPS",
                "namespace": "aws:autoscaling:launchconfiguration",
                "resource": "",
                "value": ""
              },
              {
                "name": "RootVolumeSize",
                "namespace": "aws:autoscaling:launchconfiguration",
                "resource": "",
                "value": ""
              },
              {
                "name": "RootVolumeThroughput",
                "namespace": "aws:autoscaling:launchconfiguration",
                "resource": "",
                "value": ""
              },
              {
                "name": "RootVolumeType",
                "namespace": "aws:autoscaling:launchconfiguration",
                "resource": "",
                "value": ""
              },
              {
                "name": "SSHSourceRestriction",
                "namespace": "aws:autoscaling:launchconfiguration",
                "resource": "",
                "value": "tcp,22,22,0.0.0.0/0"
              },
              {
                "name": "SSLCertificateId",
                "namespace": "aws:elb:listener:80",
                "resource": "",
                "value": ""
              },
              {
                "name": "SSLCertificateId",
                "namespace": "aws:elb:loadbalancer",
                "resource": "",
                "value": ""
              },
              {
                "name": "SecurityGroups",
                "namespace": "aws:autoscaling:launchconfiguration",
                "resource": "",
                "value": ""
              },
              {
                "name": "SecurityGroups",
                "namespace": "aws:elb:loadbalancer",
                "resource": "",
                "value": ""
              },
              {
                "name": "ServiceRole",
                "namespace": "aws:elasticbeanstalk:environment",
                "resource": "",
                "value": "AWSServiceRoleForElasticBeanstalk"
              },
              {
                "name": "ServiceRoleForManagedUpdates",
                "namespace": "aws:elasticbeanstalk:managedactions",
                "resource": "",
                "value": ""
              },
              {
                "name": "SpotFleetOnDemandAboveBasePercentage",
                "namespace": "aws:ec2:instances",
                "resource": "",
                "value": "70"
              },
              {
                "name": "SpotFleetOnDemandBase",
                "namespace": "aws:ec2:instances",
                "resource": "",
                "value": "0"
              },
              {
                "name": "SpotMaxPrice",
                "namespace": "aws:ec2:instances",
                "resource": "",
                "value": ""
              },
              {
                "name": "StaticFiles",
                "namespace": "aws:cloudformation:template:parameter",
                "resource": "",
                "value": ""
              },
              {
                "name": "Statistic",
                "namespace": "aws:autoscaling:trigger",
                "resource": "",
                "value": "Average"
              },
              {
                "name": "StreamLogs",
                "namespace": "aws:elasticbeanstalk:cloudwatch:logs",
                "resource": "",
                "value": "false"
              },
              {
                "name": "Subnets",
                "namespace": "aws:ec2:vpc",
                "resource": "",
                "value": "subnet-00fdaf74cb78041cd,subnet-0b8033d59d1ccae02,subnet-0dcef6c0f064c3e95"
              },
              {
                "name": "SupportedArchitectures",
                "namespace": "aws:ec2:instances",
                "resource": "",
                "value": "x86_64"
              },
              {
                "name": "SystemType",
                "namespace": "aws:elasticbeanstalk:healthreporting:system",
                "resource": "",
                "value": "enhanced"
              },
              {
                "name": "Target",
                "namespace": "aws:elb:healthcheck",
                "resource": "",
                "value": "TCP:80"
              },
              {
                "name": "Timeout",
                "namespace": "aws:autoscaling:updatepolicy:rollingupdate",
                "resource": "",
                "value": "PT30M"
              },
              {
                "name": "Timeout",
                "namespace": "aws:elasticbeanstalk:command",
                "resource": "",
                "value": "600"
              },
              {
                "name": "Timeout",
                "namespace": "aws:elb:healthcheck",
                "resource": "",
                "value": "5"
              },
              {
                "name": "UnhealthyThreshold",
                "namespace": "aws:elb:healthcheck",
                "resource": "",
                "value": "5"
              },
              {
                "name": "Unit",
                "namespace": "aws:autoscaling:trigger",
                "resource": "",
                "value": "Bytes"
              },
              {
                "name": "UpdateLevel",
                "namespace": "aws:elasticbeanstalk:managedactions:platformupdate",
                "resource": "",
                "value": ""
              },
              {
                "name": "UpperBreachScaleIncrement",
                "namespace": "aws:autoscaling:trigger",
                "resource": "",
                "value": "1"
              },
              {
                "name": "UpperThreshold",
                "namespace": "aws:autoscaling:trigger",
                "resource": "",
                "value": "6000000"
              },
              {
                "name": "VPCId",
                "namespace": "aws:ec2:vpc",
                "resource": "",
                "value": "vpc-0eb25ccf3cd2360d9"
              },
              {
                "name": "XRayEnabled",
                "namespace": "aws:elasticbeanstalk:xray",
                "resource": "",
                "value": "false"
              }
            ],
            "application": "soi-web-app",
            "arn": "arn:aws:elasticbeanstalk:eu-central-1:923473058470:environment/soi-web-app/soi-web-app-env",
            "autoscaling_groups": [
              "awseb-e-e3bj39yjny-stack-AWSEBAutoScalingGroup-1TX7X90G2ECRN"
            ],
            "cname": "soi-web-app-env.eba-2bfwjgkx.eu-central-1.elasticbeanstalk.com",
            "cname_prefix": "",
            "description": "environment for web",
            "endpoint_url": "awseb-e-e-AWSEBLoa-1MCE50M53EH6J-868149683.eu-central-1.elb.amazonaws.com",
            "id": "e-e3bj39yjny",
            "instances": [
              "i-0ad1ed9a3931ff03f"
            ],
            "launch_configurations": [
              "awseb-e-e3bj39yjny-stack-AWSEBAutoScalingLaunchConfiguration-kQilUWF4KC3I"
            ],
            "load_balancers": [
              "awseb-e-e-AWSEBLoa-1MCE50M53EH6J"
            ],
            "name": "soi-web-app-env",
            "platform_arn": "arn:aws:elasticbeanstalk:eu-central-1::platform/Node.js 14 running on 64bit Amazon Linux 2/5.4.10",
            "poll_interval": null,
            "queues": [],
            "setting": [
              {
                "name": "ELBSubnets",
                "namespace": "aws:ec2:vpc",
                "resource": "",
                "value": "subnet-0a24f9a5589e83fcf,subnet-0b16163f585b49115,subnet-0f207b4a03ed63b57"
              },
              {
                "name": "IamInstanceProfile",
                "namespace": "aws:autoscaling:launchconfiguration",
                "resource": "",
                "value": "aws-elasticbeanstalk-ec2-role"
              },
              {
                "name": "InstanceType",
                "namespace": "aws:autoscaling:launchconfiguration",
                "resource": "",
                "value": "t3.micro"
              },
              {
                "name": "MaxSize",
                "namespace": "aws:autoscaling:asg",
                "resource": "",
                "value": "6"
              },
              {
                "name": "MinSize",
                "namespace": "aws:autoscaling:asg",
                "resource": "",
                "value": "1"
              },
              {
                "name": "Subnets",
                "namespace": "aws:ec2:vpc",
                "resource": "",
                "value": "subnet-00fdaf74cb78041cd,subnet-0dcef6c0f064c3e95,subnet-0b8033d59d1ccae02"
              },
              {
                "name": "VPCId",
                "namespace": "aws:ec2:vpc",
                "resource": "",
                "value": "vpc-0eb25ccf3cd2360d9"
              }
            ],
            "solution_stack_name": "64bit Amazon Linux 2 v5.4.10 running Node.js 14",
            "tags": null,
            "tags_all": {},
            "template_name": null,
            "tier": "WebServer",
            "triggers": [],
            "version_label": "soi-web-app-version-label-11",
            "wait_for_ready_timeout": "20m"
          },
          "sensitive_attributes": [],
          "private": "eyJzY2hlbWFfdmVyc2lvbiI6IjEifQ==",
          "dependencies": [
            "aws_elastic_beanstalk_application.web_tf_eb_app",
            "aws_elastic_beanstalk_application_version.web_eb_app_ver",
            "aws_subnet.web_pri_subnet",
            "aws_subnet.web_pub_subnet",
            "aws_vpc.tf_eb_vpc"
          ]
        }
      ]
    },
    {
      "mode": "managed",
      "type": "aws_internet_gateway",
      "name": "tf_internet_gateway",
      "provider": "provider[\"registry.terraform.io/hashicorp/aws\"]",
      "instances": [
        {
          "schema_version": 0,
          "attributes": {
            "arn": "arn:aws:ec2:eu-central-1:923473058470:internet-gateway/igw-0fc89e5d9d3fdf73f",
            "id": "igw-0fc89e5d9d3fdf73f",
            "owner_id": "923473058470",
            "tags": {
              "Name": "soi-internet-gateway"
            },
            "tags_all": {
              "Name": "soi-internet-gateway"
            },
            "vpc_id": "vpc-0eb25ccf3cd2360d9"
          },
          "sensitive_attributes": [],
          "private": "bnVsbA==",
          "dependencies": [
            "aws_vpc.tf_eb_vpc"
          ],
          "create_before_destroy": true
        }
      ]
    },
    {
      "mode": "managed",
      "type": "aws_nat_gateway",
      "name": "tf_nat",
      "provider": "provider[\"registry.terraform.io/hashicorp/aws\"]",
      "instances": [
        {
          "schema_version": 0,
          "attributes": {
            "allocation_id": "eipalloc-09e2cd10c79222baf",
            "connectivity_type": "public",
            "id": "nat-0f68b52daa72babfa",
            "network_interface_id": "eni-0fe96836e146cb116",
            "private_ip": "10.0.0.211",
            "public_ip": "3.71.169.113",
            "subnet_id": "subnet-0a24f9a5589e83fcf",
            "tags": {
              "Name": "soi-nat"
            },
            "tags_all": {
              "Name": "soi-nat"
            }
          },
          "sensitive_attributes": [],
          "private": "bnVsbA==",
          "dependencies": [
            "aws_eip.tf_nat_eip",
            "aws_subnet.web_pub_subnet",
            "aws_vpc.tf_eb_vpc"
          ],
          "create_before_destroy": true
        }
      ]
    },
    {
      "mode": "managed",
      "type": "aws_rds_cluster",
      "name": "tf_db_cluster",
      "provider": "provider[\"registry.terraform.io/hashicorp/aws\"]",
      "instances": [
        {
          "schema_version": 0,
          "attributes": {
            "allow_major_version_upgrade": null,
            "apply_immediately": null,
            "arn": "arn:aws:rds:eu-central-1:923473058470:cluster:soi-db-cluster",
            "availability_zones": [
              "eu-central-1a",
              "eu-central-1b",
              "eu-central-1c"
            ],
            "backtrack_window": 0,
            "backup_retention_period": 1,
            "cluster_identifier": "soi-db-cluster",
            "cluster_identifier_prefix": null,
            "cluster_members": [
              "soi-rds-0",
              "soi-rds-1"
            ],
            "cluster_resource_id": "cluster-DS2HKXQH3ER546GUCMBMOYBGEQ",
            "copy_tags_to_snapshot": false,
            "database_name": "soi_db",
            "db_cluster_parameter_group_name": "default.aurora-postgresql12",
            "db_instance_parameter_group_name": null,
            "db_subnet_group_name": "soi-db_subnet_group",
            "deletion_protection": false,
            "enable_global_write_forwarding": false,
            "enable_http_endpoint": false,
            "enabled_cloudwatch_logs_exports": [],
            "endpoint": "soi-db-cluster.cluster-cf8da6cn8poc.eu-central-1.rds.amazonaws.com",
            "engine": "aurora-postgresql",
            "engine_mode": "provisioned",
            "engine_version": "12.7",
            "engine_version_actual": "12.7",
            "final_snapshot_identifier": null,
            "global_cluster_identifier": "",
            "hosted_zone_id": "Z1RLNUO7B9Q6NB",
            "iam_database_authentication_enabled": false,
            "iam_roles": [],
            "id": "soi-db-cluster",
            "kms_key_id": "",
            "master_password": "db_user_pass",
            "master_username": "db_user",
            "port": 5432,
            "preferred_backup_window": "01:37-02:07",
            "preferred_maintenance_window": "thu:03:02-thu:03:32",
            "reader_endpoint": "soi-db-cluster.cluster-ro-cf8da6cn8poc.eu-central-1.rds.amazonaws.com",
            "replication_source_identifier": "",
            "restore_to_point_in_time": [],
            "s3_import": [],
            "scaling_configuration": [],
            "skip_final_snapshot": true,
            "snapshot_identifier": null,
            "source_region": null,
            "storage_encrypted": false,
            "tags": {},
            "tags_all": {},
            "timeouts": null,
            "vpc_security_group_ids": [
              "sg-0589892ba4eaa2c37"
            ]
          },
          "sensitive_attributes": [],
          "private": "eyJlMmJmYjczMC1lY2FhLTExZTYtOGY4OC0zNDM2M2JjN2M0YzAiOnsiY3JlYXRlIjo3MjAwMDAwMDAwMDAwLCJkZWxldGUiOjcyMDAwMDAwMDAwMDAsInVwZGF0ZSI6NzIwMDAwMDAwMDAwMH19",
          "dependencies": [
            "aws_db_subnet_group.tf_db_subnet_group",
            "aws_security_group.API-Security-Group",
            "aws_security_group.DB-Security-Group",
            "aws_security_group.vpn_access",
            "aws_subnet.tf_db_subnet",
            "aws_vpc.tf_eb_vpc"
          ]
        }
      ]
    },
    {
      "mode": "managed",
      "type": "aws_rds_cluster_instance",
      "name": "tf_db_instance",
      "provider": "provider[\"registry.terraform.io/hashicorp/aws\"]",
      "instances": [
        {
          "index_key": 0,
          "schema_version": 0,
          "attributes": {
            "apply_immediately": null,
            "arn": "arn:aws:rds:eu-central-1:923473058470:db:soi-rds-0",
            "auto_minor_version_upgrade": true,
            "availability_zone": "eu-central-1c",
            "ca_cert_identifier": "rds-ca-2019",
            "cluster_identifier": "soi-db-cluster",
            "copy_tags_to_snapshot": false,
            "db_parameter_group_name": "default.aurora-postgresql12",
            "db_subnet_group_name": "soi-db_subnet_group",
            "dbi_resource_id": "db-5FPRF22C5NLJ6RGMNO7SPBJGQI",
            "endpoint": "soi-rds-0.cf8da6cn8poc.eu-central-1.rds.amazonaws.com",
            "engine": "aurora-postgresql",
            "engine_version": "12.7",
            "engine_version_actual": "12.7",
            "id": "soi-rds-0",
            "identifier": "soi-rds-0",
            "identifier_prefix": null,
            "instance_class": "db.t3.medium",
            "kms_key_id": "",
            "monitoring_interval": 0,
            "monitoring_role_arn": "",
            "performance_insights_enabled": false,
            "performance_insights_kms_key_id": "",
            "performance_insights_retention_period": 0,
            "port": 5432,
            "preferred_backup_window": "01:37-02:07",
            "preferred_maintenance_window": "sat:04:16-sat:04:46",
            "promotion_tier": 0,
            "publicly_accessible": false,
            "storage_encrypted": false,
            "tags": {},
            "tags_all": {},
            "timeouts": null,
            "writer": true
          },
          "sensitive_attributes": [],
          "private": "eyJlMmJmYjczMC1lY2FhLTExZTYtOGY4OC0zNDM2M2JjN2M0YzAiOnsiY3JlYXRlIjo1NDAwMDAwMDAwMDAwLCJkZWxldGUiOjU0MDAwMDAwMDAwMDAsInVwZGF0ZSI6NTQwMDAwMDAwMDAwMH19",
          "dependencies": [
            "aws_db_subnet_group.tf_db_subnet_group",
            "aws_rds_cluster.tf_db_cluster",
            "aws_security_group.API-Security-Group",
            "aws_security_group.DB-Security-Group",
            "aws_security_group.vpn_access",
            "aws_subnet.tf_db_subnet",
            "aws_vpc.tf_eb_vpc"
          ]
        },
        {
          "index_key": 1,
          "schema_version": 0,
          "attributes": {
            "apply_immediately": null,
            "arn": "arn:aws:rds:eu-central-1:923473058470:db:soi-rds-1",
            "auto_minor_version_upgrade": true,
            "availability_zone": "eu-central-1b",
            "ca_cert_identifier": "rds-ca-2019",
            "cluster_identifier": "soi-db-cluster",
            "copy_tags_to_snapshot": false,
            "db_parameter_group_name": "default.aurora-postgresql12",
            "db_subnet_group_name": "soi-db_subnet_group",
            "dbi_resource_id": "db-W4ZC5K4CIKRNYRATACRLYILTSM",
            "endpoint": "soi-rds-1.cf8da6cn8poc.eu-central-1.rds.amazonaws.com",
            "engine": "aurora-postgresql",
            "engine_version": "12.7",
            "engine_version_actual": "12.7",
            "id": "soi-rds-1",
            "identifier": "soi-rds-1",
            "identifier_prefix": null,
            "instance_class": "db.t3.medium",
            "kms_key_id": "",
            "monitoring_interval": 0,
            "monitoring_role_arn": "",
            "performance_insights_enabled": false,
            "performance_insights_kms_key_id": "",
            "performance_insights_retention_period": 0,
            "port": 5432,
            "preferred_backup_window": "01:37-02:07",
            "preferred_maintenance_window": "fri:23:00-fri:23:30",
            "promotion_tier": 0,
            "publicly_accessible": false,
            "storage_encrypted": false,
            "tags": {},
            "tags_all": {},
            "timeouts": null,
            "writer": false
          },
          "sensitive_attributes": [],
          "private": "eyJlMmJmYjczMC1lY2FhLTExZTYtOGY4OC0zNDM2M2JjN2M0YzAiOnsiY3JlYXRlIjo1NDAwMDAwMDAwMDAwLCJkZWxldGUiOjU0MDAwMDAwMDAwMDAsInVwZGF0ZSI6NTQwMDAwMDAwMDAwMH19",
          "dependencies": [
            "aws_db_subnet_group.tf_db_subnet_group",
            "aws_rds_cluster.tf_db_cluster",
            "aws_security_group.API-Security-Group",
            "aws_security_group.DB-Security-Group",
            "aws_security_group.vpn_access",
            "aws_subnet.tf_db_subnet",
            "aws_vpc.tf_eb_vpc"
          ]
        }
      ]
    },
    {
      "mode": "managed",
      "type": "aws_route",
      "name": "tf_route_pri",
      "provider": "provider[\"registry.terraform.io/hashicorp/aws\"]",
      "instances": [
        {
          "schema_version": 0,
          "attributes": {
            "carrier_gateway_id": "",
            "destination_cidr_block": "0.0.0.0/0",
            "destination_ipv6_cidr_block": "",
            "destination_prefix_list_id": "",
            "egress_only_gateway_id": "",
            "gateway_id": "",
            "id": "r-rtb-07d9622b981682a9f1080289494",
            "instance_id": "",
            "instance_owner_id": "",
            "local_gateway_id": "",
            "nat_gateway_id": "nat-0f68b52daa72babfa",
            "network_interface_id": "",
            "origin": "CreateRoute",
            "route_table_id": "rtb-07d9622b981682a9f",
            "state": "active",
            "timeouts": null,
            "transit_gateway_id": "",
            "vpc_endpoint_id": "",
            "vpc_peering_connection_id": ""
          },
          "sensitive_attributes": [],
          "private": "eyJlMmJmYjczMC1lY2FhLTExZTYtOGY4OC0zNDM2M2JjN2M0YzAiOnsiY3JlYXRlIjozMDAwMDAwMDAwMDAsImRlbGV0ZSI6MzAwMDAwMDAwMDAwLCJ1cGRhdGUiOjEyMDAwMDAwMDAwMH19",
          "dependencies": [
            "aws_eip.tf_nat_eip",
            "aws_nat_gateway.tf_nat",
            "aws_route_table.tf_r_table_pri",
            "aws_subnet.web_pub_subnet",
            "aws_vpc.tf_eb_vpc"
          ],
          "create_before_destroy": true
        }
      ]
    },
    {
      "mode": "managed",
      "type": "aws_route",
      "name": "tf_route_pub",
      "provider": "provider[\"registry.terraform.io/hashicorp/aws\"]",
      "instances": [
        {
          "schema_version": 0,
          "attributes": {
            "carrier_gateway_id": "",
            "destination_cidr_block": "0.0.0.0/0",
            "destination_ipv6_cidr_block": "",
            "destination_prefix_list_id": "",
            "egress_only_gateway_id": "",
            "gateway_id": "igw-0fc89e5d9d3fdf73f",
            "id": "r-rtb-0003bd42e9af713bc1080289494",
            "instance_id": "",
            "instance_owner_id": "",
            "local_gateway_id": "",
            "nat_gateway_id": "",
            "network_interface_id": "",
            "origin": "CreateRoute",
            "route_table_id": "rtb-0003bd42e9af713bc",
            "state": "active",
            "timeouts": null,
            "transit_gateway_id": "",
            "vpc_endpoint_id": "",
            "vpc_peering_connection_id": ""
          },
          "sensitive_attributes": [],
          "private": "eyJlMmJmYjczMC1lY2FhLTExZTYtOGY4OC0zNDM2M2JjN2M0YzAiOnsiY3JlYXRlIjozMDAwMDAwMDAwMDAsImRlbGV0ZSI6MzAwMDAwMDAwMDAwLCJ1cGRhdGUiOjEyMDAwMDAwMDAwMH19",
          "dependencies": [
            "aws_internet_gateway.tf_internet_gateway",
            "aws_route_table.tf_r_table_pub",
            "aws_vpc.tf_eb_vpc"
          ],
          "create_before_destroy": true
        }
      ]
    },
    {
      "mode": "managed",
      "type": "aws_route53_record",
      "name": "ebs-api-record",
      "provider": "provider[\"registry.terraform.io/hashicorp/aws\"]",
      "instances": [
        {
          "schema_version": 2,
          "attributes": {
            "alias": [],
            "allow_overwrite": null,
            "failover_routing_policy": [],
            "fqdn": "soi-api.polygon-project.ch",
            "geolocation_routing_policy": [],
            "health_check_id": "",
            "id": "Z04147162VG4FVTUKDUBB_soi-api.polygon-project.ch_CNAME",
            "latency_routing_policy": [],
            "multivalue_answer_routing_policy": null,
            "name": "soi-api.polygon-project.ch",
            "records": [
              "awseb-e-3-AWSEBLoa-1IZ6YI0M9XZO1-1479234452.eu-central-1.elb.amazonaws.com"
            ],
            "set_identifier": "",
            "ttl": 300,
            "type": "CNAME",
            "weighted_routing_policy": [],
            "zone_id": "Z04147162VG4FVTUKDUBB"
          },
          "sensitive_attributes": [],
          "private": "eyJzY2hlbWFfdmVyc2lvbiI6IjIifQ==",
          "dependencies": [
            "aws_elastic_beanstalk_application.api_tf_eb_app",
            "aws_elastic_beanstalk_application_version.api_eb_app_ver",
            "aws_elastic_beanstalk_environment.api_eb_env",
            "aws_rds_cluster.tf_db_cluster",
            "aws_route53_zone.main_zone",
            "aws_security_group.API-Security-Group",
            "aws_subnet.tf_db_subnet",
            "aws_subnet.web_pri_subnet",
            "aws_subnet.web_pub_subnet",
            "aws_vpc.tf_eb_vpc"
          ]
        }
      ]
    },
    {
      "mode": "managed",
      "type": "aws_route53_record",
      "name": "ebs-web-record",
      "provider": "provider[\"registry.terraform.io/hashicorp/aws\"]",
      "instances": [
        {
          "schema_version": 2,
          "attributes": {
            "alias": [],
            "allow_overwrite": null,
            "failover_routing_policy": [],
            "fqdn": "soi-web.polygon-project.ch",
            "geolocation_routing_policy": [],
            "health_check_id": "",
            "id": "Z04147162VG4FVTUKDUBB_soi-web.polygon-project.ch_CNAME",
            "latency_routing_policy": [],
            "multivalue_answer_routing_policy": null,
            "name": "soi-web.polygon-project.ch",
            "records": [
              "awseb-e-e-AWSEBLoa-1MCE50M53EH6J-868149683.eu-central-1.elb.amazonaws.com"
            ],
            "set_identifier": "",
            "ttl": 300,
            "type": "CNAME",
            "weighted_routing_policy": [],
            "zone_id": "Z04147162VG4FVTUKDUBB"
          },
          "sensitive_attributes": [],
          "private": "eyJzY2hlbWFfdmVyc2lvbiI6IjIifQ==",
          "dependencies": [
            "aws_elastic_beanstalk_application.web_tf_eb_app",
            "aws_elastic_beanstalk_application_version.web_eb_app_ver",
            "aws_elastic_beanstalk_environment.web_eb_env",
            "aws_route53_zone.main_zone",
            "aws_subnet.web_pri_subnet",
            "aws_subnet.web_pub_subnet",
            "aws_vpc.tf_eb_vpc"
          ]
        }
      ]
    },
    {
      "mode": "managed",
      "type": "aws_route53_zone",
      "name": "main_zone",
      "provider": "provider[\"registry.terraform.io/hashicorp/aws\"]",
      "instances": [
        {
          "schema_version": 0,
          "attributes": {
            "arn": "arn:aws:route53:::hostedzone/Z04147162VG4FVTUKDUBB",
            "comment": "Managed by Terraform",
            "delegation_set_id": "",
            "force_destroy": false,
            "id": "Z04147162VG4FVTUKDUBB",
            "name": "polygon-project.ch",
            "name_servers": [
              "ns-1044.awsdns-02.org",
              "ns-2039.awsdns-62.co.uk",
              "ns-254.awsdns-31.com",
              "ns-786.awsdns-34.net"
            ],
            "tags": {},
            "tags_all": {},
            "vpc": [],
            "zone_id": "Z04147162VG4FVTUKDUBB"
          },
          "sensitive_attributes": [],
          "private": "bnVsbA=="
        }
      ]
    },
    {
      "mode": "managed",
      "type": "aws_route_table",
      "name": "tf_r_table_pri",
      "provider": "provider[\"registry.terraform.io/hashicorp/aws\"]",
      "instances": [
        {
          "schema_version": 0,
          "attributes": {
            "arn": "arn:aws:ec2:eu-central-1:923473058470:route-table/rtb-07d9622b981682a9f",
            "id": "rtb-07d9622b981682a9f",
            "owner_id": "923473058470",
            "propagating_vgws": [],
            "route": [
              {
                "carrier_gateway_id": "",
                "cidr_block": "0.0.0.0/0",
                "destination_prefix_list_id": "",
                "egress_only_gateway_id": "",
                "gateway_id": "",
                "instance_id": "",
                "ipv6_cidr_block": "",
                "local_gateway_id": "",
                "nat_gateway_id": "nat-0f68b52daa72babfa",
                "network_interface_id": "",
                "transit_gateway_id": "",
                "vpc_endpoint_id": "",
                "vpc_peering_connection_id": ""
              }
            ],
            "tags": {
              "Name": "soi-r-table-pir",
              "SubnetType": "private"
            },
            "tags_all": {
              "Name": "soi-r-table-pir",
              "SubnetType": "private"
            },
            "timeouts": null,
            "vpc_id": "vpc-0eb25ccf3cd2360d9"
          },
          "sensitive_attributes": [],
          "private": "eyJlMmJmYjczMC1lY2FhLTExZTYtOGY4OC0zNDM2M2JjN2M0YzAiOnsiY3JlYXRlIjozMDAwMDAwMDAwMDAsImRlbGV0ZSI6MzAwMDAwMDAwMDAwLCJ1cGRhdGUiOjEyMDAwMDAwMDAwMH19",
          "dependencies": [
            "aws_vpc.tf_eb_vpc"
          ],
          "create_before_destroy": true
        }
      ]
    },
    {
      "mode": "managed",
      "type": "aws_route_table",
      "name": "tf_r_table_pub",
      "provider": "provider[\"registry.terraform.io/hashicorp/aws\"]",
      "instances": [
        {
          "schema_version": 0,
          "attributes": {
            "arn": "arn:aws:ec2:eu-central-1:923473058470:route-table/rtb-0003bd42e9af713bc",
            "id": "rtb-0003bd42e9af713bc",
            "owner_id": "923473058470",
            "propagating_vgws": [],
            "route": [
              {
                "carrier_gateway_id": "",
                "cidr_block": "0.0.0.0/0",
                "destination_prefix_list_id": "",
                "egress_only_gateway_id": "",
                "gateway_id": "igw-0fc89e5d9d3fdf73f",
                "instance_id": "",
                "ipv6_cidr_block": "",
                "local_gateway_id": "",
                "nat_gateway_id": "",
                "network_interface_id": "",
                "transit_gateway_id": "",
                "vpc_endpoint_id": "",
                "vpc_peering_connection_id": ""
              }
            ],
            "tags": {
              "Name": "soi-r-table-pub",
              "SubnetType": "public"
            },
            "tags_all": {
              "Name": "soi-r-table-pub",
              "SubnetType": "public"
            },
            "timeouts": null,
            "vpc_id": "vpc-0eb25ccf3cd2360d9"
          },
          "sensitive_attributes": [],
          "private": "eyJlMmJmYjczMC1lY2FhLTExZTYtOGY4OC0zNDM2M2JjN2M0YzAiOnsiY3JlYXRlIjozMDAwMDAwMDAwMDAsImRlbGV0ZSI6MzAwMDAwMDAwMDAwLCJ1cGRhdGUiOjEyMDAwMDAwMDAwMH19",
          "dependencies": [
            "aws_vpc.tf_eb_vpc"
          ],
          "create_before_destroy": true
        }
      ]
    },
    {
      "mode": "managed",
      "type": "aws_route_table_association",
      "name": "web_route_ass_pri",
      "provider": "provider[\"registry.terraform.io/hashicorp/aws\"]",
      "instances": [
        {
          "index_key": 0,
          "schema_version": 0,
          "attributes": {
            "gateway_id": "",
            "id": "rtbassoc-01b064f7d380f1864",
            "route_table_id": "rtb-07d9622b981682a9f",
            "subnet_id": "subnet-00fdaf74cb78041cd"
          },
          "sensitive_attributes": [],
          "private": "bnVsbA==",
          "dependencies": [
            "aws_route_table.tf_r_table_pri",
            "aws_subnet.web_pri_subnet",
            "aws_vpc.tf_eb_vpc"
          ],
          "create_before_destroy": true
        },
        {
          "index_key": 1,
          "schema_version": 0,
          "attributes": {
            "gateway_id": "",
            "id": "rtbassoc-08141c1aa5ff9529c",
            "route_table_id": "rtb-07d9622b981682a9f",
            "subnet_id": "subnet-0dcef6c0f064c3e95"
          },
          "sensitive_attributes": [],
          "private": "bnVsbA==",
          "dependencies": [
            "aws_route_table.tf_r_table_pri",
            "aws_subnet.web_pri_subnet",
            "aws_vpc.tf_eb_vpc"
          ],
          "create_before_destroy": true
        },
        {
          "index_key": 2,
          "schema_version": 0,
          "attributes": {
            "gateway_id": "",
            "id": "rtbassoc-043f0b9da9d71eb4a",
            "route_table_id": "rtb-07d9622b981682a9f",
            "subnet_id": "subnet-0b8033d59d1ccae02"
          },
          "sensitive_attributes": [],
          "private": "bnVsbA==",
          "dependencies": [
            "aws_route_table.tf_r_table_pri",
            "aws_subnet.web_pri_subnet",
            "aws_vpc.tf_eb_vpc"
          ],
          "create_before_destroy": true
        }
      ]
    },
    {
      "mode": "managed",
      "type": "aws_route_table_association",
      "name": "web_route_ass_pub",
      "provider": "provider[\"registry.terraform.io/hashicorp/aws\"]",
      "instances": [
        {
          "index_key": 0,
          "schema_version": 0,
          "attributes": {
            "gateway_id": "",
            "id": "rtbassoc-05c1c2317371ffbd5",
            "route_table_id": "rtb-0003bd42e9af713bc",
            "subnet_id": "subnet-0a24f9a5589e83fcf"
          },
          "sensitive_attributes": [],
          "private": "bnVsbA==",
          "dependencies": [
            "aws_route_table.tf_r_table_pub",
            "aws_subnet.web_pub_subnet",
            "aws_vpc.tf_eb_vpc"
          ],
          "create_before_destroy": true
        },
        {
          "index_key": 1,
          "schema_version": 0,
          "attributes": {
            "gateway_id": "",
            "id": "rtbassoc-00e1608fa2dbdbf79",
            "route_table_id": "rtb-0003bd42e9af713bc",
            "subnet_id": "subnet-0b16163f585b49115"
          },
          "sensitive_attributes": [],
          "private": "bnVsbA==",
          "dependencies": [
            "aws_route_table.tf_r_table_pub",
            "aws_subnet.web_pub_subnet",
            "aws_vpc.tf_eb_vpc"
          ],
          "create_before_destroy": true
        },
        {
          "index_key": 2,
          "schema_version": 0,
          "attributes": {
            "gateway_id": "",
            "id": "rtbassoc-083e7944c131b56ae",
            "route_table_id": "rtb-0003bd42e9af713bc",
            "subnet_id": "subnet-0f207b4a03ed63b57"
          },
          "sensitive_attributes": [],
          "private": "bnVsbA==",
          "dependencies": [
            "aws_route_table.tf_r_table_pub",
            "aws_subnet.web_pub_subnet",
            "aws_vpc.tf_eb_vpc"
          ],
          "create_before_destroy": true
        }
      ]
    },
    {
      "mode": "managed",
      "type": "aws_s3_bucket",
      "name": "tf_app_bucket",
      "provider": "provider[\"registry.terraform.io/hashicorp/aws\"]",
      "instances": [
        {
          "schema_version": 0,
          "attributes": {
            "acceleration_status": "",
            "acl": "private",
            "arn": "arn:aws:s3:::soi-app-bucket",
            "bucket": "soi-app-bucket",
            "bucket_domain_name": "soi-app-bucket.s3.amazonaws.com",
            "bucket_prefix": null,
            "bucket_regional_domain_name": "soi-app-bucket.s3.eu-central-1.amazonaws.com",
            "cors_rule": [],
            "force_destroy": false,
            "grant": [],
            "hosted_zone_id": "Z21DNDUVLTQW6Q",
            "id": "soi-app-bucket",
            "lifecycle_rule": [],
            "logging": [],
            "object_lock_configuration": [],
            "policy": null,
            "region": "eu-central-1",
            "replication_configuration": [],
            "request_payer": "BucketOwner",
            "server_side_encryption_configuration": [],
            "tags": {
              "Name": "soi-app-bucket"
            },
            "tags_all": {
              "Name": "soi-app-bucket"
            },
            "versioning": [
              {
                "enabled": false,
                "mfa_delete": false
              }
            ],
            "website": [],
            "website_domain": null,
            "website_endpoint": null
          },
          "sensitive_attributes": [],
          "private": "bnVsbA=="
        }
      ]
    },
    {
      "mode": "managed",
      "type": "aws_s3_bucket_object",
      "name": "api_tf_bucket_obj",
      "provider": "provider[\"registry.terraform.io/hashicorp/aws\"]",
      "instances": [
        {
          "schema_version": 0,
          "attributes": {
            "acl": "private",
            "bucket": "soi-app-bucket",
            "bucket_key_enabled": false,
            "cache_control": "",
            "content": null,
            "content_base64": null,
            "content_disposition": "",
            "content_encoding": "",
            "content_language": "",
            "content_type": "binary/octet-stream",
            "etag": "06c29d6a079ce27794f40d19629eb154-22",
            "force_destroy": false,
            "id": "soi-api-beanstalk/backend.zip",
            "key": "soi-api-beanstalk/backend.zip",
            "kms_key_id": null,
            "metadata": {},
            "object_lock_legal_hold_status": "",
            "object_lock_mode": "",
            "object_lock_retain_until_date": "",
            "server_side_encryption": "",
            "source": "backend.zip",
            "source_hash": null,
            "storage_class": "STANDARD",
            "tags": {},
            "tags_all": {},
            "version_id": "",
            "website_redirect": ""
          },
          "sensitive_attributes": [],
          "private": "bnVsbA==",
          "dependencies": [
            "aws_s3_bucket.tf_app_bucket"
          ]
        }
      ]
    },
    {
      "mode": "managed",
      "type": "aws_s3_bucket_object",
      "name": "web_tf_bucket_obj",
      "provider": "provider[\"registry.terraform.io/hashicorp/aws\"]",
      "instances": [
        {
          "schema_version": 0,
          "attributes": {
            "acl": "private",
            "bucket": "soi-app-bucket",
            "bucket_key_enabled": false,
            "cache_control": "",
            "content": null,
            "content_base64": null,
            "content_disposition": "",
            "content_encoding": "",
            "content_language": "",
            "content_type": "binary/octet-stream",
            "etag": "2424a36a7a17f1f1063dae680b566985-37",
            "force_destroy": false,
            "id": "soi-web-beanstalk/frontend.zip",
            "key": "soi-web-beanstalk/frontend.zip",
            "kms_key_id": null,
            "metadata": {},
            "object_lock_legal_hold_status": "",
            "object_lock_mode": "",
            "object_lock_retain_until_date": "",
            "server_side_encryption": "",
            "source": "frontend.zip",
            "source_hash": null,
            "storage_class": "STANDARD",
            "tags": {},
            "tags_all": {},
            "version_id": "",
            "website_redirect": ""
          },
          "sensitive_attributes": [],
          "private": "bnVsbA==",
          "dependencies": [
            "aws_s3_bucket.tf_app_bucket"
          ]
        }
      ]
    },
    {
      "mode": "managed",
      "type": "aws_security_group",
      "name": "API-Security-Group",
      "provider": "provider[\"registry.terraform.io/hashicorp/aws\"]",
      "instances": [
        {
          "schema_version": 1,
          "attributes": {
            "arn": "arn:aws:ec2:eu-central-1:923473058470:security-group/sg-0f7302737e1fefde2",
            "description": "Managed by Terraform",
            "egress": [
              {
                "cidr_blocks": [
                  "0.0.0.0/0"
                ],
                "description": "",
                "from_port": 0,
                "ipv6_cidr_blocks": [
                  "::/0"
                ],
                "prefix_list_ids": [],
                "protocol": "-1",
                "security_groups": [],
                "self": false,
                "to_port": 0
              }
            ],
            "id": "sg-0f7302737e1fefde2",
            "ingress": [
              {
                "cidr_blocks": [
                  "0.0.0.0/0"
                ],
                "description": "",
                "from_port": 3000,
                "ipv6_cidr_blocks": [
                  "::/0"
                ],
                "prefix_list_ids": [],
                "protocol": "tcp",
                "security_groups": [],
                "self": false,
                "to_port": 3000
              }
            ],
            "name": "soi-api-security-group",
            "name_prefix": "",
            "owner_id": "923473058470",
            "revoke_rules_on_delete": false,
            "tags": {},
            "tags_all": {},
            "timeouts": null,
            "vpc_id": "vpc-0eb25ccf3cd2360d9"
          },
          "sensitive_attributes": [],
          "private": "eyJlMmJmYjczMC1lY2FhLTExZTYtOGY4OC0zNDM2M2JjN2M0YzAiOnsiY3JlYXRlIjo2MDAwMDAwMDAwMDAsImRlbGV0ZSI6OTAwMDAwMDAwMDAwfSwic2NoZW1hX3ZlcnNpb24iOiIxIn0=",
          "dependencies": [
            "aws_vpc.tf_eb_vpc"
          ]
        }
      ]
    },
    {
      "mode": "managed",
      "type": "aws_security_group",
      "name": "DB-Security-Group",
      "provider": "provider[\"registry.terraform.io/hashicorp/aws\"]",
      "instances": [
        {
          "schema_version": 1,
          "attributes": {
            "arn": "arn:aws:ec2:eu-central-1:923473058470:security-group/sg-0589892ba4eaa2c37",
            "description": "Managed by Terraform",
            "egress": [
              {
                "cidr_blocks": [
                  "0.0.0.0/0"
                ],
                "description": "",
                "from_port": 0,
                "ipv6_cidr_blocks": [
                  "::/0"
                ],
                "prefix_list_ids": [],
                "protocol": "-1",
                "security_groups": [],
                "self": false,
                "to_port": 0
              }
            ],
            "id": "sg-0589892ba4eaa2c37",
            "ingress": [
              {
                "cidr_blocks": [],
                "description": "",
                "from_port": 5432,
                "ipv6_cidr_blocks": [],
                "prefix_list_ids": [],
                "protocol": "tcp",
                "security_groups": [
                  "sg-0aae990ba79ad5b90",
                  "sg-0f7302737e1fefde2"
                ],
                "self": false,
                "to_port": 5432
              }
            ],
            "name": "soi-db-security-group",
            "name_prefix": "",
            "owner_id": "923473058470",
            "revoke_rules_on_delete": false,
            "tags": {},
            "tags_all": {},
            "timeouts": null,
            "vpc_id": "vpc-0eb25ccf3cd2360d9"
          },
          "sensitive_attributes": [],
          "private": "eyJlMmJmYjczMC1lY2FhLTExZTYtOGY4OC0zNDM2M2JjN2M0YzAiOnsiY3JlYXRlIjo2MDAwMDAwMDAwMDAsImRlbGV0ZSI6OTAwMDAwMDAwMDAwfSwic2NoZW1hX3ZlcnNpb24iOiIxIn0=",
          "dependencies": [
            "aws_security_group.API-Security-Group",
            "aws_security_group.vpn_access",
            "aws_vpc.tf_eb_vpc"
          ]
        }
      ]
    },
    {
      "mode": "managed",
      "type": "aws_security_group",
      "name": "vpn_access",
      "provider": "provider[\"registry.terraform.io/hashicorp/aws\"]",
      "instances": [
        {
          "schema_version": 1,
          "attributes": {
            "arn": "arn:aws:ec2:eu-central-1:923473058470:security-group/sg-0aae990ba79ad5b90",
            "description": "Managed by Terraform",
            "egress": [
              {
                "cidr_blocks": [
                  "0.0.0.0/0"
                ],
                "description": "",
                "from_port": 0,
                "ipv6_cidr_blocks": [],
                "prefix_list_ids": [],
                "protocol": "-1",
                "security_groups": [],
                "self": false,
                "to_port": 0
              }
            ],
            "id": "sg-0aae990ba79ad5b90",
            "ingress": [
              {
                "cidr_blocks": [
                  "0.0.0.0/0"
                ],
                "description": "Incoming VPN connection",
                "from_port": 443,
                "ipv6_cidr_blocks": [],
                "prefix_list_ids": [],
                "protocol": "udp",
                "security_groups": [],
                "self": false,
                "to_port": 443
              }
            ],
            "name": "VPN access",
            "name_prefix": "",
            "owner_id": "923473058470",
            "revoke_rules_on_delete": false,
            "tags": {},
            "tags_all": {},
            "timeouts": null,
            "vpc_id": "vpc-0eb25ccf3cd2360d9"
          },
          "sensitive_attributes": [],
          "private": "eyJlMmJmYjczMC1lY2FhLTExZTYtOGY4OC0zNDM2M2JjN2M0YzAiOnsiY3JlYXRlIjo2MDAwMDAwMDAwMDAsImRlbGV0ZSI6OTAwMDAwMDAwMDAwfSwic2NoZW1hX3ZlcnNpb24iOiIxIn0=",
          "dependencies": [
            "aws_vpc.tf_eb_vpc"
          ]
        }
      ]
    },
    {
      "mode": "managed",
      "type": "aws_subnet",
      "name": "tf_db_subnet",
      "provider": "provider[\"registry.terraform.io/hashicorp/aws\"]",
      "instances": [
        {
          "index_key": 0,
          "schema_version": 1,
          "attributes": {
            "arn": "arn:aws:ec2:eu-central-1:923473058470:subnet/subnet-0f883aa2e439e95eb",
            "assign_ipv6_address_on_creation": false,
            "availability_zone": "eu-central-1a",
            "availability_zone_id": "euc1-az2",
            "cidr_block": "10.0.0.96/27",
            "customer_owned_ipv4_pool": "",
            "enable_dns64": false,
            "enable_resource_name_dns_a_record_on_launch": false,
            "enable_resource_name_dns_aaaa_record_on_launch": false,
            "id": "subnet-0f883aa2e439e95eb",
            "ipv6_cidr_block": "",
            "ipv6_cidr_block_association_id": "",
            "ipv6_native": false,
            "map_customer_owned_ip_on_launch": false,
            "map_public_ip_on_launch": false,
            "outpost_arn": "",
            "owner_id": "923473058470",
            "private_dns_hostname_type_on_launch": "ip-name",
            "tags": {},
            "tags_all": {},
            "timeouts": null,
            "vpc_id": "vpc-0eb25ccf3cd2360d9"
          },
          "sensitive_attributes": [],
          "private": "eyJlMmJmYjczMC1lY2FhLTExZTYtOGY4OC0zNDM2M2JjN2M0YzAiOnsiY3JlYXRlIjo2MDAwMDAwMDAwMDAsImRlbGV0ZSI6MTIwMDAwMDAwMDAwMH0sInNjaGVtYV92ZXJzaW9uIjoiMSJ9",
          "dependencies": [
            "aws_vpc.tf_eb_vpc"
          ]
        },
        {
          "index_key": 1,
          "schema_version": 1,
          "attributes": {
            "arn": "arn:aws:ec2:eu-central-1:923473058470:subnet/subnet-0ced4b1356f030f6e",
            "assign_ipv6_address_on_creation": false,
            "availability_zone": "eu-central-1b",
            "availability_zone_id": "euc1-az3",
            "cidr_block": "10.0.0.128/27",
            "customer_owned_ipv4_pool": "",
            "enable_dns64": false,
            "enable_resource_name_dns_a_record_on_launch": false,
            "enable_resource_name_dns_aaaa_record_on_launch": false,
            "id": "subnet-0ced4b1356f030f6e",
            "ipv6_cidr_block": "",
            "ipv6_cidr_block_association_id": "",
            "ipv6_native": false,
            "map_customer_owned_ip_on_launch": false,
            "map_public_ip_on_launch": false,
            "outpost_arn": "",
            "owner_id": "923473058470",
            "private_dns_hostname_type_on_launch": "ip-name",
            "tags": {},
            "tags_all": {},
            "timeouts": null,
            "vpc_id": "vpc-0eb25ccf3cd2360d9"
          },
          "sensitive_attributes": [],
          "private": "eyJlMmJmYjczMC1lY2FhLTExZTYtOGY4OC0zNDM2M2JjN2M0YzAiOnsiY3JlYXRlIjo2MDAwMDAwMDAwMDAsImRlbGV0ZSI6MTIwMDAwMDAwMDAwMH0sInNjaGVtYV92ZXJzaW9uIjoiMSJ9",
          "dependencies": [
            "aws_vpc.tf_eb_vpc"
          ]
        },
        {
          "index_key": 2,
          "schema_version": 1,
          "attributes": {
            "arn": "arn:aws:ec2:eu-central-1:923473058470:subnet/subnet-0ab1828ebab83d7c9",
            "assign_ipv6_address_on_creation": false,
            "availability_zone": "eu-central-1c",
            "availability_zone_id": "euc1-az1",
            "cidr_block": "10.0.0.160/27",
            "customer_owned_ipv4_pool": "",
            "enable_dns64": false,
            "enable_resource_name_dns_a_record_on_launch": false,
            "enable_resource_name_dns_aaaa_record_on_launch": false,
            "id": "subnet-0ab1828ebab83d7c9",
            "ipv6_cidr_block": "",
            "ipv6_cidr_block_association_id": "",
            "ipv6_native": false,
            "map_customer_owned_ip_on_launch": false,
            "map_public_ip_on_launch": false,
            "outpost_arn": "",
            "owner_id": "923473058470",
            "private_dns_hostname_type_on_launch": "ip-name",
            "tags": {},
            "tags_all": {},
            "timeouts": null,
            "vpc_id": "vpc-0eb25ccf3cd2360d9"
          },
          "sensitive_attributes": [],
          "private": "eyJlMmJmYjczMC1lY2FhLTExZTYtOGY4OC0zNDM2M2JjN2M0YzAiOnsiY3JlYXRlIjo2MDAwMDAwMDAwMDAsImRlbGV0ZSI6MTIwMDAwMDAwMDAwMH0sInNjaGVtYV92ZXJzaW9uIjoiMSJ9",
          "dependencies": [
            "aws_vpc.tf_eb_vpc"
          ]
        }
      ]
    },
    {
      "mode": "managed",
      "type": "aws_subnet",
      "name": "web_pri_subnet",
      "provider": "provider[\"registry.terraform.io/hashicorp/aws\"]",
      "instances": [
        {
          "index_key": 0,
          "schema_version": 1,
          "attributes": {
            "arn": "arn:aws:ec2:eu-central-1:923473058470:subnet/subnet-00fdaf74cb78041cd",
            "assign_ipv6_address_on_creation": false,
            "availability_zone": "eu-central-1a",
            "availability_zone_id": "euc1-az2",
            "cidr_block": "10.0.1.32/27",
            "customer_owned_ipv4_pool": "",
            "enable_dns64": false,
            "enable_resource_name_dns_a_record_on_launch": false,
            "enable_resource_name_dns_aaaa_record_on_launch": false,
            "id": "subnet-00fdaf74cb78041cd",
            "ipv6_cidr_block": "",
            "ipv6_cidr_block_association_id": "",
            "ipv6_native": false,
            "map_customer_owned_ip_on_launch": false,
            "map_public_ip_on_launch": false,
            "outpost_arn": "",
            "owner_id": "923473058470",
            "private_dns_hostname_type_on_launch": "ip-name",
            "tags": {
              "Name": "soi-web-pri-subnet-eu-central-1a",
              "Network": "NAT",
              "SubnetType": "private"
            },
            "tags_all": {
              "Name": "soi-web-pri-subnet-eu-central-1a",
              "Network": "NAT",
              "SubnetType": "private"
            },
            "timeouts": null,
            "vpc_id": "vpc-0eb25ccf3cd2360d9"
          },
          "sensitive_attributes": [],
          "private": "eyJlMmJmYjczMC1lY2FhLTExZTYtOGY4OC0zNDM2M2JjN2M0YzAiOnsiY3JlYXRlIjo2MDAwMDAwMDAwMDAsImRlbGV0ZSI6MTIwMDAwMDAwMDAwMH0sInNjaGVtYV92ZXJzaW9uIjoiMSJ9",
          "dependencies": [
            "aws_vpc.tf_eb_vpc"
          ],
          "create_before_destroy": true
        },
        {
          "index_key": 1,
          "schema_version": 1,
          "attributes": {
            "arn": "arn:aws:ec2:eu-central-1:923473058470:subnet/subnet-0dcef6c0f064c3e95",
            "assign_ipv6_address_on_creation": false,
            "availability_zone": "eu-central-1b",
            "availability_zone_id": "euc1-az3",
            "cidr_block": "10.0.1.64/27",
            "customer_owned_ipv4_pool": "",
            "enable_dns64": false,
            "enable_resource_name_dns_a_record_on_launch": false,
            "enable_resource_name_dns_aaaa_record_on_launch": false,
            "id": "subnet-0dcef6c0f064c3e95",
            "ipv6_cidr_block": "",
            "ipv6_cidr_block_association_id": "",
            "ipv6_native": false,
            "map_customer_owned_ip_on_launch": false,
            "map_public_ip_on_launch": false,
            "outpost_arn": "",
            "owner_id": "923473058470",
            "private_dns_hostname_type_on_launch": "ip-name",
            "tags": {
              "Name": "soi-web-pri-subnet-eu-central-1b",
              "Network": "NAT",
              "SubnetType": "private"
            },
            "tags_all": {
              "Name": "soi-web-pri-subnet-eu-central-1b",
              "Network": "NAT",
              "SubnetType": "private"
            },
            "timeouts": null,
            "vpc_id": "vpc-0eb25ccf3cd2360d9"
          },
          "sensitive_attributes": [],
          "private": "eyJlMmJmYjczMC1lY2FhLTExZTYtOGY4OC0zNDM2M2JjN2M0YzAiOnsiY3JlYXRlIjo2MDAwMDAwMDAwMDAsImRlbGV0ZSI6MTIwMDAwMDAwMDAwMH0sInNjaGVtYV92ZXJzaW9uIjoiMSJ9",
          "dependencies": [
            "aws_vpc.tf_eb_vpc"
          ],
          "create_before_destroy": true
        },
        {
          "index_key": 2,
          "schema_version": 1,
          "attributes": {
            "arn": "arn:aws:ec2:eu-central-1:923473058470:subnet/subnet-0b8033d59d1ccae02",
            "assign_ipv6_address_on_creation": false,
            "availability_zone": "eu-central-1c",
            "availability_zone_id": "euc1-az1",
            "cidr_block": "10.0.1.96/27",
            "customer_owned_ipv4_pool": "",
            "enable_dns64": false,
            "enable_resource_name_dns_a_record_on_launch": false,
            "enable_resource_name_dns_aaaa_record_on_launch": false,
            "id": "subnet-0b8033d59d1ccae02",
            "ipv6_cidr_block": "",
            "ipv6_cidr_block_association_id": "",
            "ipv6_native": false,
            "map_customer_owned_ip_on_launch": false,
            "map_public_ip_on_launch": false,
            "outpost_arn": "",
            "owner_id": "923473058470",
            "private_dns_hostname_type_on_launch": "ip-name",
            "tags": {
              "Name": "soi-web-pri-subnet-eu-central-1c",
              "Network": "NAT",
              "SubnetType": "private"
            },
            "tags_all": {
              "Name": "soi-web-pri-subnet-eu-central-1c",
              "Network": "NAT",
              "SubnetType": "private"
            },
            "timeouts": null,
            "vpc_id": "vpc-0eb25ccf3cd2360d9"
          },
          "sensitive_attributes": [],
          "private": "eyJlMmJmYjczMC1lY2FhLTExZTYtOGY4OC0zNDM2M2JjN2M0YzAiOnsiY3JlYXRlIjo2MDAwMDAwMDAwMDAsImRlbGV0ZSI6MTIwMDAwMDAwMDAwMH0sInNjaGVtYV92ZXJzaW9uIjoiMSJ9",
          "dependencies": [
            "aws_vpc.tf_eb_vpc"
          ],
          "create_before_destroy": true
        }
      ]
    },
    {
      "mode": "managed",
      "type": "aws_subnet",
      "name": "web_pub_subnet",
      "provider": "provider[\"registry.terraform.io/hashicorp/aws\"]",
      "instances": [
        {
          "index_key": 0,
          "schema_version": 1,
          "attributes": {
            "arn": "arn:aws:ec2:eu-central-1:923473058470:subnet/subnet-0a24f9a5589e83fcf",
            "assign_ipv6_address_on_creation": false,
            "availability_zone": "eu-central-1a",
            "availability_zone_id": "euc1-az2",
            "cidr_block": "10.0.0.192/27",
            "customer_owned_ipv4_pool": "",
            "enable_dns64": false,
            "enable_resource_name_dns_a_record_on_launch": false,
            "enable_resource_name_dns_aaaa_record_on_launch": false,
            "id": "subnet-0a24f9a5589e83fcf",
            "ipv6_cidr_block": "",
            "ipv6_cidr_block_association_id": "",
            "ipv6_native": false,
            "map_customer_owned_ip_on_launch": false,
            "map_public_ip_on_launch": true,
            "outpost_arn": "",
            "owner_id": "923473058470",
            "private_dns_hostname_type_on_launch": "ip-name",
            "tags": {
              "Name": "soi-web-pub-subnet-eu-central-1a",
              "SubnetType": "public"
            },
            "tags_all": {
              "Name": "soi-web-pub-subnet-eu-central-1a",
              "SubnetType": "public"
            },
            "timeouts": null,
            "vpc_id": "vpc-0eb25ccf3cd2360d9"
          },
          "sensitive_attributes": [],
          "private": "eyJlMmJmYjczMC1lY2FhLTExZTYtOGY4OC0zNDM2M2JjN2M0YzAiOnsiY3JlYXRlIjo2MDAwMDAwMDAwMDAsImRlbGV0ZSI6MTIwMDAwMDAwMDAwMH0sInNjaGVtYV92ZXJzaW9uIjoiMSJ9",
          "dependencies": [
            "aws_vpc.tf_eb_vpc"
          ],
          "create_before_destroy": true
        },
        {
          "index_key": 1,
          "schema_version": 1,
          "attributes": {
            "arn": "arn:aws:ec2:eu-central-1:923473058470:subnet/subnet-0b16163f585b49115",
            "assign_ipv6_address_on_creation": false,
            "availability_zone": "eu-central-1b",
            "availability_zone_id": "euc1-az3",
            "cidr_block": "10.0.0.224/27",
            "customer_owned_ipv4_pool": "",
            "enable_dns64": false,
            "enable_resource_name_dns_a_record_on_launch": false,
            "enable_resource_name_dns_aaaa_record_on_launch": false,
            "id": "subnet-0b16163f585b49115",
            "ipv6_cidr_block": "",
            "ipv6_cidr_block_association_id": "",
            "ipv6_native": false,
            "map_customer_owned_ip_on_launch": false,
            "map_public_ip_on_launch": true,
            "outpost_arn": "",
            "owner_id": "923473058470",
            "private_dns_hostname_type_on_launch": "ip-name",
            "tags": {
              "Name": "soi-web-pub-subnet-eu-central-1b",
              "SubnetType": "public"
            },
            "tags_all": {
              "Name": "soi-web-pub-subnet-eu-central-1b",
              "SubnetType": "public"
            },
            "timeouts": null,
            "vpc_id": "vpc-0eb25ccf3cd2360d9"
          },
          "sensitive_attributes": [],
          "private": "eyJlMmJmYjczMC1lY2FhLTExZTYtOGY4OC0zNDM2M2JjN2M0YzAiOnsiY3JlYXRlIjo2MDAwMDAwMDAwMDAsImRlbGV0ZSI6MTIwMDAwMDAwMDAwMH0sInNjaGVtYV92ZXJzaW9uIjoiMSJ9",
          "dependencies": [
            "aws_vpc.tf_eb_vpc"
          ],
          "create_before_destroy": true
        },
        {
          "index_key": 2,
          "schema_version": 1,
          "attributes": {
            "arn": "arn:aws:ec2:eu-central-1:923473058470:subnet/subnet-0f207b4a03ed63b57",
            "assign_ipv6_address_on_creation": false,
            "availability_zone": "eu-central-1c",
            "availability_zone_id": "euc1-az1",
            "cidr_block": "10.0.1.0/27",
            "customer_owned_ipv4_pool": "",
            "enable_dns64": false,
            "enable_resource_name_dns_a_record_on_launch": false,
            "enable_resource_name_dns_aaaa_record_on_launch": false,
            "id": "subnet-0f207b4a03ed63b57",
            "ipv6_cidr_block": "",
            "ipv6_cidr_block_association_id": "",
            "ipv6_native": false,
            "map_customer_owned_ip_on_launch": false,
            "map_public_ip_on_launch": true,
            "outpost_arn": "",
            "owner_id": "923473058470",
            "private_dns_hostname_type_on_launch": "ip-name",
            "tags": {
              "Name": "soi-web-pub-subnet-eu-central-1c",
              "SubnetType": "public"
            },
            "tags_all": {
              "Name": "soi-web-pub-subnet-eu-central-1c",
              "SubnetType": "public"
            },
            "timeouts": null,
            "vpc_id": "vpc-0eb25ccf3cd2360d9"
          },
          "sensitive_attributes": [],
          "private": "eyJlMmJmYjczMC1lY2FhLTExZTYtOGY4OC0zNDM2M2JjN2M0YzAiOnsiY3JlYXRlIjo2MDAwMDAwMDAwMDAsImRlbGV0ZSI6MTIwMDAwMDAwMDAwMH0sInNjaGVtYV92ZXJzaW9uIjoiMSJ9",
          "dependencies": [
            "aws_vpc.tf_eb_vpc"
          ],
          "create_before_destroy": true
        }
      ]
    },
    {
      "mode": "managed",
      "type": "aws_vpc",
      "name": "tf_eb_vpc",
      "provider": "provider[\"registry.terraform.io/hashicorp/aws\"]",
      "instances": [
        {
          "schema_version": 1,
          "attributes": {
            "arn": "arn:aws:ec2:eu-central-1:923473058470:vpc/vpc-0eb25ccf3cd2360d9",
            "assign_generated_ipv6_cidr_block": false,
            "cidr_block": "10.0.0.0/23",
            "default_network_acl_id": "acl-09ef6cc4732636b74",
            "default_route_table_id": "rtb-0e6b9cd3867119c13",
            "default_security_group_id": "sg-099b3ce160a93a17b",
            "dhcp_options_id": "dopt-2a41c440",
            "enable_classiclink": false,
            "enable_classiclink_dns_support": false,
            "enable_dns_hostnames": true,
            "enable_dns_support": true,
            "id": "vpc-0eb25ccf3cd2360d9",
            "instance_tenancy": "default",
            "ipv4_ipam_pool_id": null,
            "ipv4_netmask_length": null,
            "ipv6_association_id": "",
            "ipv6_cidr_block": "",
            "ipv6_cidr_block_network_border_group": "",
            "ipv6_ipam_pool_id": "",
            "ipv6_netmask_length": 0,
            "main_route_table_id": "rtb-0e6b9cd3867119c13",
            "owner_id": "923473058470",
            "tags": {
              "Name": "soi-main-vpc"
            },
            "tags_all": {
              "Name": "soi-main-vpc"
            }
          },
          "sensitive_attributes": [],
          "private": "eyJzY2hlbWFfdmVyc2lvbiI6IjEifQ==",
          "create_before_destroy": true
        }
      ]
    }
  ]
}
