{
  "version": 4,
  "terraform_version": "1.1.4",
  "serial": 169,
  "lineage": "190ef4e6-4c98-0ab1-9990-4922381d7c15",
  "outputs": {
    "api_eb_env_id": {
      "value": "e-rbfpirkunc",
      "type": "string"
    },
    "api_endpoint": {
      "value": "awseb-e-r-AWSEBLoa-19IU7F2RV55Q3-1261772768.eu-central-1.elb.amazonaws.com",
      "type": "string"
    },
    "api_instance_instances": {
      "value": [
        "i-04e5e0ff50f04ece6"
      ],
      "type": [
        "list",
        "string"
      ]
    },
    "cluster_end": {
      "value": "soi-db-cluster.cluster-cf8da6cn8poc.eu-central-1.rds.amazonaws.com",
      "type": "string"
    },
    "cluster_members": {
      "value": [],
      "type": [
        "set",
        "string"
      ]
    },
    "web_endpoint": {
      "value": "awseb-e-s-AWSEBLoa-VF2H1R8VCWO5-405390823.eu-central-1.elb.amazonaws.com",
      "type": "string"
    }
  },
  "resources": [
    {
      "mode": "managed",
      "type": "aws_db_subnet_group",
      "name": "tf_db_subnet_group",
      "provider": "provider[\"registry.terraform.io/hashicorp/aws\"]",
      "instances": [
        {
          "schema_version": 0,
          "attributes": {
            "arn": "arn:aws:rds:eu-central-1:923473058470:subgrp:soi-db_subnet_group",
            "description": "Managed by Terraform",
            "id": "soi-db_subnet_group",
            "name": "soi-db_subnet_group",
            "name_prefix": null,
            "subnet_ids": [
              "subnet-031300c45a4e36fad",
              "subnet-0e1131a18a51b80ff",
              "subnet-0f22fca6c0dade3ad"
            ],
            "tags": null,
            "tags_all": {}
          },
          "sensitive_attributes": [],
          "private": "bnVsbA==",
          "dependencies": [
            "aws_subnet.tf_db_subnet",
            "aws_vpc.tf_eb_vpc"
          ]
        }
      ]
    },
    {
      "mode": "managed",
      "type": "aws_eip",
      "name": "tf_nat_eip",
      "provider": "provider[\"registry.terraform.io/hashicorp/aws\"]",
      "instances": [
        {
          "schema_version": 0,
          "attributes": {
            "address": null,
            "allocation_id": "eipalloc-0b92026d86eb4ae1f",
            "associate_with_private_ip": null,
            "association_id": "",
            "carrier_ip": "",
            "customer_owned_ip": "",
            "customer_owned_ipv4_pool": "",
            "domain": "vpc",
            "id": "eipalloc-0b92026d86eb4ae1f",
            "instance": "",
            "network_border_group": "eu-central-1",
            "network_interface": "",
            "private_dns": null,
            "private_ip": "",
            "public_dns": "ec2-18-193-221-35.eu-central-1.compute.amazonaws.com",
            "public_ip": "18.193.221.35",
            "public_ipv4_pool": "amazon",
            "tags": {
              "Name": "soi-nat-eip",
              "Network": "NAT"
            },
            "tags_all": {
              "Name": "soi-nat-eip",
              "Network": "NAT"
            },
            "timeouts": null,
            "vpc": true
          },
          "sensitive_attributes": [],
          "private": "eyJlMmJmYjczMC1lY2FhLTExZTYtOGY4OC0zNDM2M2JjN2M0YzAiOnsiZGVsZXRlIjoxODAwMDAwMDAwMDAsInJlYWQiOjkwMDAwMDAwMDAwMCwidXBkYXRlIjozMDAwMDAwMDAwMDB9fQ==",
          "create_before_destroy": true
        }
      ]
    },
    {
      "mode": "managed",
      "type": "aws_elastic_beanstalk_application",
      "name": "api_tf_eb_app",
      "provider": "provider[\"registry.terraform.io/hashicorp/aws\"]",
      "instances": [
        {
          "schema_version": 0,
          "attributes": {
            "appversion_lifecycle": [],
            "arn": "arn:aws:elasticbeanstalk:eu-central-1:923473058470:application/soi-api-app",
            "description": "SOI live EBS app",
            "id": "soi-api-app",
            "name": "soi-api-app",
            "tags": null,
            "tags_all": {}
          },
          "sensitive_attributes": [],
          "private": "bnVsbA=="
        }
      ]
    },
    {
      "mode": "managed",
      "type": "aws_elastic_beanstalk_application",
      "name": "web_tf_eb_app",
      "provider": "provider[\"registry.terraform.io/hashicorp/aws\"]",
      "instances": [
        {
          "schema_version": 0,
          "attributes": {
            "appversion_lifecycle": [],
            "arn": "arn:aws:elasticbeanstalk:eu-central-1:923473058470:application/soi-web-app",
            "description": "SOI live EBS app",
            "id": "soi-web-app",
            "name": "soi-web-app",
            "tags": null,
            "tags_all": {}
          },
          "sensitive_attributes": [],
          "private": "bnVsbA=="
        }
      ]
    },
    {
      "mode": "managed",
      "type": "aws_elastic_beanstalk_application_version",
      "name": "api_eb_app_ver",
      "provider": "provider[\"registry.terraform.io/hashicorp/aws\"]",
      "instances": [
        {
          "schema_version": 0,
          "attributes": {
            "application": "soi-api-app",
            "arn": "arn:aws:elasticbeanstalk:eu-central-1:923473058470:applicationversion/soi-api-app/soi-api-app-version-label",
            "bucket": "soi-app-bucket",
            "description": "",
            "force_delete": false,
            "id": "soi-api-app-version-label",
            "key": "soi-api-beanstalk/backend.zip",
            "name": "soi-api-app-version-label",
            "tags": null,
            "tags_all": {}
          },
          "sensitive_attributes": [],
          "private": "bnVsbA==",
          "dependencies": [
            "aws_elastic_beanstalk_application.api_tf_eb_app",
            "aws_s3_bucket.tf_app_bucket",
            "aws_s3_bucket_object.api_tf_bucket_obj"
          ]
        }
      ]
    },
    {
      "mode": "managed",
      "type": "aws_elastic_beanstalk_application_version",
      "name": "web_eb_app_ver",
      "provider": "provider[\"registry.terraform.io/hashicorp/aws\"]",
      "instances": [
        {
          "schema_version": 0,
          "attributes": {
            "application": "soi-web-app",
            "arn": "arn:aws:elasticbeanstalk:eu-central-1:923473058470:applicationversion/soi-web-app/soi-web-app-version-label-11",
            "bucket": "soi-app-bucket",
            "description": "",
            "force_delete": false,
            "id": "soi-web-app-version-label-11",
            "key": "soi-web-beanstalk/frontend.zip",
            "name": "soi-web-app-version-label-11",
            "tags": null,
            "tags_all": {}
          },
          "sensitive_attributes": [],
          "private": "bnVsbA==",
          "dependencies": [
            "aws_elastic_beanstalk_application.web_tf_eb_app",
            "aws_s3_bucket.tf_app_bucket",
            "aws_s3_bucket_object.web_tf_bucket_obj"
          ]
        }
      ]
    },
    {
      "mode": "managed",
      "type": "aws_elastic_beanstalk_environment",
      "name": "api_eb_env",
      "provider": "provider[\"registry.terraform.io/hashicorp/aws\"]",
      "instances": [
        {
          "schema_version": 1,
          "attributes": {
            "all_settings": [
              {
                "name": "AWS_ACCESS_KEY_ID",
                "namespace": "aws:elasticbeanstalk:application:environment",
                "resource": "",
                "value": "AKIA5OA2ITKTNS52YK4I"
              },
              {
                "name": "AWS_KEY_ID",
                "namespace": "aws:elasticbeanstalk:application:environment",
                "resource": "",
                "value": "AKIA5OA2ITKTAGYPDOMD"
              },
              {
                "name": "AWS_LOG_BUCKET_NAME",
                "namespace": "aws:elasticbeanstalk:application:environment",
                "resource": "",
                "value": "soi-logs"
              },
              {
                "name": "AWS_PRIVATE_BUCKET_NAME",
                "namespace": "aws:elasticbeanstalk:application:environment",
                "resource": "",
                "value": "soi-private-bucket-production"
              },
              {
                "name": "AWS_PUBLIC_BUCKET_NAME",
                "namespace": "aws:elasticbeanstalk:application:environment",
                "resource": "",
                "value": "soi-public-bucket-production"
              },
              {
                "name": "AWS_REGION",
                "namespace": "aws:elasticbeanstalk:application:environment",
                "resource": "",
                "value": "eu-central-1"
              },
              {
                "name": "AWS_SECRET_ACCESS_KEY",
                "namespace": "aws:elasticbeanstalk:application:environment",
                "resource": "",
                "value": "3EwzrvfBPB4Y9UdmVFcqkZn/wnBcabODmO6V/IB1"
              },
              {
                "name": "AWS_SECRET_KEY",
                "namespace": "aws:elasticbeanstalk:application:environment",
                "resource": "",
                "value": "eCQso0xoXLWDVFwCVa461hc6MhBcoJ5y73/6Bkzf"
              },
              {
                "name": "AppSource",
                "namespace": "aws:cloudformation:template:parameter",
                "resource": "",
                "value": "https://elasticbeanstalk-platform-assets-eu-central-1.s3.eu-central-1.amazonaws.com/stalks/eb_nodejs14_amazon_linux_2_1.0.1395.0_20220128202110/sampleapp/EBSampleApp-Nodejs.zip"
              },
              {
                "name": "Application Healthcheck URL",
                "namespace": "aws:elasticbeanstalk:application",
                "resource": "",
                "value": "TCP:3000"
              },
              {
                "name": "AssociatePublicIpAddress",
                "namespace": "aws:ec2:vpc",
                "resource": "",
                "value": "false"
              },
              {
                "name": "Automatically Terminate Unhealthy Instances",
                "namespace": "aws:elasticbeanstalk:monitoring",
                "resource": "",
                "value": "true"
              },
              {
                "name": "Availability Zones",
                "namespace": "aws:autoscaling:asg",
                "resource": "",
                "value": "Any"
              },
              {
                "name": "BASE_URL",
                "namespace": "aws:elasticbeanstalk:application:environment",
                "resource": "",
                "value": "http://ebs-web.polygon-project.ch"
              },
              {
                "name": "BatchSize",
                "namespace": "aws:elasticbeanstalk:command",
                "resource": "",
                "value": "100"
              },
              {
                "name": "BatchSizeType",
                "namespace": "aws:elasticbeanstalk:command",
                "resource": "",
                "value": "Percentage"
              },
              {
                "name": "BlockDeviceMappings",
                "namespace": "aws:autoscaling:launchconfiguration",
                "resource": "",
                "value": ""
              },
              {
                "name": "BreachDuration",
                "namespace": "aws:autoscaling:trigger",
                "resource": "",
                "value": "5"
              },
              {
                "name": "CLOUDWATCH_GROUP_NAME",
                "namespace": "aws:elasticbeanstalk:application:environment",
                "resource": "",
                "value": "SOI"
              },
              {
                "name": "CLOUDWATCH_STREAM_NAME",
                "namespace": "aws:elasticbeanstalk:application:environment",
                "resource": "",
                "value": "API"
              },
              {
                "name": "COMPOSE_PROJECT_NAME",
                "namespace": "aws:elasticbeanstalk:application:environment",
                "resource": "",
                "value": "soi"
              },
              {
                "name": "CV_KEY_SECRET",
                "namespace": "aws:elasticbeanstalk:application:environment",
                "resource": "",
                "value": "Udi2k9SWVyRg1P4wFxMA5sTeH9ngtRUVHBMWjIoK"
              },
              {
                "name": "CW_ACCESS_KEY",
                "namespace": "aws:elasticbeanstalk:application:environment",
                "resource": "",
                "value": "AKIA5OA2ITKTLFLV5M7T"
              },
              {
                "name": "ConfigDocument",
                "namespace": "aws:elasticbeanstalk:healthreporting:system",
                "resource": "",
                "value": "{\"Version\":1,\"CloudWatchMetrics\":{\"Instance\":{\"CPUIrq\":null,\"LoadAverage5min\":null,\"ApplicationRequests5xx\":null,\"ApplicationRequests4xx\":null,\"CPUUser\":null,\"LoadAverage1min\":null,\"ApplicationLatencyP50\":null,\"CPUIdle\":null,\"InstanceHealth\":null,\"ApplicationLatencyP95\":null,\"ApplicationLatencyP85\":null,\"RootFilesystemUtil\":null,\"ApplicationLatencyP90\":null,\"CPUSystem\":null,\"ApplicationLatencyP75\":null,\"CPUSoftirq\":null,\"ApplicationLatencyP10\":null,\"ApplicationLatencyP99\":null,\"ApplicationRequestsTotal\":null,\"ApplicationLatencyP99.9\":null,\"ApplicationRequests3xx\":null,\"ApplicationRequests2xx\":null,\"CPUIowait\":null,\"CPUNice\":null},\"Environment\":{\"InstancesSevere\":null,\"InstancesDegraded\":null,\"ApplicationRequests5xx\":null,\"ApplicationRequests4xx\":null,\"ApplicationLatencyP50\":null,\"ApplicationLatencyP95\":null,\"ApplicationLatencyP85\":null,\"InstancesUnknown\":null,\"ApplicationLatencyP90\":null,\"InstancesInfo\":null,\"InstancesPending\":null,\"ApplicationLatencyP75\":null,\"ApplicationLatencyP10\":null,\"ApplicationLatencyP99\":null,\"ApplicationRequestsTotal\":null,\"InstancesNoData\":null,\"ApplicationLatencyP99.9\":null,\"ApplicationRequests3xx\":null,\"ApplicationRequests2xx\":null,\"InstancesOk\":null,\"InstancesWarning\":null}}}"
              },
              {
                "name": "ConnectionDrainingEnabled",
                "namespace": "aws:elb:policies",
                "resource": "",
                "value": "false"
              },
              {
                "name": "ConnectionDrainingTimeout",
                "namespace": "aws:elb:policies",
                "resource": "",
                "value": "20"
              },
              {
                "name": "ConnectionSettingIdleTimeout",
                "namespace": "aws:elb:policies",
                "resource": "",
                "value": "60"
              },
              {
                "name": "Cooldown",
                "namespace": "aws:autoscaling:asg",
                "resource": "",
                "value": "360"
              },
              {
                "name": "CrossZone",
                "namespace": "aws:elb:loadbalancer",
                "resource": "",
                "value": "false"
              },
              {
                "name": "Custom Availability Zones",
                "namespace": "aws:autoscaling:asg",
                "resource": "",
                "value": ""
              },
              {
                "name": "DATABASE_URL",
                "namespace": "aws:elasticbeanstalk:application:environment",
                "resource": "",
                "value": "pg://db_user:db_user_pass@soi-db-cluster.cluster-cf8da6cn8poc.eu-central-1.rds.amazonaws.com:5432/soidb"
              },
              {
                "name": "DB_DATABASE",
                "namespace": "aws:elasticbeanstalk:application:environment",
                "resource": "",
                "value": "soidb"
              },
              {
                "name": "DB_HOST",
                "namespace": "aws:elasticbeanstalk:application:environment",
                "resource": "",
                "value": "soi-db-cluster.cluster-cf8da6cn8poc.eu-central-1.rds.amazonaws.com"
              },
              {
                "name": "DB_PASSWORD",
                "namespace": "aws:elasticbeanstalk:application:environment",
                "resource": "",
                "value": "db_user_pass"
              },
              {
                "name": "DB_PORT",
                "namespace": "aws:elasticbeanstalk:application:environment",
                "resource": "",
                "value": "5432"
              },
              {
                "name": "DB_USER",
                "namespace": "aws:elasticbeanstalk:application:environment",
                "resource": "",
                "value": "db_user"
              },
              {
                "name": "DEV",
                "namespace": "aws:elasticbeanstalk:application:environment",
                "resource": "",
                "value": "false"
              },
              {
                "name": "DefaultSSHPort",
                "namespace": "aws:elasticbeanstalk:control",
                "resource": "",
                "value": "22"
              },
              {
                "name": "DeleteOnTerminate",
                "namespace": "aws:elasticbeanstalk:cloudwatch:logs",
                "resource": "",
                "value": "false"
              },
              {
                "name": "DeleteOnTerminate",
                "namespace": "aws:elasticbeanstalk:cloudwatch:logs:health",
                "resource": "",
                "value": "false"
              },
              {
                "name": "DeploymentPolicy",
                "namespace": "aws:elasticbeanstalk:command",
                "resource": "",
                "value": "AllAtOnce"
              },
              {
                "name": "DisableIMDSv1",
                "namespace": "aws:autoscaling:launchconfiguration",
                "resource": "",
                "value": "false"
              },
              {
                "name": "EC2KeyName",
                "namespace": "aws:autoscaling:launchconfiguration",
                "resource": "",
                "value": ""
              },
              {
                "name": "ELBScheme",
                "namespace": "aws:ec2:vpc",
                "resource": "",
                "value": "public"
              },
              {
                "name": "ELBSubnets",
                "namespace": "aws:ec2:vpc",
                "resource": "",
                "value": "subnet-049e14dbdc945a33f,subnet-05d9cad9a0ebae2c7,subnet-081c8b187190dda23"
              },
              {
                "name": "EMAIL_SENDER",
                "namespace": "aws:elasticbeanstalk:application:environment",
                "resource": "",
                "value": "info@soi-ag.ch"
              },
              {
                "name": "ENTITIES",
                "namespace": "aws:elasticbeanstalk:application:environment",
                "resource": "",
                "value": "**/**.entity.js"
              },
              {
                "name": "EnableCapacityRebalancing",
                "namespace": "aws:autoscaling:asg",
                "resource": "",
                "value": "false"
              },
              {
                "name": "EnableSpot",
                "namespace": "aws:ec2:instances",
                "resource": "",
                "value": "false"
              },
              {
                "name": "EnhancedHealthAuthEnabled",
                "namespace": "aws:elasticbeanstalk:healthreporting:system",
                "resource": "",
                "value": "true"
              },
              {
                "name": "EnvironmentType",
                "namespace": "aws:elasticbeanstalk:environment",
                "resource": "",
                "value": "LoadBalanced"
              },
              {
                "name": "EnvironmentVariables",
                "namespace": "aws:cloudformation:template:parameter",
                "resource": "",
                "value": "DB_PORT=5432,DB_USER=db_user,AWS_SECRET_ACCESS_KEY=3EwzrvfBPB4Y9UdmVFcqkZn/wnBcabODmO6V/IB1,USER_POOL_ID=eu-central-1_Fx5YjVdhK,CLOUDWATCH_GROUP_NAME=SOI,AWS_PRIVATE_BUCKET_NAME=soi-private-bucket-production,DATABASE_URL=pg://db_user:db_user_pass@soi-db-cluster.cluster-cf8da6cn8poc.eu-central-1.rds.amazonaws.com:5432/soidb,AWS_ACCESS_KEY_ID=AKIA5OA2ITKTNS52YK4I,AWS_SECRET_KEY=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,ENTITIES=**/**.entity.js,AWS_PUBLIC_BUCKET_NAME=soi-public-bucket-production,SERVER_PORT=3000,AWS_REGION=eu-central-1,AWS_LOG_BUCKET_NAME=soi-logs,EMAIL_SENDER=info@soi-ag.ch,DB_HOST=soi-db-cluster.cluster-cf8da6cn8poc.eu-central-1.rds.amazonaws.com,COMPOSE_PROJECT_NAME=soi,CV_KEY_SECRET=Udi2k9SWVyRg1P4wFxMA5sTeH9ngtRUVHBMWjIoK,CLOUDWATCH_STREAM_NAME=API,NOCODB_PORT=8000,DEV=false,AWS_KEY_ID=AKIA5OA2ITKTAGYPDOMD,SES_REGION=eu-west-1,BASE_URL=http://ebs-web.polygon-project.ch,CW_ACCESS_KEY=AKIA5OA2ITKTLFLV5M7T,USER_POOL_CLIENT_ID=5h4fcam55ktksdcd0cskqidcsj,DB_DATABASE=soidb,DB_PASSWORD=db_user_pass"
              },
              {
                "name": "EvaluationPeriods",
                "namespace": "aws:autoscaling:trigger",
                "resource": "",
                "value": "1"
              },
              {
                "name": "ExternalExtensionsS3Bucket",
                "namespace": "aws:elasticbeanstalk:environment",
                "resource": "",
                "value": ""
              },
              {
                "name": "ExternalExtensionsS3Key",
                "namespace": "aws:elasticbeanstalk:environment",
                "resource": "",
                "value": ""
              },
              {
                "name": "HasCoupledDatabase",
                "namespace": "aws:rds:dbinstance",
                "resource": "",
                "value": "false"
              },
              {
                "name": "HealthCheckSuccessThreshold",
                "namespace": "aws:elasticbeanstalk:healthreporting:system",
                "resource": "",
                "value": "Ok"
              },
              {
                "name": "HealthStreamingEnabled",
                "namespace": "aws:elasticbeanstalk:cloudwatch:logs:health",
                "resource": "",
                "value": "false"
              },
              {
                "name": "HealthyThreshold",
                "namespace": "aws:elb:healthcheck",
                "resource": "",
                "value": "3"
              },
              {
                "name": "HooksPkgUrl",
                "namespace": "aws:cloudformation:template:parameter",
                "resource": "",
                "value": "https://elasticbeanstalk-platform-assets-eu-central-1.s3.eu-central-1.amazonaws.com/stalks/eb_nodejs14_amazon_linux_2_1.0.1395.0_20220128202110/lib/hooks.tar.gz"
              },
              {
                "name": "IamInstanceProfile",
                "namespace": "aws:autoscaling:launchconfiguration",
                "resource": "",
                "value": "aws-elasticbeanstalk-ec2-role"
              },
              {
                "name": "IgnoreHealthCheck",
                "namespace": "aws:elasticbeanstalk:command",
                "resource": "",
                "value": "false"
              },
              {
                "name": "ImageId",
                "namespace": "aws:autoscaling:launchconfiguration",
                "resource": "",
                "value": "ami-07eb6ea1dcf933308"
              },
              {
                "name": "InstancePort",
                "namespace": "aws:cloudformation:template:parameter",
                "resource": "",
                "value": "80"
              },
              {
                "name": "InstancePort",
                "namespace": "aws:elb:listener:3000",
                "resource": "",
                "value": "3000"
              },
              {
                "name": "InstanceProtocol",
                "namespace": "aws:elb:listener:3000",
                "resource": "",
                "value": "TCP"
              },
              {
                "name": "InstanceRefreshEnabled",
                "namespace": "aws:elasticbeanstalk:managedactions:platformupdate",
                "resource": "",
                "value": "false"
              },
              {
                "name": "InstanceType",
                "namespace": "aws:autoscaling:launchconfiguration",
                "resource": "",
                "value": "t3.micro"
              },
              {
                "name": "InstanceTypeFamily",
                "namespace": "aws:cloudformation:template:parameter",
                "resource": "",
                "value": "t3"
              },
              {
                "name": "InstanceTypes",
                "namespace": "aws:ec2:instances",
                "resource": "",
                "value": "t3.micro"
              },
              {
                "name": "Interval",
                "namespace": "aws:elb:healthcheck",
                "resource": "",
                "value": "10"
              },
              {
                "name": "LaunchTimeout",
                "namespace": "aws:elasticbeanstalk:control",
                "resource": "",
                "value": "0"
              },
              {
                "name": "LaunchType",
                "namespace": "aws:elasticbeanstalk:control",
                "resource": "",
                "value": "Migration"
              },
              {
                "name": "ListenerEnabled",
                "namespace": "aws:elb:listener:3000",
                "resource": "",
                "value": "true"
              },
              {
                "name": "ListenerEnabled",
                "namespace": "aws:elb:listener:80",
                "resource": "",
                "value": "false"
              },
              {
                "name": "ListenerProtocol",
                "namespace": "aws:elb:listener:3000",
                "resource": "",
                "value": "TCP"
              },
              {
                "name": "LoadBalancerHTTPPort",
                "namespace": "aws:elb:loadbalancer",
                "resource": "",
                "value": "OFF"
              },
              {
                "name": "LoadBalancerHTTPSPort",
                "namespace": "aws:elb:loadbalancer",
                "resource": "",
                "value": "OFF"
              },
              {
                "name": "LoadBalancerPortProtocol",
                "namespace": "aws:elb:loadbalancer",
                "resource": "",
                "value": "HTTP"
              },
              {
                "name": "LoadBalancerSSLPortProtocol",
                "namespace": "aws:elb:loadbalancer",
                "resource": "",
                "value": "HTTPS"
              },
              {
                "name": "LoadBalancerType",
                "namespace": "aws:elasticbeanstalk:environment",
                "resource": "",
                "value": "classic"
              },
              {
                "name": "LogPublicationControl",
                "namespace": "aws:elasticbeanstalk:hostmanager",
                "resource": "",
                "value": "false"
              },
              {
                "name": "LowerBreachScaleIncrement",
                "namespace": "aws:autoscaling:trigger",
                "resource": "",
                "value": "-1"
              },
              {
                "name": "LowerThreshold",
                "namespace": "aws:autoscaling:trigger",
                "resource": "",
                "value": "2000000"
              },
              {
                "name": "ManagedActionsEnabled",
                "namespace": "aws:elasticbeanstalk:managedactions",
                "resource": "",
                "value": "false"
              },
              {
                "name": "MaxBatchSize",
                "namespace": "aws:autoscaling:updatepolicy:rollingupdate",
                "resource": "",
                "value": ""
              },
              {
                "name": "MaxSize",
                "namespace": "aws:autoscaling:asg",
                "resource": "",
                "value": "6"
              },
              {
                "name": "MeasureName",
                "namespace": "aws:autoscaling:trigger",
                "resource": "",
                "value": "NetworkOut"
              },
              {
                "name": "MinInstancesInService",
                "namespace": "aws:autoscaling:updatepolicy:rollingupdate",
                "resource": "",
                "value": ""
              },
              {
                "name": "MinSize",
                "namespace": "aws:autoscaling:asg",
                "resource": "",
                "value": "1"
              },
              {
                "name": "MonitoringInterval",
                "namespace": "aws:autoscaling:launchconfiguration",
                "resource": "",
                "value": "5 minute"
              },
              {
                "name": "NOCODB_PORT",
                "namespace": "aws:elasticbeanstalk:application:environment",
                "resource": "",
                "value": "8000"
              },
              {
                "name": "Notification Endpoint",
                "namespace": "aws:elasticbeanstalk:sns:topics",
                "resource": "",
                "value": ""
              },
              {
                "name": "Notification Protocol",
                "namespace": "aws:elasticbeanstalk:sns:topics",
                "resource": "",
                "value": "email"
              },
              {
                "name": "Notification Topic ARN",
                "namespace": "aws:elasticbeanstalk:sns:topics",
                "resource": "",
                "value": ""
              },
              {
                "name": "Notification Topic Name",
                "namespace": "aws:elasticbeanstalk:sns:topics",
                "resource": "",
                "value": ""
              },
              {
                "name": "PauseTime",
                "namespace": "aws:autoscaling:updatepolicy:rollingupdate",
                "resource": "",
                "value": ""
              },
              {
                "name": "Period",
                "namespace": "aws:autoscaling:trigger",
                "resource": "",
                "value": "5"
              },
              {
                "name": "PreferredStartTime",
                "namespace": "aws:elasticbeanstalk:managedactions",
                "resource": "",
                "value": ""
              },
              {
                "name": "ProxyServer",
                "namespace": "aws:elasticbeanstalk:environment:proxy",
                "resource": "",
                "value": "nginx"
              },
              {
                "name": "RetentionInDays",
                "namespace": "aws:elasticbeanstalk:cloudwatch:logs",
                "resource": "",
                "value": "7"
              },
              {
                "name": "RetentionInDays",
                "namespace": "aws:elasticbeanstalk:cloudwatch:logs:health",
                "resource": "",
                "value": "7"
              },
              {
                "name": "RollbackLaunchOnFailure",
                "namespace": "aws:elasticbeanstalk:control",
                "resource": "",
                "value": "false"
              },
              {
                "name": "RollingUpdateEnabled",
                "namespace": "aws:autoscaling:updatepolicy:rollingupdate",
                "resource": "",
                "value": "false"
              },
              {
                "name": "RollingUpdateType",
                "namespace": "aws:autoscaling:updatepolicy:rollingupdate",
                "resource": "",
                "value": "Time"
              },
              {
                "name": "RootVolumeIOPS",
                "namespace": "aws:autoscaling:launchconfiguration",
                "resource": "",
                "value": ""
              },
              {
                "name": "RootVolumeSize",
                "namespace": "aws:autoscaling:launchconfiguration",
                "resource": "",
                "value": ""
              },
              {
                "name": "RootVolumeThroughput",
                "namespace": "aws:autoscaling:launchconfiguration",
                "resource": "",
                "value": ""
              },
              {
                "name": "RootVolumeType",
                "namespace": "aws:autoscaling:launchconfiguration",
                "resource": "",
                "value": ""
              },
              {
                "name": "SERVER_PORT",
                "namespace": "aws:elasticbeanstalk:application:environment",
                "resource": "",
                "value": "3000"
              },
              {
                "name": "SES_REGION",
                "namespace": "aws:elasticbeanstalk:application:environment",
                "resource": "",
                "value": "eu-west-1"
              },
              {
                "name": "SSHSourceRestriction",
                "namespace": "aws:autoscaling:launchconfiguration",
                "resource": "",
                "value": "tcp,22,22,0.0.0.0/0"
              },
              {
                "name": "SSLCertificateId",
                "namespace": "aws:elb:listener:3000",
                "resource": "",
                "value": ""
              },
              {
                "name": "SSLCertificateId",
                "namespace": "aws:elb:loadbalancer",
                "resource": "",
                "value": ""
              },
              {
                "name": "SecurityGroups",
                "namespace": "aws:autoscaling:launchconfiguration",
                "resource": "",
                "value": "sg-02a3ca7cba0f9e05a"
              },
              {
                "name": "SecurityGroups",
                "namespace": "aws:elb:loadbalancer",
                "resource": "",
                "value": ""
              },
              {
                "name": "ServiceRole",
                "namespace": "aws:elasticbeanstalk:environment",
                "resource": "",
                "value": "AWSServiceRoleForElasticBeanstalk"
              },
              {
                "name": "ServiceRoleForManagedUpdates",
                "namespace": "aws:elasticbeanstalk:managedactions",
                "resource": "",
                "value": ""
              },
              {
                "name": "SpotFleetOnDemandAboveBasePercentage",
                "namespace": "aws:ec2:instances",
                "resource": "",
                "value": "70"
              },
              {
                "name": "SpotFleetOnDemandBase",
                "namespace": "aws:ec2:instances",
                "resource": "",
                "value": "0"
              },
              {
                "name": "SpotMaxPrice",
                "namespace": "aws:ec2:instances",
                "resource": "",
                "value": ""
              },
              {
                "name": "StaticFiles",
                "namespace": "aws:cloudformation:template:parameter",
                "resource": "",
                "value": ""
              },
              {
                "name": "Statistic",
                "namespace": "aws:autoscaling:trigger",
                "resource": "",
                "value": "Average"
              },
              {
                "name": "StreamLogs",
                "namespace": "aws:elasticbeanstalk:cloudwatch:logs",
                "resource": "",
                "value": "false"
              },
              {
                "name": "Subnets",
                "namespace": "aws:ec2:vpc",
                "resource": "",
                "value": "subnet-022f580a9302afc7c,subnet-05319496d48b4adda,subnet-062c37842892c7583"
              },
              {
                "name": "SupportedArchitectures",
                "namespace": "aws:ec2:instances",
                "resource": "",
                "value": "x86_64"
              },
              {
                "name": "SystemType",
                "namespace": "aws:elasticbeanstalk:healthreporting:system",
                "resource": "",
                "value": "enhanced"
              },
              {
                "name": "Target",
                "namespace": "aws:elb:healthcheck",
                "resource": "",
                "value": "TCP:3000"
              },
              {
                "name": "Timeout",
                "namespace": "aws:autoscaling:updatepolicy:rollingupdate",
                "resource": "",
                "value": "PT30M"
              },
              {
                "name": "Timeout",
                "namespace": "aws:elasticbeanstalk:command",
                "resource": "",
                "value": "600"
              },
              {
                "name": "Timeout",
                "namespace": "aws:elb:healthcheck",
                "resource": "",
                "value": "5"
              },
              {
                "name": "USER_POOL_CLIENT_ID",
                "namespace": "aws:elasticbeanstalk:application:environment",
                "resource": "",
                "value": "5h4fcam55ktksdcd0cskqidcsj"
              },
              {
                "name": "USER_POOL_ID",
                "namespace": "aws:elasticbeanstalk:application:environment",
                "resource": "",
                "value": "eu-central-1_Fx5YjVdhK"
              },
              {
                "name": "UnhealthyThreshold",
                "namespace": "aws:elb:healthcheck",
                "resource": "",
                "value": "5"
              },
              {
                "name": "Unit",
                "namespace": "aws:autoscaling:trigger",
                "resource": "",
                "value": "Bytes"
              },
              {
                "name": "UpdateLevel",
                "namespace": "aws:elasticbeanstalk:managedactions:platformupdate",
                "resource": "",
                "value": ""
              },
              {
                "name": "UpperBreachScaleIncrement",
                "namespace": "aws:autoscaling:trigger",
                "resource": "",
                "value": "1"
              },
              {
                "name": "UpperThreshold",
                "namespace": "aws:autoscaling:trigger",
                "resource": "",
                "value": "6000000"
              },
              {
                "name": "VPCId",
                "namespace": "aws:ec2:vpc",
                "resource": "",
                "value": "vpc-03bdb9a5916b52215"
              },
              {
                "name": "XRayEnabled",
                "namespace": "aws:elasticbeanstalk:xray",
                "resource": "",
                "value": "false"
              }
            ],
            "application": "soi-api-app",
            "arn": "arn:aws:elasticbeanstalk:eu-central-1:923473058470:environment/soi-api-app/soi-api-app-env",
            "autoscaling_groups": [
              "awseb-e-rbfpirkunc-stack-AWSEBAutoScalingGroup-1GV6Z7X0N9LC6"
            ],
            "cname": "soi-api-app-env.eba-dvupthp2.eu-central-1.elasticbeanstalk.com",
            "cname_prefix": "",
            "description": "environment for api",
            "endpoint_url": "awseb-e-r-AWSEBLoa-19IU7F2RV55Q3-1261772768.eu-central-1.elb.amazonaws.com",
            "id": "e-rbfpirkunc",
            "instances": [
              "i-04e5e0ff50f04ece6"
            ],
            "launch_configurations": [
              "awseb-e-rbfpirkunc-stack-AWSEBAutoScalingLaunchConfiguration-9qlCFkUqfKrj"
            ],
            "load_balancers": [
              "awseb-e-r-AWSEBLoa-19IU7F2RV55Q3"
            ],
            "name": "soi-api-app-env",
            "platform_arn": "arn:aws:elasticbeanstalk:eu-central-1::platform/Node.js 14 running on 64bit Amazon Linux 2/5.4.10",
            "poll_interval": null,
            "queues": [],
            "setting": [
              {
                "name": "AWS_ACCESS_KEY_ID",
                "namespace": "aws:elasticbeanstalk:application:environment",
                "resource": "",
                "value": "AKIA5OA2ITKTNS52YK4I"
              },
              {
                "name": "AWS_KEY_ID",
                "namespace": "aws:elasticbeanstalk:application:environment",
                "resource": "",
                "value": "AKIA5OA2ITKTAGYPDOMD"
              },
              {
                "name": "AWS_LOG_BUCKET_NAME",
                "namespace": "aws:elasticbeanstalk:application:environment",
                "resource": "",
                "value": "soi-logs"
              },
              {
                "name": "AWS_PRIVATE_BUCKET_NAME",
                "namespace": "aws:elasticbeanstalk:application:environment",
                "resource": "",
                "value": "soi-private-bucket-production"
              },
              {
                "name": "AWS_PUBLIC_BUCKET_NAME",
                "namespace": "aws:elasticbeanstalk:application:environment",
                "resource": "",
                "value": "soi-public-bucket-production"
              },
              {
                "name": "AWS_REGION",
                "namespace": "aws:elasticbeanstalk:application:environment",
                "resource": "",
                "value": "eu-central-1"
              },
              {
                "name": "AWS_SECRET_ACCESS_KEY",
                "namespace": "aws:elasticbeanstalk:application:environment",
                "resource": "",
                "value": "3EwzrvfBPB4Y9UdmVFcqkZn/wnBcabODmO6V/IB1"
              },
              {
                "name": "AWS_SECRET_KEY",
                "namespace": "aws:elasticbeanstalk:application:environment",
                "resource": "",
                "value": "eCQso0xoXLWDVFwCVa461hc6MhBcoJ5y73/6Bkzf"
              },
              {
                "name": "Application Healthcheck URL",
                "namespace": "aws:elasticbeanstalk:application",
                "resource": "",
                "value": "TCP:3000"
              },
              {
                "name": "BASE_URL",
                "namespace": "aws:elasticbeanstalk:application:environment",
                "resource": "",
                "value": "http://ebs-web.polygon-project.ch"
              },
              {
                "name": "CLOUDWATCH_GROUP_NAME",
                "namespace": "aws:elasticbeanstalk:application:environment",
                "resource": "",
                "value": "SOI"
              },
              {
                "name": "CLOUDWATCH_STREAM_NAME",
                "namespace": "aws:elasticbeanstalk:application:environment",
                "resource": "",
                "value": "API"
              },
              {
                "name": "COMPOSE_PROJECT_NAME",
                "namespace": "aws:elasticbeanstalk:application:environment",
                "resource": "",
                "value": "soi"
              },
              {
                "name": "CV_KEY_SECRET",
                "namespace": "aws:elasticbeanstalk:application:environment",
                "resource": "",
                "value": "Udi2k9SWVyRg1P4wFxMA5sTeH9ngtRUVHBMWjIoK"
              },
              {
                "name": "CW_ACCESS_KEY",
                "namespace": "aws:elasticbeanstalk:application:environment",
                "resource": "",
                "value": "AKIA5OA2ITKTLFLV5M7T"
              },
              {
                "name": "DATABASE_URL",
                "namespace": "aws:elasticbeanstalk:application:environment",
                "resource": "",
                "value": "pg://db_user:db_user_pass@soi-db-cluster.cluster-cf8da6cn8poc.eu-central-1.rds.amazonaws.com:5432/soidb"
              },
              {
                "name": "DBSubnets",
                "namespace": "aws:ec2:vpc",
                "resource": "",
                "value": "subnet-0f22fca6c0dade3ad,subnet-0e1131a18a51b80ff,subnet-031300c45a4e36fad"
              },
              {
                "name": "DB_DATABASE",
                "namespace": "aws:elasticbeanstalk:application:environment",
                "resource": "",
                "value": "soidb"
              },
              {
                "name": "DB_HOST",
                "namespace": "aws:elasticbeanstalk:application:environment",
                "resource": "",
                "value": "soi-db-cluster.cluster-cf8da6cn8poc.eu-central-1.rds.amazonaws.com"
              },
              {
                "name": "DB_PASSWORD",
                "namespace": "aws:elasticbeanstalk:application:environment",
                "resource": "",
                "value": "db_user_pass"
              },
              {
                "name": "DB_PORT",
                "namespace": "aws:elasticbeanstalk:application:environment",
                "resource": "",
                "value": "5432"
              },
              {
                "name": "DB_USER",
                "namespace": "aws:elasticbeanstalk:application:environment",
                "resource": "",
                "value": "db_user"
              },
              {
                "name": "DEV",
                "namespace": "aws:elasticbeanstalk:application:environment",
                "resource": "",
                "value": "false"
              },
              {
                "name": "ELBSubnets",
                "namespace": "aws:ec2:vpc",
                "resource": "",
                "value": "subnet-05d9cad9a0ebae2c7,subnet-081c8b187190dda23,subnet-049e14dbdc945a33f"
              },
              {
                "name": "EMAIL_SENDER",
                "namespace": "aws:elasticbeanstalk:application:environment",
                "resource": "",
                "value": "info@soi-ag.ch"
              },
              {
                "name": "ENTITIES",
                "namespace": "aws:elasticbeanstalk:application:environment",
                "resource": "",
                "value": "**/**.entity.js"
              },
              {
                "name": "IamInstanceProfile",
                "namespace": "aws:autoscaling:launchconfiguration",
                "resource": "",
                "value": "aws-elasticbeanstalk-ec2-role"
              },
              {
                "name": "InstancePort",
                "namespace": "aws:elb:listener:3000",
                "resource": "",
                "value": "3000"
              },
              {
                "name": "InstanceProtocol",
                "namespace": "aws:elb:listener:3000",
                "resource": "",
                "value": "TCP"
              },
              {
                "name": "InstanceType",
                "namespace": "aws:autoscaling:launchconfiguration",
                "resource": "",
                "value": "t3.micro"
              },
              {
                "name": "ListenerEnabled",
                "namespace": "aws:elb:listener:80",
                "resource": "",
                "value": "false"
              },
              {
                "name": "ListenerProtocol",
                "namespace": "aws:elb:listener:3000",
                "resource": "",
                "value": "TCP"
              },
              {
                "name": "MaxSize",
                "namespace": "aws:autoscaling:asg",
                "resource": "",
                "value": "6"
              },
              {
                "name": "MinSize",
                "namespace": "aws:autoscaling:asg",
                "resource": "",
                "value": "1"
              },
              {
                "name": "NOCODB_PORT",
                "namespace": "aws:elasticbeanstalk:application:environment",
                "resource": "",
                "value": "8000"
              },
              {
                "name": "SERVER_PORT",
                "namespace": "aws:elasticbeanstalk:application:environment",
                "resource": "",
                "value": "3000"
              },
              {
                "name": "SES_REGION",
                "namespace": "aws:elasticbeanstalk:application:environment",
                "resource": "",
                "value": "eu-west-1"
              },
              {
                "name": "SecurityGroups",
                "namespace": "aws:autoscaling:launchconfiguration",
                "resource": "",
                "value": "sg-02a3ca7cba0f9e05a"
              },
              {
                "name": "Subnets",
                "namespace": "aws:ec2:vpc",
                "resource": "",
                "value": "subnet-022f580a9302afc7c,subnet-05319496d48b4adda,subnet-062c37842892c7583"
              },
              {
                "name": "USER_POOL_CLIENT_ID",
                "namespace": "aws:elasticbeanstalk:application:environment",
                "resource": "",
                "value": "5h4fcam55ktksdcd0cskqidcsj"
              },
              {
                "name": "USER_POOL_ID",
                "namespace": "aws:elasticbeanstalk:application:environment",
                "resource": "",
                "value": "eu-central-1_Fx5YjVdhK"
              },
              {
                "name": "VPCId",
                "namespace": "aws:ec2:vpc",
                "resource": "",
                "value": "vpc-03bdb9a5916b52215"
              }
            ],
            "solution_stack_name": "64bit Amazon Linux 2 v5.4.10 running Node.js 14",
            "tags": null,
            "tags_all": {},
            "template_name": null,
            "tier": "WebServer",
            "triggers": [],
            "version_label": "soi-api-app-version-label",
            "wait_for_ready_timeout": "20m"
          },
          "sensitive_attributes": [
            [
              {
                "type": "get_attr",
                "value": "setting"
              }
            ]
          ],
          "private": "eyJzY2hlbWFfdmVyc2lvbiI6IjEifQ==",
          "dependencies": [
            "aws_db_subnet_group.tf_db_subnet_group",
            "aws_elastic_beanstalk_application.api_tf_eb_app",
            "aws_elastic_beanstalk_application_version.api_eb_app_ver",
            "aws_rds_cluster.tf_db_cluster",
            "aws_s3_bucket.tf_app_bucket",
            "aws_s3_bucket_object.api_tf_bucket_obj",
            "aws_security_group.API-Security-Group",
            "aws_security_group.DB-Security-Group",
            "aws_subnet.tf_db_subnet",
            "aws_subnet.web_pri_subnet",
            "aws_subnet.web_pub_subnet",
            "aws_vpc.tf_eb_vpc"
          ]
        }
      ]
    },
    {
      "mode": "managed",
      "type": "aws_elastic_beanstalk_environment",
      "name": "web_eb_env",
      "provider": "provider[\"registry.terraform.io/hashicorp/aws\"]",
      "instances": [
        {
          "schema_version": 1,
          "attributes": {
            "all_settings": [
              {
                "name": "AppSource",
                "namespace": "aws:cloudformation:template:parameter",
                "resource": "",
                "value": "https://elasticbeanstalk-platform-assets-eu-central-1.s3.eu-central-1.amazonaws.com/stalks/eb_nodejs14_amazon_linux_2_1.0.1395.0_20220128202110/sampleapp/EBSampleApp-Nodejs.zip"
              },
              {
                "name": "Application Healthcheck URL",
                "namespace": "aws:elasticbeanstalk:application",
                "resource": "",
                "value": ""
              },
              {
                "name": "AssociatePublicIpAddress",
                "namespace": "aws:ec2:vpc",
                "resource": "",
                "value": "false"
              },
              {
                "name": "Automatically Terminate Unhealthy Instances",
                "namespace": "aws:elasticbeanstalk:monitoring",
                "resource": "",
                "value": "true"
              },
              {
                "name": "Availability Zones",
                "namespace": "aws:autoscaling:asg",
                "resource": "",
                "value": "Any"
              },
              {
                "name": "BatchSize",
                "namespace": "aws:elasticbeanstalk:command",
                "resource": "",
                "value": "100"
              },
              {
                "name": "BatchSizeType",
                "namespace": "aws:elasticbeanstalk:command",
                "resource": "",
                "value": "Percentage"
              },
              {
                "name": "BlockDeviceMappings",
                "namespace": "aws:autoscaling:launchconfiguration",
                "resource": "",
                "value": ""
              },
              {
                "name": "BreachDuration",
                "namespace": "aws:autoscaling:trigger",
                "resource": "",
                "value": "5"
              },
              {
                "name": "ConfigDocument",
                "namespace": "aws:elasticbeanstalk:healthreporting:system",
                "resource": "",
                "value": "{\"Version\":1,\"CloudWatchMetrics\":{\"Instance\":{\"CPUIrq\":null,\"LoadAverage5min\":null,\"ApplicationRequests5xx\":null,\"ApplicationRequests4xx\":null,\"CPUUser\":null,\"LoadAverage1min\":null,\"ApplicationLatencyP50\":null,\"CPUIdle\":null,\"InstanceHealth\":null,\"ApplicationLatencyP95\":null,\"ApplicationLatencyP85\":null,\"RootFilesystemUtil\":null,\"ApplicationLatencyP90\":null,\"CPUSystem\":null,\"ApplicationLatencyP75\":null,\"CPUSoftirq\":null,\"ApplicationLatencyP10\":null,\"ApplicationLatencyP99\":null,\"ApplicationRequestsTotal\":null,\"ApplicationLatencyP99.9\":null,\"ApplicationRequests3xx\":null,\"ApplicationRequests2xx\":null,\"CPUIowait\":null,\"CPUNice\":null},\"Environment\":{\"InstancesSevere\":null,\"InstancesDegraded\":null,\"ApplicationRequests5xx\":null,\"ApplicationRequests4xx\":null,\"ApplicationLatencyP50\":null,\"ApplicationLatencyP95\":null,\"ApplicationLatencyP85\":null,\"InstancesUnknown\":null,\"ApplicationLatencyP90\":null,\"InstancesInfo\":null,\"InstancesPending\":null,\"ApplicationLatencyP75\":null,\"ApplicationLatencyP10\":null,\"ApplicationLatencyP99\":null,\"ApplicationRequestsTotal\":null,\"InstancesNoData\":null,\"ApplicationLatencyP99.9\":null,\"ApplicationRequests3xx\":null,\"ApplicationRequests2xx\":null,\"InstancesOk\":null,\"InstancesWarning\":null}}}"
              },
              {
                "name": "ConnectionDrainingEnabled",
                "namespace": "aws:elb:policies",
                "resource": "",
                "value": "false"
              },
              {
                "name": "ConnectionDrainingTimeout",
                "namespace": "aws:elb:policies",
                "resource": "",
                "value": "20"
              },
              {
                "name": "ConnectionSettingIdleTimeout",
                "namespace": "aws:elb:policies",
                "resource": "",
                "value": "60"
              },
              {
                "name": "Cooldown",
                "namespace": "aws:autoscaling:asg",
                "resource": "",
                "value": "360"
              },
              {
                "name": "CrossZone",
                "namespace": "aws:elb:loadbalancer",
                "resource": "",
                "value": "false"
              },
              {
                "name": "Custom Availability Zones",
                "namespace": "aws:autoscaling:asg",
                "resource": "",
                "value": ""
              },
              {
                "name": "DefaultSSHPort",
                "namespace": "aws:elasticbeanstalk:control",
                "resource": "",
                "value": "22"
              },
              {
                "name": "DeleteOnTerminate",
                "namespace": "aws:elasticbeanstalk:cloudwatch:logs",
                "resource": "",
                "value": "false"
              },
              {
                "name": "DeleteOnTerminate",
                "namespace": "aws:elasticbeanstalk:cloudwatch:logs:health",
                "resource": "",
                "value": "false"
              },
              {
                "name": "DeploymentPolicy",
                "namespace": "aws:elasticbeanstalk:command",
                "resource": "",
                "value": "AllAtOnce"
              },
              {
                "name": "DisableIMDSv1",
                "namespace": "aws:autoscaling:launchconfiguration",
                "resource": "",
                "value": "false"
              },
              {
                "name": "EC2KeyName",
                "namespace": "aws:autoscaling:launchconfiguration",
                "resource": "",
                "value": ""
              },
              {
                "name": "ELBScheme",
                "namespace": "aws:ec2:vpc",
                "resource": "",
                "value": "public"
              },
              {
                "name": "ELBSubnets",
                "namespace": "aws:ec2:vpc",
                "resource": "",
                "value": "subnet-049e14dbdc945a33f,subnet-05d9cad9a0ebae2c7,subnet-081c8b187190dda23"
              },
              {
                "name": "EnableCapacityRebalancing",
                "namespace": "aws:autoscaling:asg",
                "resource": "",
                "value": "false"
              },
              {
                "name": "EnableSpot",
                "namespace": "aws:ec2:instances",
                "resource": "",
                "value": "false"
              },
              {
                "name": "EnhancedHealthAuthEnabled",
                "namespace": "aws:elasticbeanstalk:healthreporting:system",
                "resource": "",
                "value": "true"
              },
              {
                "name": "EnvironmentType",
                "namespace": "aws:elasticbeanstalk:environment",
                "resource": "",
                "value": "LoadBalanced"
              },
              {
                "name": "EnvironmentVariables",
                "namespace": "aws:cloudformation:template:parameter",
                "resource": "",
                "value": ""
              },
              {
                "name": "EvaluationPeriods",
                "namespace": "aws:autoscaling:trigger",
                "resource": "",
                "value": "1"
              },
              {
                "name": "ExternalExtensionsS3Bucket",
                "namespace": "aws:elasticbeanstalk:environment",
                "resource": "",
                "value": ""
              },
              {
                "name": "ExternalExtensionsS3Key",
                "namespace": "aws:elasticbeanstalk:environment",
                "resource": "",
                "value": ""
              },
              {
                "name": "HasCoupledDatabase",
                "namespace": "aws:rds:dbinstance",
                "resource": "",
                "value": "false"
              },
              {
                "name": "HealthCheckSuccessThreshold",
                "namespace": "aws:elasticbeanstalk:healthreporting:system",
                "resource": "",
                "value": "Ok"
              },
              {
                "name": "HealthStreamingEnabled",
                "namespace": "aws:elasticbeanstalk:cloudwatch:logs:health",
                "resource": "",
                "value": "false"
              },
              {
                "name": "HealthyThreshold",
                "namespace": "aws:elb:healthcheck",
                "resource": "",
                "value": "3"
              },
              {
                "name": "HooksPkgUrl",
                "namespace": "aws:cloudformation:template:parameter",
                "resource": "",
                "value": "https://elasticbeanstalk-platform-assets-eu-central-1.s3.eu-central-1.amazonaws.com/stalks/eb_nodejs14_amazon_linux_2_1.0.1395.0_20220128202110/lib/hooks.tar.gz"
              },
              {
                "name": "IamInstanceProfile",
                "namespace": "aws:autoscaling:launchconfiguration",
                "resource": "",
                "value": "aws-elasticbeanstalk-ec2-role"
              },
              {
                "name": "IgnoreHealthCheck",
                "namespace": "aws:elasticbeanstalk:command",
                "resource": "",
                "value": "false"
              },
              {
                "name": "ImageId",
                "namespace": "aws:autoscaling:launchconfiguration",
                "resource": "",
                "value": "ami-07eb6ea1dcf933308"
              },
              {
                "name": "InstancePort",
                "namespace": "aws:cloudformation:template:parameter",
                "resource": "",
                "value": "80"
              },
              {
                "name": "InstancePort",
                "namespace": "aws:elb:listener:80",
                "resource": "",
                "value": "80"
              },
              {
                "name": "InstanceProtocol",
                "namespace": "aws:elb:listener:80",
                "resource": "",
                "value": "HTTP"
              },
              {
                "name": "InstanceRefreshEnabled",
                "namespace": "aws:elasticbeanstalk:managedactions:platformupdate",
                "resource": "",
                "value": "false"
              },
              {
                "name": "InstanceType",
                "namespace": "aws:autoscaling:launchconfiguration",
                "resource": "",
                "value": "t3.micro"
              },
              {
                "name": "InstanceTypeFamily",
                "namespace": "aws:cloudformation:template:parameter",
                "resource": "",
                "value": "t3"
              },
              {
                "name": "InstanceTypes",
                "namespace": "aws:ec2:instances",
                "resource": "",
                "value": "t3.micro"
              },
              {
                "name": "Interval",
                "namespace": "aws:elb:healthcheck",
                "resource": "",
                "value": "10"
              },
              {
                "name": "LaunchTimeout",
                "namespace": "aws:elasticbeanstalk:control",
                "resource": "",
                "value": "0"
              },
              {
                "name": "LaunchType",
                "namespace": "aws:elasticbeanstalk:control",
                "resource": "",
                "value": "Migration"
              },
              {
                "name": "ListenerEnabled",
                "namespace": "aws:elb:listener:80",
                "resource": "",
                "value": "true"
              },
              {
                "name": "ListenerProtocol",
                "namespace": "aws:elb:listener:80",
                "resource": "",
                "value": "HTTP"
              },
              {
                "name": "LoadBalancerHTTPPort",
                "namespace": "aws:elb:loadbalancer",
                "resource": "",
                "value": "80"
              },
              {
                "name": "LoadBalancerHTTPSPort",
                "namespace": "aws:elb:loadbalancer",
                "resource": "",
                "value": "OFF"
              },
              {
                "name": "LoadBalancerPortProtocol",
                "namespace": "aws:elb:loadbalancer",
                "resource": "",
                "value": "HTTP"
              },
              {
                "name": "LoadBalancerSSLPortProtocol",
                "namespace": "aws:elb:loadbalancer",
                "resource": "",
                "value": "HTTPS"
              },
              {
                "name": "LoadBalancerType",
                "namespace": "aws:elasticbeanstalk:environment",
                "resource": "",
                "value": "classic"
              },
              {
                "name": "LogPublicationControl",
                "namespace": "aws:elasticbeanstalk:hostmanager",
                "resource": "",
                "value": "false"
              },
              {
                "name": "LowerBreachScaleIncrement",
                "namespace": "aws:autoscaling:trigger",
                "resource": "",
                "value": "-1"
              },
              {
                "name": "LowerThreshold",
                "namespace": "aws:autoscaling:trigger",
                "resource": "",
                "value": "2000000"
              },
              {
                "name": "ManagedActionsEnabled",
                "namespace": "aws:elasticbeanstalk:managedactions",
                "resource": "",
                "value": "false"
              },
              {
                "name": "MaxBatchSize",
                "namespace": "aws:autoscaling:updatepolicy:rollingupdate",
                "resource": "",
                "value": ""
              },
              {
                "name": "MaxSize",
                "namespace": "aws:autoscaling:asg",
                "resource": "",
                "value": "6"
              },
              {
                "name": "MeasureName",
                "namespace": "aws:autoscaling:trigger",
                "resource": "",
                "value": "NetworkOut"
              },
              {
                "name": "MinInstancesInService",
                "namespace": "aws:autoscaling:updatepolicy:rollingupdate",
                "resource": "",
                "value": ""
              },
              {
                "name": "MinSize",
                "namespace": "aws:autoscaling:asg",
                "resource": "",
                "value": "1"
              },
              {
                "name": "MonitoringInterval",
                "namespace": "aws:autoscaling:launchconfiguration",
                "resource": "",
                "value": "5 minute"
              },
              {
                "name": "Notification Endpoint",
                "namespace": "aws:elasticbeanstalk:sns:topics",
                "resource": "",
                "value": ""
              },
              {
                "name": "Notification Protocol",
                "namespace": "aws:elasticbeanstalk:sns:topics",
                "resource": "",
                "value": "email"
              },
              {
                "name": "Notification Topic ARN",
                "namespace": "aws:elasticbeanstalk:sns:topics",
                "resource": "",
                "value": ""
              },
              {
                "name": "Notification Topic Name",
                "namespace": "aws:elasticbeanstalk:sns:topics",
                "resource": "",
                "value": ""
              },
              {
                "name": "PauseTime",
                "namespace": "aws:autoscaling:updatepolicy:rollingupdate",
                "resource": "",
                "value": ""
              },
              {
                "name": "Period",
                "namespace": "aws:autoscaling:trigger",
                "resource": "",
                "value": "5"
              },
              {
                "name": "PreferredStartTime",
                "namespace": "aws:elasticbeanstalk:managedactions",
                "resource": "",
                "value": ""
              },
              {
                "name": "ProxyServer",
                "namespace": "aws:elasticbeanstalk:environment:proxy",
                "resource": "",
                "value": "nginx"
              },
              {
                "name": "RetentionInDays",
                "namespace": "aws:elasticbeanstalk:cloudwatch:logs",
                "resource": "",
                "value": "7"
              },
              {
                "name": "RetentionInDays",
                "namespace": "aws:elasticbeanstalk:cloudwatch:logs:health",
                "resource": "",
                "value": "7"
              },
              {
                "name": "RollbackLaunchOnFailure",
                "namespace": "aws:elasticbeanstalk:control",
                "resource": "",
                "value": "false"
              },
              {
                "name": "RollingUpdateEnabled",
                "namespace": "aws:autoscaling:updatepolicy:rollingupdate",
                "resource": "",
                "value": "false"
              },
              {
                "name": "RollingUpdateType",
                "namespace": "aws:autoscaling:updatepolicy:rollingupdate",
                "resource": "",
                "value": "Time"
              },
              {
                "name": "RootVolumeIOPS",
                "namespace": "aws:autoscaling:launchconfiguration",
                "resource": "",
                "value": ""
              },
              {
                "name": "RootVolumeSize",
                "namespace": "aws:autoscaling:launchconfiguration",
                "resource": "",
                "value": ""
              },
              {
                "name": "RootVolumeThroughput",
                "namespace": "aws:autoscaling:launchconfiguration",
                "resource": "",
                "value": ""
              },
              {
                "name": "RootVolumeType",
                "namespace": "aws:autoscaling:launchconfiguration",
                "resource": "",
                "value": ""
              },
              {
                "name": "SSHSourceRestriction",
                "namespace": "aws:autoscaling:launchconfiguration",
                "resource": "",
                "value": "tcp,22,22,0.0.0.0/0"
              },
              {
                "name": "SSLCertificateId",
                "namespace": "aws:elb:listener:80",
                "resource": "",
                "value": ""
              },
              {
                "name": "SSLCertificateId",
                "namespace": "aws:elb:loadbalancer",
                "resource": "",
                "value": ""
              },
              {
                "name": "SecurityGroups",
                "namespace": "aws:autoscaling:launchconfiguration",
                "resource": "",
                "value": ""
              },
              {
                "name": "SecurityGroups",
                "namespace": "aws:elb:loadbalancer",
                "resource": "",
                "value": ""
              },
              {
                "name": "ServiceRole",
                "namespace": "aws:elasticbeanstalk:environment",
                "resource": "",
                "value": "AWSServiceRoleForElasticBeanstalk"
              },
              {
                "name": "ServiceRoleForManagedUpdates",
                "namespace": "aws:elasticbeanstalk:managedactions",
                "resource": "",
                "value": ""
              },
              {
                "name": "SpotFleetOnDemandAboveBasePercentage",
                "namespace": "aws:ec2:instances",
                "resource": "",
                "value": "70"
              },
              {
                "name": "SpotFleetOnDemandBase",
                "namespace": "aws:ec2:instances",
                "resource": "",
                "value": "0"
              },
              {
                "name": "SpotMaxPrice",
                "namespace": "aws:ec2:instances",
                "resource": "",
                "value": ""
              },
              {
                "name": "StaticFiles",
                "namespace": "aws:cloudformation:template:parameter",
                "resource": "",
                "value": ""
              },
              {
                "name": "Statistic",
                "namespace": "aws:autoscaling:trigger",
                "resource": "",
                "value": "Average"
              },
              {
                "name": "StreamLogs",
                "namespace": "aws:elasticbeanstalk:cloudwatch:logs",
                "resource": "",
                "value": "false"
              },
              {
                "name": "Subnets",
                "namespace": "aws:ec2:vpc",
                "resource": "",
                "value": "subnet-022f580a9302afc7c,subnet-05319496d48b4adda,subnet-062c37842892c7583"
              },
              {
                "name": "SupportedArchitectures",
                "namespace": "aws:ec2:instances",
                "resource": "",
                "value": "x86_64"
              },
              {
                "name": "SystemType",
                "namespace": "aws:elasticbeanstalk:healthreporting:system",
                "resource": "",
                "value": "enhanced"
              },
              {
                "name": "Target",
                "namespace": "aws:elb:healthcheck",
                "resource": "",
                "value": "TCP:80"
              },
              {
                "name": "Timeout",
                "namespace": "aws:autoscaling:updatepolicy:rollingupdate",
                "resource": "",
                "value": "PT30M"
              },
              {
                "name": "Timeout",
                "namespace": "aws:elasticbeanstalk:command",
                "resource": "",
                "value": "600"
              },
              {
                "name": "Timeout",
                "namespace": "aws:elb:healthcheck",
                "resource": "",
                "value": "5"
              },
              {
                "name": "UnhealthyThreshold",
                "namespace": "aws:elb:healthcheck",
                "resource": "",
                "value": "5"
              },
              {
                "name": "Unit",
                "namespace": "aws:autoscaling:trigger",
                "resource": "",
                "value": "Bytes"
              },
              {
                "name": "UpdateLevel",
                "namespace": "aws:elasticbeanstalk:managedactions:platformupdate",
                "resource": "",
                "value": ""
              },
              {
                "name": "UpperBreachScaleIncrement",
                "namespace": "aws:autoscaling:trigger",
                "resource": "",
                "value": "1"
              },
              {
                "name": "UpperThreshold",
                "namespace": "aws:autoscaling:trigger",
                "resource": "",
                "value": "6000000"
              },
              {
                "name": "VPCId",
                "namespace": "aws:ec2:vpc",
                "resource": "",
                "value": "vpc-03bdb9a5916b52215"
              },
              {
                "name": "XRayEnabled",
                "namespace": "aws:elasticbeanstalk:xray",
                "resource": "",
                "value": "false"
              }
            ],
            "application": "soi-web-app",
            "arn": "arn:aws:elasticbeanstalk:eu-central-1:923473058470:environment/soi-web-app/soi-web-app-env",
            "autoscaling_groups": [
              "awseb-e-sftw2urcms-stack-AWSEBAutoScalingGroup-VMGJNN5ICF3Z"
            ],
            "cname": "soi-web-app-env.eba-c233fqba.eu-central-1.elasticbeanstalk.com",
            "cname_prefix": "",
            "description": "environment for web",
            "endpoint_url": "awseb-e-s-AWSEBLoa-VF2H1R8VCWO5-405390823.eu-central-1.elb.amazonaws.com",
            "id": "e-sftw2urcms",
            "instances": [
              "i-077da88249c9e151c"
            ],
            "launch_configurations": [
              "awseb-e-sftw2urcms-stack-AWSEBAutoScalingLaunchConfiguration-gUfmmqfywwtX"
            ],
            "load_balancers": [
              "awseb-e-s-AWSEBLoa-VF2H1R8VCWO5"
            ],
            "name": "soi-web-app-env",
            "platform_arn": "arn:aws:elasticbeanstalk:eu-central-1::platform/Node.js 14 running on 64bit Amazon Linux 2/5.4.10",
            "poll_interval": null,
            "queues": [],
            "setting": [
              {
                "name": "ELBSubnets",
                "namespace": "aws:ec2:vpc",
                "resource": "",
                "value": "subnet-05d9cad9a0ebae2c7,subnet-081c8b187190dda23,subnet-049e14dbdc945a33f"
              },
              {
                "name": "IamInstanceProfile",
                "namespace": "aws:autoscaling:launchconfiguration",
                "resource": "",
                "value": "aws-elasticbeanstalk-ec2-role"
              },
              {
                "name": "InstanceType",
                "namespace": "aws:autoscaling:launchconfiguration",
                "resource": "",
                "value": "t3.micro"
              },
              {
                "name": "MaxSize",
                "namespace": "aws:autoscaling:asg",
                "resource": "",
                "value": "6"
              },
              {
                "name": "MinSize",
                "namespace": "aws:autoscaling:asg",
                "resource": "",
                "value": "1"
              },
              {
                "name": "Subnets",
                "namespace": "aws:ec2:vpc",
                "resource": "",
                "value": "subnet-022f580a9302afc7c,subnet-05319496d48b4adda,subnet-062c37842892c7583"
              },
              {
                "name": "VPCId",
                "namespace": "aws:ec2:vpc",
                "resource": "",
                "value": "vpc-03bdb9a5916b52215"
              }
            ],
            "solution_stack_name": "64bit Amazon Linux 2 v5.4.10 running Node.js 14",
            "tags": null,
            "tags_all": {},
            "template_name": null,
            "tier": "WebServer",
            "triggers": [],
            "version_label": "soi-web-app-version-label-11",
            "wait_for_ready_timeout": "20m"
          },
          "sensitive_attributes": [],
          "private": "eyJzY2hlbWFfdmVyc2lvbiI6IjEifQ==",
          "dependencies": [
            "aws_elastic_beanstalk_application.web_tf_eb_app",
            "aws_elastic_beanstalk_application_version.web_eb_app_ver",
            "aws_s3_bucket.tf_app_bucket",
            "aws_s3_bucket_object.web_tf_bucket_obj",
            "aws_subnet.web_pri_subnet",
            "aws_subnet.web_pub_subnet",
            "aws_vpc.tf_eb_vpc"
          ]
        }
      ]
    },
    {
      "mode": "managed",
      "type": "aws_internet_gateway",
      "name": "tf_internet_gateway",
      "provider": "provider[\"registry.terraform.io/hashicorp/aws\"]",
      "instances": [
        {
          "schema_version": 0,
          "attributes": {
            "arn": "arn:aws:ec2:eu-central-1:923473058470:internet-gateway/igw-015f87119d9c8038e",
            "id": "igw-015f87119d9c8038e",
            "owner_id": "923473058470",
            "tags": {
              "Name": "soi-internet-gateway"
            },
            "tags_all": {
              "Name": "soi-internet-gateway"
            },
            "vpc_id": "vpc-03bdb9a5916b52215"
          },
          "sensitive_attributes": [],
          "private": "bnVsbA==",
          "dependencies": [
            "aws_vpc.tf_eb_vpc"
          ],
          "create_before_destroy": true
        }
      ]
    },
    {
      "mode": "managed",
      "type": "aws_nat_gateway",
      "name": "tf_nat",
      "provider": "provider[\"registry.terraform.io/hashicorp/aws\"]",
      "instances": [
        {
          "schema_version": 0,
          "attributes": {
            "allocation_id": "eipalloc-0b92026d86eb4ae1f",
            "connectivity_type": "public",
            "id": "nat-07f32842eb24d2e0a",
            "network_interface_id": "eni-0ba5c877149c78dab",
            "private_ip": "10.0.0.102",
            "public_ip": "18.193.221.35",
            "subnet_id": "subnet-05d9cad9a0ebae2c7",
            "tags": {
              "Name": "soi-nat"
            },
            "tags_all": {
              "Name": "soi-nat"
            }
          },
          "sensitive_attributes": [],
          "private": "bnVsbA==",
          "dependencies": [
            "aws_eip.tf_nat_eip",
            "aws_subnet.web_pub_subnet",
            "aws_vpc.tf_eb_vpc"
          ],
          "create_before_destroy": true
        }
      ]
    },
    {
      "mode": "managed",
      "type": "aws_rds_cluster",
      "name": "tf_db_cluster",
      "provider": "provider[\"registry.terraform.io/hashicorp/aws\"]",
      "instances": [
        {
          "schema_version": 0,
          "attributes": {
            "allow_major_version_upgrade": null,
            "apply_immediately": null,
            "arn": "arn:aws:rds:eu-central-1:923473058470:cluster:soi-db-cluster",
            "availability_zones": [
              "eu-central-1a",
              "eu-central-1b",
              "eu-central-1c"
            ],
            "backtrack_window": 0,
            "backup_retention_period": 1,
            "cluster_identifier": "soi-db-cluster",
            "cluster_identifier_prefix": null,
            "cluster_members": [],
            "cluster_resource_id": "cluster-HHZBCEQPKHBCSIUWGYJEGIKMKE",
            "copy_tags_to_snapshot": false,
            "database_name": "soidb",
            "db_cluster_parameter_group_name": "default.aurora-postgresql12",
            "db_instance_parameter_group_name": null,
            "db_subnet_group_name": "soi-db_subnet_group",
            "deletion_protection": false,
            "enable_global_write_forwarding": false,
            "enable_http_endpoint": false,
            "enabled_cloudwatch_logs_exports": null,
            "endpoint": "soi-db-cluster.cluster-cf8da6cn8poc.eu-central-1.rds.amazonaws.com",
            "engine": "aurora-postgresql",
            "engine_mode": "provisioned",
            "engine_version": "12.7",
            "engine_version_actual": "12.7",
            "final_snapshot_identifier": null,
            "global_cluster_identifier": "",
            "hosted_zone_id": "Z1RLNUO7B9Q6NB",
            "iam_database_authentication_enabled": false,
            "iam_roles": [],
            "id": "soi-db-cluster",
            "kms_key_id": "",
            "master_password": "db_user_pass",
            "master_username": "db_user",
            "port": 5432,
            "preferred_backup_window": "23:20-23:50",
            "preferred_maintenance_window": "wed:01:56-wed:02:26",
            "reader_endpoint": "soi-db-cluster.cluster-ro-cf8da6cn8poc.eu-central-1.rds.amazonaws.com",
            "replication_source_identifier": "",
            "restore_to_point_in_time": [],
            "s3_import": [],
            "scaling_configuration": [],
            "skip_final_snapshot": true,
            "snapshot_identifier": null,
            "source_region": null,
            "storage_encrypted": false,
            "tags": null,
            "tags_all": {},
            "timeouts": null,
            "vpc_security_group_ids": [
              "sg-0e614773c36d1304d"
            ]
          },
          "sensitive_attributes": [],
          "private": "eyJlMmJmYjczMC1lY2FhLTExZTYtOGY4OC0zNDM2M2JjN2M0YzAiOnsiY3JlYXRlIjo3MjAwMDAwMDAwMDAwLCJkZWxldGUiOjcyMDAwMDAwMDAwMDAsInVwZGF0ZSI6NzIwMDAwMDAwMDAwMH19",
          "dependencies": [
            "aws_db_subnet_group.tf_db_subnet_group",
            "aws_security_group.API-Security-Group",
            "aws_security_group.DB-Security-Group",
            "aws_subnet.tf_db_subnet",
            "aws_vpc.tf_eb_vpc"
          ]
        }
      ]
    },
    {
      "mode": "managed",
      "type": "aws_rds_cluster_instance",
      "name": "tf_db_instance",
      "provider": "provider[\"registry.terraform.io/hashicorp/aws\"]",
      "instances": [
        {
          "index_key": 0,
          "schema_version": 0,
          "attributes": {
            "apply_immediately": null,
            "arn": "arn:aws:rds:eu-central-1:923473058470:db:soi-rds-0",
            "auto_minor_version_upgrade": true,
            "availability_zone": "eu-central-1c",
            "ca_cert_identifier": "rds-ca-2019",
            "cluster_identifier": "soi-db-cluster",
            "copy_tags_to_snapshot": false,
            "db_parameter_group_name": "default.aurora-postgresql12",
            "db_subnet_group_name": "soi-db_subnet_group",
            "dbi_resource_id": "db-VFV5TTB3GBUZ2GSBEW3B6A2FFA",
            "endpoint": "soi-rds-0.cf8da6cn8poc.eu-central-1.rds.amazonaws.com",
            "engine": "aurora-postgresql",
            "engine_version": "12.7",
            "engine_version_actual": "12.7",
            "id": "soi-rds-0",
            "identifier": "soi-rds-0",
            "identifier_prefix": null,
            "instance_class": "db.t3.medium",
            "kms_key_id": "",
            "monitoring_interval": 0,
            "monitoring_role_arn": "",
            "performance_insights_enabled": false,
            "performance_insights_kms_key_id": "",
            "performance_insights_retention_period": 0,
            "port": 5432,
            "preferred_backup_window": "23:20-23:50",
            "preferred_maintenance_window": "sat:21:58-sat:22:28",
            "promotion_tier": 0,
            "publicly_accessible": false,
            "storage_encrypted": false,
            "tags": null,
            "tags_all": {},
            "timeouts": null,
            "writer": false
          },
          "sensitive_attributes": [],
          "private": "eyJlMmJmYjczMC1lY2FhLTExZTYtOGY4OC0zNDM2M2JjN2M0YzAiOnsiY3JlYXRlIjo1NDAwMDAwMDAwMDAwLCJkZWxldGUiOjU0MDAwMDAwMDAwMDAsInVwZGF0ZSI6NTQwMDAwMDAwMDAwMH19",
          "dependencies": [
            "aws_db_subnet_group.tf_db_subnet_group",
            "aws_rds_cluster.tf_db_cluster",
            "aws_security_group.API-Security-Group",
            "aws_security_group.DB-Security-Group",
            "aws_subnet.tf_db_subnet",
            "aws_vpc.tf_eb_vpc"
          ]
        },
        {
          "index_key": 1,
          "schema_version": 0,
          "attributes": {
            "apply_immediately": null,
            "arn": "arn:aws:rds:eu-central-1:923473058470:db:soi-rds-1",
            "auto_minor_version_upgrade": true,
            "availability_zone": "eu-central-1a",
            "ca_cert_identifier": "rds-ca-2019",
            "cluster_identifier": "soi-db-cluster",
            "copy_tags_to_snapshot": false,
            "db_parameter_group_name": "default.aurora-postgresql12",
            "db_subnet_group_name": "soi-db_subnet_group",
            "dbi_resource_id": "db-K7VFGWWXMZ2Y73R6Y3U5GWJ4BE",
            "endpoint": "soi-rds-1.cf8da6cn8poc.eu-central-1.rds.amazonaws.com",
            "engine": "aurora-postgresql",
            "engine_version": "12.7",
            "engine_version_actual": "12.7",
            "id": "soi-rds-1",
            "identifier": "soi-rds-1",
            "identifier_prefix": null,
            "instance_class": "db.t3.medium",
            "kms_key_id": "",
            "monitoring_interval": 0,
            "monitoring_role_arn": "",
            "performance_insights_enabled": false,
            "performance_insights_kms_key_id": "",
            "performance_insights_retention_period": 0,
            "port": 5432,
            "preferred_backup_window": "23:20-23:50",
            "preferred_maintenance_window": "sat:03:30-sat:04:00",
            "promotion_tier": 0,
            "publicly_accessible": false,
            "storage_encrypted": false,
            "tags": null,
            "tags_all": {},
            "timeouts": null,
            "writer": true
          },
          "sensitive_attributes": [],
          "private": "eyJlMmJmYjczMC1lY2FhLTExZTYtOGY4OC0zNDM2M2JjN2M0YzAiOnsiY3JlYXRlIjo1NDAwMDAwMDAwMDAwLCJkZWxldGUiOjU0MDAwMDAwMDAwMDAsInVwZGF0ZSI6NTQwMDAwMDAwMDAwMH19",
          "dependencies": [
            "aws_db_subnet_group.tf_db_subnet_group",
            "aws_rds_cluster.tf_db_cluster",
            "aws_security_group.API-Security-Group",
            "aws_security_group.DB-Security-Group",
            "aws_subnet.tf_db_subnet",
            "aws_vpc.tf_eb_vpc"
          ]
        }
      ]
    },
    {
      "mode": "managed",
      "type": "aws_route",
      "name": "tf_route_pri",
      "provider": "provider[\"registry.terraform.io/hashicorp/aws\"]",
      "instances": [
        {
          "schema_version": 0,
          "attributes": {
            "carrier_gateway_id": "",
            "destination_cidr_block": "0.0.0.0/0",
            "destination_ipv6_cidr_block": "",
            "destination_prefix_list_id": "",
            "egress_only_gateway_id": "",
            "gateway_id": "",
            "id": "r-rtb-003d7ba0c233816c21080289494",
            "instance_id": "",
            "instance_owner_id": "",
            "local_gateway_id": "",
            "nat_gateway_id": "nat-07f32842eb24d2e0a",
            "network_interface_id": "",
            "origin": "CreateRoute",
            "route_table_id": "rtb-003d7ba0c233816c2",
            "state": "active",
            "timeouts": null,
            "transit_gateway_id": "",
            "vpc_endpoint_id": "",
            "vpc_peering_connection_id": ""
          },
          "sensitive_attributes": [],
          "private": "eyJlMmJmYjczMC1lY2FhLTExZTYtOGY4OC0zNDM2M2JjN2M0YzAiOnsiY3JlYXRlIjozMDAwMDAwMDAwMDAsImRlbGV0ZSI6MzAwMDAwMDAwMDAwLCJ1cGRhdGUiOjEyMDAwMDAwMDAwMH19",
          "dependencies": [
            "aws_eip.tf_nat_eip",
            "aws_nat_gateway.tf_nat",
            "aws_route_table.tf_r_table_pri",
            "aws_subnet.web_pub_subnet",
            "aws_vpc.tf_eb_vpc"
          ],
          "create_before_destroy": true
        }
      ]
    },
    {
      "mode": "managed",
      "type": "aws_route",
      "name": "tf_route_pub",
      "provider": "provider[\"registry.terraform.io/hashicorp/aws\"]",
      "instances": [
        {
          "schema_version": 0,
          "attributes": {
            "carrier_gateway_id": "",
            "destination_cidr_block": "0.0.0.0/0",
            "destination_ipv6_cidr_block": "",
            "destination_prefix_list_id": "",
            "egress_only_gateway_id": "",
            "gateway_id": "igw-015f87119d9c8038e",
            "id": "r-rtb-03ca3a795e115a1361080289494",
            "instance_id": "",
            "instance_owner_id": "",
            "local_gateway_id": "",
            "nat_gateway_id": "",
            "network_interface_id": "",
            "origin": "CreateRoute",
            "route_table_id": "rtb-03ca3a795e115a136",
            "state": "active",
            "timeouts": null,
            "transit_gateway_id": "",
            "vpc_endpoint_id": "",
            "vpc_peering_connection_id": ""
          },
          "sensitive_attributes": [],
          "private": "eyJlMmJmYjczMC1lY2FhLTExZTYtOGY4OC0zNDM2M2JjN2M0YzAiOnsiY3JlYXRlIjozMDAwMDAwMDAwMDAsImRlbGV0ZSI6MzAwMDAwMDAwMDAwLCJ1cGRhdGUiOjEyMDAwMDAwMDAwMH19",
          "dependencies": [
            "aws_internet_gateway.tf_internet_gateway",
            "aws_route_table.tf_r_table_pub",
            "aws_vpc.tf_eb_vpc"
          ],
          "create_before_destroy": true
        }
      ]
    },
    {
      "mode": "managed",
      "type": "aws_route53_record",
      "name": "ebs-api-record",
      "provider": "provider[\"registry.terraform.io/hashicorp/aws\"]",
      "instances": [
        {
          "schema_version": 2,
          "attributes": {
            "alias": [],
            "allow_overwrite": null,
            "failover_routing_policy": [],
            "fqdn": "soi-api.polygon-project.ch",
            "geolocation_routing_policy": [],
            "health_check_id": null,
            "id": "Z04147162VG4FVTUKDUBB_soi-api.polygon-project.ch_CNAME",
            "latency_routing_policy": [],
            "multivalue_answer_routing_policy": null,
            "name": "soi-api.polygon-project.ch",
            "records": [
              "awseb-e-r-AWSEBLoa-19IU7F2RV55Q3-1261772768.eu-central-1.elb.amazonaws.com"
            ],
            "set_identifier": null,
            "ttl": 300,
            "type": "CNAME",
            "weighted_routing_policy": [],
            "zone_id": "Z04147162VG4FVTUKDUBB"
          },
          "sensitive_attributes": [],
          "private": "eyJzY2hlbWFfdmVyc2lvbiI6IjIifQ==",
          "dependencies": [
            "aws_db_subnet_group.tf_db_subnet_group",
            "aws_elastic_beanstalk_application.api_tf_eb_app",
            "aws_elastic_beanstalk_application_version.api_eb_app_ver",
            "aws_elastic_beanstalk_environment.api_eb_env",
            "aws_rds_cluster.tf_db_cluster",
            "aws_route53_zone.main_zone",
            "aws_s3_bucket.tf_app_bucket",
            "aws_s3_bucket_object.api_tf_bucket_obj",
            "aws_security_group.API-Security-Group",
            "aws_security_group.DB-Security-Group",
            "aws_subnet.tf_db_subnet",
            "aws_subnet.web_pri_subnet",
            "aws_subnet.web_pub_subnet",
            "aws_vpc.tf_eb_vpc"
          ]
        }
      ]
    },
    {
      "mode": "managed",
      "type": "aws_route53_record",
      "name": "ebs-web-record",
      "provider": "provider[\"registry.terraform.io/hashicorp/aws\"]",
      "instances": [
        {
          "schema_version": 2,
          "attributes": {
            "alias": [],
            "allow_overwrite": null,
            "failover_routing_policy": [],
            "fqdn": "soi-web.polygon-project.ch",
            "geolocation_routing_policy": [],
            "health_check_id": null,
            "id": "Z04147162VG4FVTUKDUBB_soi-web.polygon-project.ch_CNAME",
            "latency_routing_policy": [],
            "multivalue_answer_routing_policy": null,
            "name": "soi-web.polygon-project.ch",
            "records": [
              "awseb-e-s-AWSEBLoa-VF2H1R8VCWO5-405390823.eu-central-1.elb.amazonaws.com"
            ],
            "set_identifier": null,
            "ttl": 300,
            "type": "CNAME",
            "weighted_routing_policy": [],
            "zone_id": "Z04147162VG4FVTUKDUBB"
          },
          "sensitive_attributes": [],
          "private": "eyJzY2hlbWFfdmVyc2lvbiI6IjIifQ==",
          "dependencies": [
            "aws_elastic_beanstalk_application.web_tf_eb_app",
            "aws_elastic_beanstalk_application_version.web_eb_app_ver",
            "aws_elastic_beanstalk_environment.web_eb_env",
            "aws_route53_zone.main_zone",
            "aws_s3_bucket.tf_app_bucket",
            "aws_s3_bucket_object.web_tf_bucket_obj",
            "aws_subnet.web_pri_subnet",
            "aws_subnet.web_pub_subnet",
            "aws_vpc.tf_eb_vpc"
          ]
        }
      ]
    },
    {
      "mode": "managed",
      "type": "aws_route53_zone",
      "name": "main_zone",
      "provider": "provider[\"registry.terraform.io/hashicorp/aws\"]",
      "instances": [
        {
          "schema_version": 0,
          "attributes": {
            "arn": "arn:aws:route53:::hostedzone/Z04147162VG4FVTUKDUBB",
            "comment": "Managed by Terraform",
            "delegation_set_id": "",
            "force_destroy": false,
            "id": "Z04147162VG4FVTUKDUBB",
            "name": "polygon-project.ch",
            "name_servers": [
              "ns-1044.awsdns-02.org",
              "ns-2039.awsdns-62.co.uk",
              "ns-254.awsdns-31.com",
              "ns-786.awsdns-34.net"
            ],
            "tags": {},
            "tags_all": {},
            "vpc": [],
            "zone_id": "Z04147162VG4FVTUKDUBB"
          },
          "sensitive_attributes": [],
          "private": "bnVsbA=="
        }
      ]
    },
    {
      "mode": "managed",
      "type": "aws_route_table",
      "name": "tf_r_table_pri",
      "provider": "provider[\"registry.terraform.io/hashicorp/aws\"]",
      "instances": [
        {
          "schema_version": 0,
          "attributes": {
            "arn": "arn:aws:ec2:eu-central-1:923473058470:route-table/rtb-003d7ba0c233816c2",
            "id": "rtb-003d7ba0c233816c2",
            "owner_id": "923473058470",
            "propagating_vgws": [],
            "route": [],
            "tags": {
              "Name": "soi-r-table-pir",
              "SubnetType": "private"
            },
            "tags_all": {
              "Name": "soi-r-table-pir",
              "SubnetType": "private"
            },
            "timeouts": null,
            "vpc_id": "vpc-03bdb9a5916b52215"
          },
          "sensitive_attributes": [],
          "private": "eyJlMmJmYjczMC1lY2FhLTExZTYtOGY4OC0zNDM2M2JjN2M0YzAiOnsiY3JlYXRlIjozMDAwMDAwMDAwMDAsImRlbGV0ZSI6MzAwMDAwMDAwMDAwLCJ1cGRhdGUiOjEyMDAwMDAwMDAwMH19",
          "dependencies": [
            "aws_vpc.tf_eb_vpc"
          ],
          "create_before_destroy": true
        }
      ]
    },
    {
      "mode": "managed",
      "type": "aws_route_table",
      "name": "tf_r_table_pub",
      "provider": "provider[\"registry.terraform.io/hashicorp/aws\"]",
      "instances": [
        {
          "schema_version": 0,
          "attributes": {
            "arn": "arn:aws:ec2:eu-central-1:923473058470:route-table/rtb-03ca3a795e115a136",
            "id": "rtb-03ca3a795e115a136",
            "owner_id": "923473058470",
            "propagating_vgws": [],
            "route": [],
            "tags": {
              "Name": "soi-r-table-pub",
              "SubnetType": "public"
            },
            "tags_all": {
              "Name": "soi-r-table-pub",
              "SubnetType": "public"
            },
            "timeouts": null,
            "vpc_id": "vpc-03bdb9a5916b52215"
          },
          "sensitive_attributes": [],
          "private": "eyJlMmJmYjczMC1lY2FhLTExZTYtOGY4OC0zNDM2M2JjN2M0YzAiOnsiY3JlYXRlIjozMDAwMDAwMDAwMDAsImRlbGV0ZSI6MzAwMDAwMDAwMDAwLCJ1cGRhdGUiOjEyMDAwMDAwMDAwMH19",
          "dependencies": [
            "aws_vpc.tf_eb_vpc"
          ],
          "create_before_destroy": true
        }
      ]
    },
    {
      "mode": "managed",
      "type": "aws_route_table_association",
      "name": "web_route_ass_pri",
      "provider": "provider[\"registry.terraform.io/hashicorp/aws\"]",
      "instances": [
        {
          "index_key": 0,
          "schema_version": 0,
          "attributes": {
            "gateway_id": "",
            "id": "rtbassoc-0026d47be21cd6721",
            "route_table_id": "rtb-003d7ba0c233816c2",
            "subnet_id": "subnet-022f580a9302afc7c"
          },
          "sensitive_attributes": [],
          "private": "bnVsbA==",
          "dependencies": [
            "aws_route_table.tf_r_table_pri",
            "aws_subnet.web_pri_subnet",
            "aws_vpc.tf_eb_vpc"
          ],
          "create_before_destroy": true
        },
        {
          "index_key": 1,
          "schema_version": 0,
          "attributes": {
            "gateway_id": "",
            "id": "rtbassoc-02f81ccda16adcb87",
            "route_table_id": "rtb-003d7ba0c233816c2",
            "subnet_id": "subnet-05319496d48b4adda"
          },
          "sensitive_attributes": [],
          "private": "bnVsbA==",
          "dependencies": [
            "aws_route_table.tf_r_table_pri",
            "aws_subnet.web_pri_subnet",
            "aws_vpc.tf_eb_vpc"
          ],
          "create_before_destroy": true
        },
        {
          "index_key": 2,
          "schema_version": 0,
          "attributes": {
            "gateway_id": "",
            "id": "rtbassoc-0d923b698068d5017",
            "route_table_id": "rtb-003d7ba0c233816c2",
            "subnet_id": "subnet-062c37842892c7583"
          },
          "sensitive_attributes": [],
          "private": "bnVsbA==",
          "dependencies": [
            "aws_route_table.tf_r_table_pri",
            "aws_subnet.web_pri_subnet",
            "aws_vpc.tf_eb_vpc"
          ],
          "create_before_destroy": true
        }
      ]
    },
    {
      "mode": "managed",
      "type": "aws_route_table_association",
      "name": "web_route_ass_pub",
      "provider": "provider[\"registry.terraform.io/hashicorp/aws\"]",
      "instances": [
        {
          "index_key": 0,
          "schema_version": 0,
          "attributes": {
            "gateway_id": "",
            "id": "rtbassoc-0a8b2f13743717079",
            "route_table_id": "rtb-03ca3a795e115a136",
            "subnet_id": "subnet-05d9cad9a0ebae2c7"
          },
          "sensitive_attributes": [],
          "private": "bnVsbA==",
          "dependencies": [
            "aws_route_table.tf_r_table_pub",
            "aws_subnet.web_pub_subnet",
            "aws_vpc.tf_eb_vpc"
          ],
          "create_before_destroy": true
        },
        {
          "index_key": 1,
          "schema_version": 0,
          "attributes": {
            "gateway_id": "",
            "id": "rtbassoc-0b4f3aa139e7c7ea4",
            "route_table_id": "rtb-03ca3a795e115a136",
            "subnet_id": "subnet-081c8b187190dda23"
          },
          "sensitive_attributes": [],
          "private": "bnVsbA==",
          "dependencies": [
            "aws_route_table.tf_r_table_pub",
            "aws_subnet.web_pub_subnet",
            "aws_vpc.tf_eb_vpc"
          ],
          "create_before_destroy": true
        },
        {
          "index_key": 2,
          "schema_version": 0,
          "attributes": {
            "gateway_id": "",
            "id": "rtbassoc-0c0a4a249088b3c77",
            "route_table_id": "rtb-03ca3a795e115a136",
            "subnet_id": "subnet-049e14dbdc945a33f"
          },
          "sensitive_attributes": [],
          "private": "bnVsbA==",
          "dependencies": [
            "aws_route_table.tf_r_table_pub",
            "aws_subnet.web_pub_subnet",
            "aws_vpc.tf_eb_vpc"
          ],
          "create_before_destroy": true
        }
      ]
    },
    {
      "mode": "managed",
      "type": "aws_s3_bucket",
      "name": "tf_app_bucket",
      "provider": "provider[\"registry.terraform.io/hashicorp/aws\"]",
      "instances": [
        {
          "schema_version": 0,
          "attributes": {
            "acceleration_status": "",
            "acl": "private",
            "arn": "arn:aws:s3:::soi-app-bucket",
            "bucket": "soi-app-bucket",
            "bucket_domain_name": "soi-app-bucket.s3.amazonaws.com",
            "bucket_prefix": null,
            "bucket_regional_domain_name": "soi-app-bucket.s3.eu-central-1.amazonaws.com",
            "cors_rule": [],
            "force_destroy": false,
            "grant": [],
            "hosted_zone_id": "Z21DNDUVLTQW6Q",
            "id": "soi-app-bucket",
            "lifecycle_rule": [],
            "logging": [],
            "object_lock_configuration": [],
            "policy": null,
            "region": "eu-central-1",
            "replication_configuration": [],
            "request_payer": "BucketOwner",
            "server_side_encryption_configuration": [],
            "tags": {
              "Name": "soi-app-bucket"
            },
            "tags_all": {
              "Name": "soi-app-bucket"
            },
            "versioning": [
              {
                "enabled": false,
                "mfa_delete": false
              }
            ],
            "website": [],
            "website_domain": null,
            "website_endpoint": null
          },
          "sensitive_attributes": [],
          "private": "bnVsbA=="
        }
      ]
    },
    {
      "mode": "managed",
      "type": "aws_s3_bucket_object",
      "name": "api_tf_bucket_obj",
      "provider": "provider[\"registry.terraform.io/hashicorp/aws\"]",
      "instances": [
        {
          "schema_version": 0,
          "attributes": {
            "acl": "private",
            "bucket": "soi-app-bucket",
            "bucket_key_enabled": false,
            "cache_control": "",
            "content": null,
            "content_base64": null,
            "content_disposition": "",
            "content_encoding": "",
            "content_language": "",
            "content_type": "binary/octet-stream",
            "etag": "ea2393917745d76022516c3e292e1648-22",
            "force_destroy": false,
            "id": "soi-api-beanstalk/backend.zip",
            "key": "soi-api-beanstalk/backend.zip",
            "kms_key_id": null,
            "metadata": null,
            "object_lock_legal_hold_status": "",
            "object_lock_mode": "",
            "object_lock_retain_until_date": "",
            "server_side_encryption": "",
            "source": "backend.zip",
            "source_hash": null,
            "storage_class": "STANDARD",
            "tags": null,
            "tags_all": {},
            "version_id": "",
            "website_redirect": ""
          },
          "sensitive_attributes": [],
          "private": "bnVsbA==",
          "dependencies": [
            "aws_s3_bucket.tf_app_bucket"
          ]
        }
      ]
    },
    {
      "mode": "managed",
      "type": "aws_s3_bucket_object",
      "name": "web_tf_bucket_obj",
      "provider": "provider[\"registry.terraform.io/hashicorp/aws\"]",
      "instances": [
        {
          "schema_version": 0,
          "attributes": {
            "acl": "private",
            "bucket": "soi-app-bucket",
            "bucket_key_enabled": false,
            "cache_control": "",
            "content": null,
            "content_base64": null,
            "content_disposition": "",
            "content_encoding": "",
            "content_language": "",
            "content_type": "binary/octet-stream",
            "etag": "1f2f30d7c7dbbc0f5d0bca148e65caed-32",
            "force_destroy": false,
            "id": "soi-web-beanstalk/frontend.zip",
            "key": "soi-web-beanstalk/frontend.zip",
            "kms_key_id": null,
            "metadata": null,
            "object_lock_legal_hold_status": "",
            "object_lock_mode": "",
            "object_lock_retain_until_date": "",
            "server_side_encryption": "",
            "source": "frontend.zip",
            "source_hash": null,
            "storage_class": "STANDARD",
            "tags": null,
            "tags_all": {},
            "version_id": "",
            "website_redirect": ""
          },
          "sensitive_attributes": [],
          "private": "bnVsbA==",
          "dependencies": [
            "aws_s3_bucket.tf_app_bucket"
          ]
        }
      ]
    },
    {
      "mode": "managed",
      "type": "aws_security_group",
      "name": "API-Security-Group",
      "provider": "provider[\"registry.terraform.io/hashicorp/aws\"]",
      "instances": [
        {
          "schema_version": 1,
          "attributes": {
            "arn": "arn:aws:ec2:eu-central-1:923473058470:security-group/sg-02a3ca7cba0f9e05a",
            "description": "Managed by Terraform",
            "egress": [
              {
                "cidr_blocks": [
                  "0.0.0.0/0"
                ],
                "description": "",
                "from_port": 0,
                "ipv6_cidr_blocks": [
                  "::/0"
                ],
                "prefix_list_ids": [],
                "protocol": "-1",
                "security_groups": [],
                "self": false,
                "to_port": 0
              }
            ],
            "id": "sg-02a3ca7cba0f9e05a",
            "ingress": [
              {
                "cidr_blocks": [
                  "0.0.0.0/0"
                ],
                "description": "",
                "from_port": 3000,
                "ipv6_cidr_blocks": [
                  "::/0"
                ],
                "prefix_list_ids": [],
                "protocol": "tcp",
                "security_groups": [],
                "self": false,
                "to_port": 3000
              }
            ],
            "name": "soi-api-security-group",
            "name_prefix": "",
            "owner_id": "923473058470",
            "revoke_rules_on_delete": false,
            "tags": null,
            "tags_all": {},
            "timeouts": null,
            "vpc_id": "vpc-03bdb9a5916b52215"
          },
          "sensitive_attributes": [],
          "private": "eyJlMmJmYjczMC1lY2FhLTExZTYtOGY4OC0zNDM2M2JjN2M0YzAiOnsiY3JlYXRlIjo2MDAwMDAwMDAwMDAsImRlbGV0ZSI6OTAwMDAwMDAwMDAwfSwic2NoZW1hX3ZlcnNpb24iOiIxIn0=",
          "dependencies": [
            "aws_vpc.tf_eb_vpc"
          ]
        }
      ]
    },
    {
      "mode": "managed",
      "type": "aws_security_group",
      "name": "DB-Security-Group",
      "provider": "provider[\"registry.terraform.io/hashicorp/aws\"]",
      "instances": [
        {
          "schema_version": 1,
          "attributes": {
            "arn": "arn:aws:ec2:eu-central-1:923473058470:security-group/sg-0e614773c36d1304d",
            "description": "Managed by Terraform",
            "egress": [
              {
                "cidr_blocks": [
                  "0.0.0.0/0"
                ],
                "description": "",
                "from_port": 0,
                "ipv6_cidr_blocks": [
                  "::/0"
                ],
                "prefix_list_ids": [],
                "protocol": "-1",
                "security_groups": [],
                "self": false,
                "to_port": 0
              }
            ],
            "id": "sg-0e614773c36d1304d",
            "ingress": [
              {
                "cidr_blocks": [],
                "description": "",
                "from_port": 5432,
                "ipv6_cidr_blocks": [],
                "prefix_list_ids": [],
                "protocol": "tcp",
                "security_groups": [
                  "sg-02a3ca7cba0f9e05a"
                ],
                "self": false,
                "to_port": 5432
              }
            ],
            "name": "soi-db-security-group",
            "name_prefix": "",
            "owner_id": "923473058470",
            "revoke_rules_on_delete": false,
            "tags": null,
            "tags_all": {},
            "timeouts": null,
            "vpc_id": "vpc-03bdb9a5916b52215"
          },
          "sensitive_attributes": [],
          "private": "eyJlMmJmYjczMC1lY2FhLTExZTYtOGY4OC0zNDM2M2JjN2M0YzAiOnsiY3JlYXRlIjo2MDAwMDAwMDAwMDAsImRlbGV0ZSI6OTAwMDAwMDAwMDAwfSwic2NoZW1hX3ZlcnNpb24iOiIxIn0=",
          "dependencies": [
            "aws_security_group.API-Security-Group",
            "aws_vpc.tf_eb_vpc"
          ]
        }
      ]
    },
    {
      "mode": "managed",
      "type": "aws_subnet",
      "name": "tf_db_subnet",
      "provider": "provider[\"registry.terraform.io/hashicorp/aws\"]",
      "instances": [
        {
          "index_key": 0,
          "schema_version": 1,
          "attributes": {
            "arn": "arn:aws:ec2:eu-central-1:923473058470:subnet/subnet-0f22fca6c0dade3ad",
            "assign_ipv6_address_on_creation": false,
            "availability_zone": "eu-central-1a",
            "availability_zone_id": "euc1-az2",
            "cidr_block": "10.0.0.48/28",
            "customer_owned_ipv4_pool": "",
            "enable_dns64": false,
            "enable_resource_name_dns_a_record_on_launch": false,
            "enable_resource_name_dns_aaaa_record_on_launch": false,
            "id": "subnet-0f22fca6c0dade3ad",
            "ipv6_cidr_block": "",
            "ipv6_cidr_block_association_id": "",
            "ipv6_native": false,
            "map_customer_owned_ip_on_launch": false,
            "map_public_ip_on_launch": false,
            "outpost_arn": "",
            "owner_id": "923473058470",
            "private_dns_hostname_type_on_launch": "ip-name",
            "tags": null,
            "tags_all": {},
            "timeouts": null,
            "vpc_id": "vpc-03bdb9a5916b52215"
          },
          "sensitive_attributes": [],
          "private": "eyJlMmJmYjczMC1lY2FhLTExZTYtOGY4OC0zNDM2M2JjN2M0YzAiOnsiY3JlYXRlIjo2MDAwMDAwMDAwMDAsImRlbGV0ZSI6MTIwMDAwMDAwMDAwMH0sInNjaGVtYV92ZXJzaW9uIjoiMSJ9",
          "dependencies": [
            "aws_vpc.tf_eb_vpc"
          ]
        },
        {
          "index_key": 1,
          "schema_version": 1,
          "attributes": {
            "arn": "arn:aws:ec2:eu-central-1:923473058470:subnet/subnet-0e1131a18a51b80ff",
            "assign_ipv6_address_on_creation": false,
            "availability_zone": "eu-central-1b",
            "availability_zone_id": "euc1-az3",
            "cidr_block": "10.0.0.64/28",
            "customer_owned_ipv4_pool": "",
            "enable_dns64": false,
            "enable_resource_name_dns_a_record_on_launch": false,
            "enable_resource_name_dns_aaaa_record_on_launch": false,
            "id": "subnet-0e1131a18a51b80ff",
            "ipv6_cidr_block": "",
            "ipv6_cidr_block_association_id": "",
            "ipv6_native": false,
            "map_customer_owned_ip_on_launch": false,
            "map_public_ip_on_launch": false,
            "outpost_arn": "",
            "owner_id": "923473058470",
            "private_dns_hostname_type_on_launch": "ip-name",
            "tags": null,
            "tags_all": {},
            "timeouts": null,
            "vpc_id": "vpc-03bdb9a5916b52215"
          },
          "sensitive_attributes": [],
          "private": "eyJlMmJmYjczMC1lY2FhLTExZTYtOGY4OC0zNDM2M2JjN2M0YzAiOnsiY3JlYXRlIjo2MDAwMDAwMDAwMDAsImRlbGV0ZSI6MTIwMDAwMDAwMDAwMH0sInNjaGVtYV92ZXJzaW9uIjoiMSJ9",
          "dependencies": [
            "aws_vpc.tf_eb_vpc"
          ]
        },
        {
          "index_key": 2,
          "schema_version": 1,
          "attributes": {
            "arn": "arn:aws:ec2:eu-central-1:923473058470:subnet/subnet-031300c45a4e36fad",
            "assign_ipv6_address_on_creation": false,
            "availability_zone": "eu-central-1c",
            "availability_zone_id": "euc1-az1",
            "cidr_block": "10.0.0.80/28",
            "customer_owned_ipv4_pool": "",
            "enable_dns64": false,
            "enable_resource_name_dns_a_record_on_launch": false,
            "enable_resource_name_dns_aaaa_record_on_launch": false,
            "id": "subnet-031300c45a4e36fad",
            "ipv6_cidr_block": "",
            "ipv6_cidr_block_association_id": "",
            "ipv6_native": false,
            "map_customer_owned_ip_on_launch": false,
            "map_public_ip_on_launch": false,
            "outpost_arn": "",
            "owner_id": "923473058470",
            "private_dns_hostname_type_on_launch": "ip-name",
            "tags": null,
            "tags_all": {},
            "timeouts": null,
            "vpc_id": "vpc-03bdb9a5916b52215"
          },
          "sensitive_attributes": [],
          "private": "eyJlMmJmYjczMC1lY2FhLTExZTYtOGY4OC0zNDM2M2JjN2M0YzAiOnsiY3JlYXRlIjo2MDAwMDAwMDAwMDAsImRlbGV0ZSI6MTIwMDAwMDAwMDAwMH0sInNjaGVtYV92ZXJzaW9uIjoiMSJ9",
          "dependencies": [
            "aws_vpc.tf_eb_vpc"
          ]
        }
      ]
    },
    {
      "mode": "managed",
      "type": "aws_subnet",
      "name": "web_pri_subnet",
      "provider": "provider[\"registry.terraform.io/hashicorp/aws\"]",
      "instances": [
        {
          "index_key": 0,
          "schema_version": 1,
          "attributes": {
            "arn": "arn:aws:ec2:eu-central-1:923473058470:subnet/subnet-022f580a9302afc7c",
            "assign_ipv6_address_on_creation": false,
            "availability_zone": "eu-central-1a",
            "availability_zone_id": "euc1-az2",
            "cidr_block": "10.0.0.144/28",
            "customer_owned_ipv4_pool": "",
            "enable_dns64": false,
            "enable_resource_name_dns_a_record_on_launch": false,
            "enable_resource_name_dns_aaaa_record_on_launch": false,
            "id": "subnet-022f580a9302afc7c",
            "ipv6_cidr_block": "",
            "ipv6_cidr_block_association_id": "",
            "ipv6_native": false,
            "map_customer_owned_ip_on_launch": false,
            "map_public_ip_on_launch": false,
            "outpost_arn": "",
            "owner_id": "923473058470",
            "private_dns_hostname_type_on_launch": "ip-name",
            "tags": {
              "Name": "soi-web-pri-subnet-eu-central-1a",
              "Network": "NAT",
              "SubnetType": "private"
            },
            "tags_all": {
              "Name": "soi-web-pri-subnet-eu-central-1a",
              "Network": "NAT",
              "SubnetType": "private"
            },
            "timeouts": null,
            "vpc_id": "vpc-03bdb9a5916b52215"
          },
          "sensitive_attributes": [],
          "private": "eyJlMmJmYjczMC1lY2FhLTExZTYtOGY4OC0zNDM2M2JjN2M0YzAiOnsiY3JlYXRlIjo2MDAwMDAwMDAwMDAsImRlbGV0ZSI6MTIwMDAwMDAwMDAwMH0sInNjaGVtYV92ZXJzaW9uIjoiMSJ9",
          "dependencies": [
            "aws_vpc.tf_eb_vpc"
          ],
          "create_before_destroy": true
        },
        {
          "index_key": 1,
          "schema_version": 1,
          "attributes": {
            "arn": "arn:aws:ec2:eu-central-1:923473058470:subnet/subnet-05319496d48b4adda",
            "assign_ipv6_address_on_creation": false,
            "availability_zone": "eu-central-1b",
            "availability_zone_id": "euc1-az3",
            "cidr_block": "10.0.0.160/28",
            "customer_owned_ipv4_pool": "",
            "enable_dns64": false,
            "enable_resource_name_dns_a_record_on_launch": false,
            "enable_resource_name_dns_aaaa_record_on_launch": false,
            "id": "subnet-05319496d48b4adda",
            "ipv6_cidr_block": "",
            "ipv6_cidr_block_association_id": "",
            "ipv6_native": false,
            "map_customer_owned_ip_on_launch": false,
            "map_public_ip_on_launch": false,
            "outpost_arn": "",
            "owner_id": "923473058470",
            "private_dns_hostname_type_on_launch": "ip-name",
            "tags": {
              "Name": "soi-web-pri-subnet-eu-central-1b",
              "Network": "NAT",
              "SubnetType": "private"
            },
            "tags_all": {
              "Name": "soi-web-pri-subnet-eu-central-1b",
              "Network": "NAT",
              "SubnetType": "private"
            },
            "timeouts": null,
            "vpc_id": "vpc-03bdb9a5916b52215"
          },
          "sensitive_attributes": [],
          "private": "eyJlMmJmYjczMC1lY2FhLTExZTYtOGY4OC0zNDM2M2JjN2M0YzAiOnsiY3JlYXRlIjo2MDAwMDAwMDAwMDAsImRlbGV0ZSI6MTIwMDAwMDAwMDAwMH0sInNjaGVtYV92ZXJzaW9uIjoiMSJ9",
          "dependencies": [
            "aws_vpc.tf_eb_vpc"
          ],
          "create_before_destroy": true
        },
        {
          "index_key": 2,
          "schema_version": 1,
          "attributes": {
            "arn": "arn:aws:ec2:eu-central-1:923473058470:subnet/subnet-062c37842892c7583",
            "assign_ipv6_address_on_creation": false,
            "availability_zone": "eu-central-1c",
            "availability_zone_id": "euc1-az1",
            "cidr_block": "10.0.0.176/28",
            "customer_owned_ipv4_pool": "",
            "enable_dns64": false,
            "enable_resource_name_dns_a_record_on_launch": false,
            "enable_resource_name_dns_aaaa_record_on_launch": false,
            "id": "subnet-062c37842892c7583",
            "ipv6_cidr_block": "",
            "ipv6_cidr_block_association_id": "",
            "ipv6_native": false,
            "map_customer_owned_ip_on_launch": false,
            "map_public_ip_on_launch": false,
            "outpost_arn": "",
            "owner_id": "923473058470",
            "private_dns_hostname_type_on_launch": "ip-name",
            "tags": {
              "Name": "soi-web-pri-subnet-eu-central-1c",
              "Network": "NAT",
              "SubnetType": "private"
            },
            "tags_all": {
              "Name": "soi-web-pri-subnet-eu-central-1c",
              "Network": "NAT",
              "SubnetType": "private"
            },
            "timeouts": null,
            "vpc_id": "vpc-03bdb9a5916b52215"
          },
          "sensitive_attributes": [],
          "private": "eyJlMmJmYjczMC1lY2FhLTExZTYtOGY4OC0zNDM2M2JjN2M0YzAiOnsiY3JlYXRlIjo2MDAwMDAwMDAwMDAsImRlbGV0ZSI6MTIwMDAwMDAwMDAwMH0sInNjaGVtYV92ZXJzaW9uIjoiMSJ9",
          "dependencies": [
            "aws_vpc.tf_eb_vpc"
          ],
          "create_before_destroy": true
        }
      ]
    },
    {
      "mode": "managed",
      "type": "aws_subnet",
      "name": "web_pub_subnet",
      "provider": "provider[\"registry.terraform.io/hashicorp/aws\"]",
      "instances": [
        {
          "index_key": 0,
          "schema_version": 1,
          "attributes": {
            "arn": "arn:aws:ec2:eu-central-1:923473058470:subnet/subnet-05d9cad9a0ebae2c7",
            "assign_ipv6_address_on_creation": false,
            "availability_zone": "eu-central-1a",
            "availability_zone_id": "euc1-az2",
            "cidr_block": "10.0.0.96/28",
            "customer_owned_ipv4_pool": "",
            "enable_dns64": false,
            "enable_resource_name_dns_a_record_on_launch": false,
            "enable_resource_name_dns_aaaa_record_on_launch": false,
            "id": "subnet-05d9cad9a0ebae2c7",
            "ipv6_cidr_block": "",
            "ipv6_cidr_block_association_id": "",
            "ipv6_native": false,
            "map_customer_owned_ip_on_launch": false,
            "map_public_ip_on_launch": true,
            "outpost_arn": "",
            "owner_id": "923473058470",
            "private_dns_hostname_type_on_launch": "ip-name",
            "tags": {
              "Name": "soi-web-pub-subnet-eu-central-1a",
              "SubnetType": "public"
            },
            "tags_all": {
              "Name": "soi-web-pub-subnet-eu-central-1a",
              "SubnetType": "public"
            },
            "timeouts": null,
            "vpc_id": "vpc-03bdb9a5916b52215"
          },
          "sensitive_attributes": [],
          "private": "eyJlMmJmYjczMC1lY2FhLTExZTYtOGY4OC0zNDM2M2JjN2M0YzAiOnsiY3JlYXRlIjo2MDAwMDAwMDAwMDAsImRlbGV0ZSI6MTIwMDAwMDAwMDAwMH0sInNjaGVtYV92ZXJzaW9uIjoiMSJ9",
          "dependencies": [
            "aws_vpc.tf_eb_vpc"
          ],
          "create_before_destroy": true
        },
        {
          "index_key": 1,
          "schema_version": 1,
          "attributes": {
            "arn": "arn:aws:ec2:eu-central-1:923473058470:subnet/subnet-081c8b187190dda23",
            "assign_ipv6_address_on_creation": false,
            "availability_zone": "eu-central-1b",
            "availability_zone_id": "euc1-az3",
            "cidr_block": "10.0.0.112/28",
            "customer_owned_ipv4_pool": "",
            "enable_dns64": false,
            "enable_resource_name_dns_a_record_on_launch": false,
            "enable_resource_name_dns_aaaa_record_on_launch": false,
            "id": "subnet-081c8b187190dda23",
            "ipv6_cidr_block": "",
            "ipv6_cidr_block_association_id": "",
            "ipv6_native": false,
            "map_customer_owned_ip_on_launch": false,
            "map_public_ip_on_launch": true,
            "outpost_arn": "",
            "owner_id": "923473058470",
            "private_dns_hostname_type_on_launch": "ip-name",
            "tags": {
              "Name": "soi-web-pub-subnet-eu-central-1b",
              "SubnetType": "public"
            },
            "tags_all": {
              "Name": "soi-web-pub-subnet-eu-central-1b",
              "SubnetType": "public"
            },
            "timeouts": null,
            "vpc_id": "vpc-03bdb9a5916b52215"
          },
          "sensitive_attributes": [],
          "private": "eyJlMmJmYjczMC1lY2FhLTExZTYtOGY4OC0zNDM2M2JjN2M0YzAiOnsiY3JlYXRlIjo2MDAwMDAwMDAwMDAsImRlbGV0ZSI6MTIwMDAwMDAwMDAwMH0sInNjaGVtYV92ZXJzaW9uIjoiMSJ9",
          "dependencies": [
            "aws_vpc.tf_eb_vpc"
          ],
          "create_before_destroy": true
        },
        {
          "index_key": 2,
          "schema_version": 1,
          "attributes": {
            "arn": "arn:aws:ec2:eu-central-1:923473058470:subnet/subnet-049e14dbdc945a33f",
            "assign_ipv6_address_on_creation": false,
            "availability_zone": "eu-central-1c",
            "availability_zone_id": "euc1-az1",
            "cidr_block": "10.0.0.128/28",
            "customer_owned_ipv4_pool": "",
            "enable_dns64": false,
            "enable_resource_name_dns_a_record_on_launch": false,
            "enable_resource_name_dns_aaaa_record_on_launch": false,
            "id": "subnet-049e14dbdc945a33f",
            "ipv6_cidr_block": "",
            "ipv6_cidr_block_association_id": "",
            "ipv6_native": false,
            "map_customer_owned_ip_on_launch": false,
            "map_public_ip_on_launch": true,
            "outpost_arn": "",
            "owner_id": "923473058470",
            "private_dns_hostname_type_on_launch": "ip-name",
            "tags": {
              "Name": "soi-web-pub-subnet-eu-central-1c",
              "SubnetType": "public"
            },
            "tags_all": {
              "Name": "soi-web-pub-subnet-eu-central-1c",
              "SubnetType": "public"
            },
            "timeouts": null,
            "vpc_id": "vpc-03bdb9a5916b52215"
          },
          "sensitive_attributes": [],
          "private": "eyJlMmJmYjczMC1lY2FhLTExZTYtOGY4OC0zNDM2M2JjN2M0YzAiOnsiY3JlYXRlIjo2MDAwMDAwMDAwMDAsImRlbGV0ZSI6MTIwMDAwMDAwMDAwMH0sInNjaGVtYV92ZXJzaW9uIjoiMSJ9",
          "dependencies": [
            "aws_vpc.tf_eb_vpc"
          ],
          "create_before_destroy": true
        }
      ]
    },
    {
      "mode": "managed",
      "type": "aws_vpc",
      "name": "tf_eb_vpc",
      "provider": "provider[\"registry.terraform.io/hashicorp/aws\"]",
      "instances": [
        {
          "schema_version": 1,
          "attributes": {
            "arn": "arn:aws:ec2:eu-central-1:923473058470:vpc/vpc-03bdb9a5916b52215",
            "assign_generated_ipv6_cidr_block": false,
            "cidr_block": "10.0.0.0/24",
            "default_network_acl_id": "acl-0193fb1202f7d8c95",
            "default_route_table_id": "rtb-0b3936e72d9b1f016",
            "default_security_group_id": "sg-01b0368b0beb5a2fe",
            "dhcp_options_id": "dopt-2a41c440",
            "enable_classiclink": false,
            "enable_classiclink_dns_support": false,
            "enable_dns_hostnames": true,
            "enable_dns_support": true,
            "id": "vpc-03bdb9a5916b52215",
            "instance_tenancy": "default",
            "ipv4_ipam_pool_id": null,
            "ipv4_netmask_length": null,
            "ipv6_association_id": "",
            "ipv6_cidr_block": "",
            "ipv6_cidr_block_network_border_group": "",
            "ipv6_ipam_pool_id": "",
            "ipv6_netmask_length": 0,
            "main_route_table_id": "rtb-0b3936e72d9b1f016",
            "owner_id": "923473058470",
            "tags": {
              "Name": "soi-main-vpc"
            },
            "tags_all": {
              "Name": "soi-main-vpc"
            }
          },
          "sensitive_attributes": [],
          "private": "eyJzY2hlbWFfdmVyc2lvbiI6IjEifQ==",
          "create_before_destroy": true
        }
      ]
    }
  ]
}
