# THIS IS AN AUTOGENERATED FILE. DO NOT EDIT THIS FILE DIRECTLY.
# yarn lockfile v1


"@types/hapi__joi@^17.1.8":
  version "17.1.8"
  resolved "https://registry.yarnpkg.com/@types/hapi__joi/-/hapi__joi-17.1.8.tgz#78b3d22c4c9e62709894abd8c664508051f29e6b"
  integrity sha512-omVytnOAiAfzGUOQArujJr3heWxPrDHW7MF1ieqix1ngoGdhtJmSSDFVM+ZAOa7UmhlGJtltdgUAT03mfDu6kg==
