# THIS IS AN AUTOGENERATED FILE. DO NOT EDIT THIS FILE DIRECTLY.
# yarn lockfile v1


logrocket@^3.0.1:
  version "3.0.1"
  resolved "https://registry.yarnpkg.com/logrocket/-/logrocket-3.0.1.tgz#c746e8df3d5fee999b152975e51db1908357a6f0"
  integrity sha512-jOWG+jEzobKVxGytzZ+4KGm2kiMQMRTHab2uDWQyVZcHfEF38BlCH1yjQVY4LCmuQUwZitP9biMzJZnyUQ0dtQ==
